
Microsoft Visual Studio Solution File, Format Version 11.00
# Visual Studio 2010
Project("{2150E333-8FDC-42A3-9474-1A3956D46DE8}") = "DevTools", "DevTools", "{8A5780A7-80BC-4125-A1DB-0B40793917BD}"
EndProject
Project("{FAE04EC0-301F-11D3-BF4B-00C04F79EFBC}") = "CustomToolDomGen.vs2010", "..\DevTools\CustomToolDomGen\CustomToolDomGen.vs2010.csproj", "{A3F98805-75BF-42A0-8799-76A749098D4A}"
EndProject
Project("{FAE04EC0-301F-11D3-BF4B-00C04F79EFBC}") = "DomGen.vs2010", "..\DevTools\DomGen\DomGen.vs2010.csproj", "{FE3CA2EA-2F56-49A5-AD02-E5DEC8694457}"
EndProject
Project("{2150E333-8FDC-42A3-9474-1A3956D46DE8}") = "Framework", "Framework", "{C01EFFDE-1673-4ECC-A638-532710C4C509}"
EndProject
Project("{FAE04EC0-301F-11D3-BF4B-00C04F79EFBC}") = "Atf.Atgi.vs2010", "..\Framework\Atf.Atgi\Atf.Atgi.vs2010.csproj", "{D1FA9A85-9359-4725-A50F-8A67A77D700C}"
EndProject
Project("{FAE04EC0-301F-11D3-BF4B-00C04F79EFBC}") = "Atf.Core.vs2010", "..\Framework\Atf.Core\Atf.Core.vs2010.csproj", "{9D1835B6-D1C2-44BA-BAE1-05C6EC442D2F}"
EndProject
Project("{FAE04EC0-301F-11D3-BF4B-00C04F79EFBC}") = "Atf.Gui.OpenGL.vs2010", "..\Framework\Atf.Gui.OpenGL\Atf.Gui.OpenGL.vs2010.csproj", "{52D35323-1AA1-4205-A1B0-26C5E5E8D543}"
EndProject
Project("{FAE04EC0-301F-11D3-BF4B-00C04F79EFBC}") = "Atf.Gui.vs2010", "..\Framework\Atf.Gui\Atf.Gui.vs2010.csproj", "{4765C2A7-F989-40DB-BC12-FCD67025B93F}"
EndProject
Project("{FAE04EC0-301F-11D3-BF4B-00C04F79EFBC}") = "Atf.Gui.WinForms.vs2010", "..\Framework\Atf.Gui.WinForms\Atf.Gui.WinForms.vs2010.csproj", "{7C36A258-9102-420D-B80A-5EB5717644B6}"
EndProject
Project("{FAE04EC0-301F-11D3-BF4B-00C04F79EFBC}") = "Atf.Gui.Wpf.vs2010", "..\Framework\Atf.Gui.Wpf\Atf.Gui.Wpf.vs2010.csproj", "{050FC659-553F-4911-A609-5BA1BE4EDBF8}"
EndProject
Project("{FAE04EC0-301F-11D3-BF4B-00C04F79EFBC}") = "Atf.IronPython.vs2010", "..\Framework\Atf.IronPython\Atf.IronPython.vs2010.csproj", "{7F794C24-7A8D-4D21-B443-F03509669F89}"
EndProject
Project("{FAE04EC0-301F-11D3-BF4B-00C04F79EFBC}") = "Atf.Perforce.vs2010", "..\Framework\Atf.Perforce\Atf.Perforce.vs2010.csproj", "{C7A306E0-32AE-4053-8882-E1A1E702C139}"
EndProject
Project("{FAE04EC0-301F-11D3-BF4B-00C04F79EFBC}") = "Atf.SyntaxEditorControl.vs2010", "..\Framework\Atf.SyntaxEditorControl\Atf.SyntaxEditorControl.vs2010.csproj", "{D1A78912-9AD2-4555-8560-B251A4D751DC}"
EndProject
Project("{2150E333-8FDC-42A3-9474-1A3956D46DE8}") = "Samples", "Samples", "{9677326D-3B27-4FDC-88D8-79706C323652}"
EndProject
Project("{FAE04EC0-301F-11D3-BF4B-00C04F79EFBC}") = "CircuitEditor.vs2010", "..\Samples\CircuitEditor\CircuitEditor.vs2010.csproj", "{357ACD8B-7AB5-4B52-A3E6-6C50B74D3D41}"
EndProject
Project("{FAE04EC0-301F-11D3-BF4B-00C04F79EFBC}") = "CodeEditor.vs2010", "..\Samples\CodeEditor\CodeEditor.vs2010.csproj", "{1D002C9F-0F1B-4D4C-9A83-B876895F7B30}"
EndProject
Project("{FAE04EC0-301F-11D3-BF4B-00C04F79EFBC}") = "DiagramEditor.vs2010", "..\Samples\DiagramEditor\DiagramEditor.vs2010.csproj", "{14988238-5F56-4D6D-83BE-41A2B0A24E2B}"
EndProject
Project("{FAE04EC0-301F-11D3-BF4B-00C04F79EFBC}") = "DomTreeEditor.vs2010", "..\Samples\DomTreeEditor\DomTreeEditor.vs2010.csproj", "{91425A90-B0FD-4AE6-9B20-C83BB3E20FBF}"
EndProject
Project("{FAE04EC0-301F-11D3-BF4B-00C04F79EFBC}") = "FileExplorer.vs2010", "..\Samples\FileExplorer\FileExplorer.vs2010.csproj", "{8E848B2F-8E69-4558-AB56-1B58881B302B}"
EndProject
Project("{FAE04EC0-301F-11D3-BF4B-00C04F79EFBC}") = "FsmEditor.vs2010", "..\Samples\FsmEditor\FsmEditor.vs2010.csproj", "{2BAC39F7-E53F-488C-9F55-4BB35FAED8E2}"
EndProject
Project("{FAE04EC0-301F-11D3-BF4B-00C04F79EFBC}") = "SimpleDomEditor.vs2010", "..\Samples\SimpleDomEditor\SimpleDomEditor.vs2010.csproj", "{323C6B4C-DCF6-49EB-8A74-3A18BE0B0DE7}"
EndProject
Project("{FAE04EC0-301F-11D3-BF4B-00C04F79EFBC}") = "SimpleDomNoXmlEditor.vs2010", "..\Samples\SimpleDomNoXmlEditor\SimpleDomNoXmlEditor.vs2010.csproj", "{A25D144E-AAA9-4F97-A854-F80939E0FF67}"
EndProject
Project("{FAE04EC0-301F-11D3-BF4B-00C04F79EFBC}") = "StatechartEditor.vs2010", "..\Samples\StatechartEditor\StatechartEditor.vs2010.csproj", "{F29D7B70-D0F1-4BDF-B44E-C17950642B77}"
EndProject
Project("{FAE04EC0-301F-11D3-BF4B-00C04F79EFBC}") = "TimelineEditor.vs2010", "..\Samples\TimelineEditor\TimelineEditor.vs2010.csproj", "{6A4A39F5-2015-47DB-A8E8-FF89F40DE2A0}"
EndProject
Project("{FAE04EC0-301F-11D3-BF4B-00C04F79EFBC}") = "TreeListEditor.vs2010", "..\Samples\TreeListEditor\TreeListEditor.vs2010.csproj", "{B11B678C-3BB9-4AC4-9C3D-EDEE20BDDE5E}"
EndProject
Project("{FAE04EC0-301F-11D3-BF4B-00C04F79EFBC}") = "UsingDirect2D.vs2010", "..\Samples\UsingDirect2D\UsingDirect2D.vs2010.csproj", "{59720785-D71E-4362-B840-F7EAF3553C1A}"
EndProject
Project("{FAE04EC0-301F-11D3-BF4B-00C04F79EFBC}") = "UsingDom.vs2010", "..\Samples\UsingDom\UsingDom.vs2010.csproj", "{46496036-2A7D-4AE0-950F-B7A963518C5C}"
EndProject
Project("{2150E333-8FDC-42A3-9474-1A3956D46DE8}") = "WinGui", "WinGui", "{D0038EDA-E81E-4592-9ED6-0D3C862133CD}"
EndProject
Project("{FAE04EC0-301F-11D3-BF4B-00C04F79EFBC}") = "WinFormsApp.vs2010", "..\Samples\WinGui\WinFormsApp\WinFormsApp.vs2010.csproj", "{CBF0F9BD-7F4D-4277-AE30-90AC4001EE87}"
EndProject
Project("{FAE04EC0-301F-11D3-BF4B-00C04F79EFBC}") = "WinGuiCommon.vs2010", "..\Samples\WinGui\WinGuiCommon\WinGuiCommon.vs2010.csproj", "{212D7DF2-B372-4F9F-AD8D-5E77A15DB41F}"
EndProject
Project("{FAE04EC0-301F-11D3-BF4B-00C04F79EFBC}") = "WpfApp.vs2010", "..\Samples\WinGui\WpfApp\WpfApp.vs2010.csproj", "{2007FD40-8A1D-4F4C-833F-8CCCA851B891}"
EndProject
Project("{2150E333-8FDC-42A3-9474-1A3956D46DE8}") = "Tests", "Tests", "{F70FC269-7DC1-4BF7-B73D-A40C67AEF24C}"
EndProject
Project("{FAE04EC0-301F-11D3-BF4B-00C04F79EFBC}") = "FunctionalTests.vs2010", "FunctionalTests\FunctionalTests.vs2010.csproj", "{76FF94DB-1AE8-436E-B38D-87BA3C0DE925}"
	ProjectSection(ProjectDependencies) = postProject
		{8E848B2F-8E69-4558-AB56-1B58881B302B} = {8E848B2F-8E69-4558-AB56-1B58881B302B}
		{46496036-2A7D-4AE0-950F-B7A963518C5C} = {46496036-2A7D-4AE0-950F-B7A963518C5C}
		{14988238-5F56-4D6D-83BE-41A2B0A24E2B} = {14988238-5F56-4D6D-83BE-41A2B0A24E2B}
		{2007FD40-8A1D-4F4C-833F-8CCCA851B891} = {2007FD40-8A1D-4F4C-833F-8CCCA851B891}
		{323C6B4C-DCF6-49EB-8A74-3A18BE0B0DE7} = {323C6B4C-DCF6-49EB-8A74-3A18BE0B0DE7}
		{A25D144E-AAA9-4F97-A854-F80939E0FF67} = {A25D144E-AAA9-4F97-A854-F80939E0FF67}
		{F29D7B70-D0F1-4BDF-B44E-C17950642B77} = {F29D7B70-D0F1-4BDF-B44E-C17950642B77}
		{357ACD8B-7AB5-4B52-A3E6-6C50B74D3D41} = {357ACD8B-7AB5-4B52-A3E6-6C50B74D3D41}
		{B11B678C-3BB9-4AC4-9C3D-EDEE20BDDE5E} = {B11B678C-3BB9-4AC4-9C3D-EDEE20BDDE5E}
		{91425A90-B0FD-4AE6-9B20-C83BB3E20FBF} = {91425A90-B0FD-4AE6-9B20-C83BB3E20FBF}
		{1D002C9F-0F1B-4D4C-9A83-B876895F7B30} = {1D002C9F-0F1B-4D4C-9A83-B876895F7B30}
		{CBF0F9BD-7F4D-4277-AE30-90AC4001EE87} = {CBF0F9BD-7F4D-4277-AE30-90AC4001EE87}
		{0C4B6CCA-7686-4428-BC51-29C32680ED28} = {0C4B6CCA-7686-4428-BC51-29C32680ED28}
		{6A4A39F5-2015-47DB-A8E8-FF89F40DE2A0} = {6A4A39F5-2015-47DB-A8E8-FF89F40DE2A0}
		{2BAC39F7-E53F-488C-9F55-4BB35FAED8E2} = {2BAC39F7-E53F-488C-9F55-4BB35FAED8E2}
	EndProjectSection
EndProject
Project("{FAE04EC0-301F-11D3-BF4B-00C04F79EFBC}") = "UnitTests.vs2010", "UnitTests\UnitTests.vs2010.csproj", "{0C4B6CCA-7686-4428-BC51-29C32680ED28}"
EndProject
Project("{FAE04EC0-301F-11D3-BF4B-00C04F79EFBC}") = "Atf.Collada.vs2010", "..\Framework\Atf.Collada\Atf.Collada.vs2010.csproj", "{6F80048B-E81F-4E06-9438-26C23487777C}"
EndProject
Project("{FAE04EC0-301F-11D3-BF4B-00C04F79EFBC}") = "TargetManager.vs2010", "..\Samples\TargetManager\TargetManager.vs2010.csproj", "{243D9A80-052A-41AA-AB95-6950A8A24AE9}"
EndProject
Project("{FAE04EC0-301F-11D3-BF4B-00C04F79EFBC}") = "ModelViewer.vs2010", "..\Samples\ModelViewer\ModelViewer.vs2010.csproj", "{07553179-5151-4429-B556-6730B2B131A2}"
EndProject
Project("{FAE04EC0-301F-11D3-BF4B-00C04F79EFBC}") = "DomPropertyEditor.vs2010", "..\Samples\DomPropertyEditor\DomPropertyEditor.vs2010.csproj", "{F8881840-456E-4B66-AD85-C2C5F7ED118E}"
EndProject
Global
	GlobalSection(SolutionConfigurationPlatforms) = preSolution
		Debug|Any CPU = Debug|Any CPU
		Debug|Mixed Platforms = Debug|Mixed Platforms
		Debug|x86 = Debug|x86
		Release|Any CPU = Release|Any CPU
		Release|Mixed Platforms = Release|Mixed Platforms
		Release|x86 = Release|x86
		Description = 
	EndGlobalSection
	GlobalSection(ProjectConfigurationPlatforms) = postSolution
		{A3F98805-75BF-42A0-8799-76A749098D4A}.Debug|Any CPU.ActiveCfg = Debug|Any CPU
		{A3F98805-75BF-42A0-8799-76A749098D4A}.Debug|Any CPU.Build.0 = Debug|Any CPU
		{A3F98805-75BF-42A0-8799-76A749098D4A}.Debug|Mixed Platforms.ActiveCfg = Debug|Any CPU
		{A3F98805-75BF-42A0-8799-76A749098D4A}.Debug|Mixed Platforms.Build.0 = Debug|Any CPU
		{A3F98805-75BF-42A0-8799-76A749098D4A}.Debug|x86.ActiveCfg = Debug|Any CPU
		{A3F98805-75BF-42A0-8799-76A749098D4A}.Debug|x86.Build.0 = Debug|Any CPU
		{A3F98805-75BF-42A0-8799-76A749098D4A}.Release|Any CPU.ActiveCfg = Release|Any CPU
		{A3F98805-75BF-42A0-8799-76A749098D4A}.Release|Any CPU.Build.0 = Release|Any CPU
		{A3F98805-75BF-42A0-8799-76A749098D4A}.Release|Mixed Platforms.ActiveCfg = Release|Any CPU
		{A3F98805-75BF-42A0-8799-76A749098D4A}.Release|Mixed Platforms.Build.0 = Release|Any CPU
		{A3F98805-75BF-42A0-8799-76A749098D4A}.Release|x86.ActiveCfg = Release|Any CPU
		{A3F98805-75BF-42A0-8799-76A749098D4A}.Release|x86.Build.0 = Release|Any CPU
		{FE3CA2EA-2F56-49A5-AD02-E5DEC8694457}.Debug|Any CPU.ActiveCfg = Debug|Any CPU
		{FE3CA2EA-2F56-49A5-AD02-E5DEC8694457}.Debug|Any CPU.Build.0 = Debug|Any CPU
		{FE3CA2EA-2F56-49A5-AD02-E5DEC8694457}.Debug|Mixed Platforms.ActiveCfg = Debug|Any CPU
		{FE3CA2EA-2F56-49A5-AD02-E5DEC8694457}.Debug|Mixed Platforms.Build.0 = Debug|Any CPU
		{FE3CA2EA-2F56-49A5-AD02-E5DEC8694457}.Debug|x86.ActiveCfg = Debug|Any CPU
		{FE3CA2EA-2F56-49A5-AD02-E5DEC8694457}.Debug|x86.Build.0 = Debug|Any CPU
		{FE3CA2EA-2F56-49A5-AD02-E5DEC8694457}.Release|Any CPU.ActiveCfg = Release|Any CPU
		{FE3CA2EA-2F56-49A5-AD02-E5DEC8694457}.Release|Any CPU.Build.0 = Release|Any CPU
		{FE3CA2EA-2F56-49A5-AD02-E5DEC8694457}.Release|Mixed Platforms.ActiveCfg = Release|Any CPU
		{FE3CA2EA-2F56-49A5-AD02-E5DEC8694457}.Release|Mixed Platforms.Build.0 = Release|Any CPU
		{FE3CA2EA-2F56-49A5-AD02-E5DEC8694457}.Release|x86.ActiveCfg = Release|Any CPU
		{FE3CA2EA-2F56-49A5-AD02-E5DEC8694457}.Release|x86.Build.0 = Release|Any CPU
		{D1FA9A85-9359-4725-A50F-8A67A77D700C}.Debug|Any CPU.ActiveCfg = Debug|Any CPU
		{D1FA9A85-9359-4725-A50F-8A67A77D700C}.Debug|Any CPU.Build.0 = Debug|Any CPU
		{D1FA9A85-9359-4725-A50F-8A67A77D700C}.Debug|Mixed Platforms.ActiveCfg = Debug|Any CPU
		{D1FA9A85-9359-4725-A50F-8A67A77D700C}.Debug|Mixed Platforms.Build.0 = Debug|Any CPU
		{D1FA9A85-9359-4725-A50F-8A67A77D700C}.Debug|x86.ActiveCfg = Debug|Any CPU
		{D1FA9A85-9359-4725-A50F-8A67A77D700C}.Debug|x86.Build.0 = Debug|Any CPU
		{D1FA9A85-9359-4725-A50F-8A67A77D700C}.Release|Any CPU.ActiveCfg = Release|Any CPU
		{D1FA9A85-9359-4725-A50F-8A67A77D700C}.Release|Any CPU.Build.0 = Release|Any CPU
		{D1FA9A85-9359-4725-A50F-8A67A77D700C}.Release|Mixed Platforms.ActiveCfg = Release|Any CPU
		{D1FA9A85-9359-4725-A50F-8A67A77D700C}.Release|Mixed Platforms.Build.0 = Release|Any CPU
		{D1FA9A85-9359-4725-A50F-8A67A77D700C}.Release|x86.ActiveCfg = Release|Any CPU
		{D1FA9A85-9359-4725-A50F-8A67A77D700C}.Release|x86.Build.0 = Release|Any CPU
		{9D1835B6-D1C2-44BA-BAE1-05C6EC442D2F}.Debug|Any CPU.ActiveCfg = Debug|Any CPU
		{9D1835B6-D1C2-44BA-BAE1-05C6EC442D2F}.Debug|Any CPU.Build.0 = Debug|Any CPU
		{9D1835B6-D1C2-44BA-BAE1-05C6EC442D2F}.Debug|Mixed Platforms.ActiveCfg = Debug|Any CPU
		{9D1835B6-D1C2-44BA-BAE1-05C6EC442D2F}.Debug|Mixed Platforms.Build.0 = Debug|Any CPU
		{9D1835B6-D1C2-44BA-BAE1-05C6EC442D2F}.Debug|x86.ActiveCfg = Debug|Any CPU
		{9D1835B6-D1C2-44BA-BAE1-05C6EC442D2F}.Debug|x86.Build.0 = Debug|Any CPU
		{9D1835B6-D1C2-44BA-BAE1-05C6EC442D2F}.Release|Any CPU.ActiveCfg = Release|Any CPU
		{9D1835B6-D1C2-44BA-BAE1-05C6EC442D2F}.Release|Any CPU.Build.0 = Release|Any CPU
		{9D1835B6-D1C2-44BA-BAE1-05C6EC442D2F}.Release|Mixed Platforms.ActiveCfg = Release|Any CPU
		{9D1835B6-D1C2-44BA-BAE1-05C6EC442D2F}.Release|Mixed Platforms.Build.0 = Release|Any CPU
		{9D1835B6-D1C2-44BA-BAE1-05C6EC442D2F}.Release|x86.ActiveCfg = Release|Any CPU
		{9D1835B6-D1C2-44BA-BAE1-05C6EC442D2F}.Release|x86.Build.0 = Release|Any CPU
		{52D35323-1AA1-4205-A1B0-26C5E5E8D543}.Debug|Any CPU.ActiveCfg = Debug|Any CPU
		{52D35323-1AA1-4205-A1B0-26C5E5E8D543}.Debug|Any CPU.Build.0 = Debug|Any CPU
		{52D35323-1AA1-4205-A1B0-26C5E5E8D543}.Debug|Mixed Platforms.ActiveCfg = Debug|Any CPU
		{52D35323-1AA1-4205-A1B0-26C5E5E8D543}.Debug|Mixed Platforms.Build.0 = Debug|Any CPU
		{52D35323-1AA1-4205-A1B0-26C5E5E8D543}.Debug|x86.ActiveCfg = Debug|Any CPU
		{52D35323-1AA1-4205-A1B0-26C5E5E8D543}.Debug|x86.Build.0 = Debug|Any CPU
		{52D35323-1AA1-4205-A1B0-26C5E5E8D543}.Release|Any CPU.ActiveCfg = Release|Any CPU
		{52D35323-1AA1-4205-A1B0-26C5E5E8D543}.Release|Any CPU.Build.0 = Release|Any CPU
		{52D35323-1AA1-4205-A1B0-26C5E5E8D543}.Release|Mixed Platforms.ActiveCfg = Release|Any CPU
		{52D35323-1AA1-4205-A1B0-26C5E5E8D543}.Release|Mixed Platforms.Build.0 = Release|Any CPU
		{52D35323-1AA1-4205-A1B0-26C5E5E8D543}.Release|x86.ActiveCfg = Release|Any CPU
		{52D35323-1AA1-4205-A1B0-26C5E5E8D543}.Release|x86.Build.0 = Release|Any CPU
		{4765C2A7-F989-40DB-BC12-FCD67025B93F}.Debug|Any CPU.ActiveCfg = Debug|Any CPU
		{4765C2A7-F989-40DB-BC12-FCD67025B93F}.Debug|Any CPU.Build.0 = Debug|Any CPU
		{4765C2A7-F989-40DB-BC12-FCD67025B93F}.Debug|Mixed Platforms.ActiveCfg = Debug|Any CPU
		{4765C2A7-F989-40DB-BC12-FCD67025B93F}.Debug|Mixed Platforms.Build.0 = Debug|Any CPU
		{4765C2A7-F989-40DB-BC12-FCD67025B93F}.Debug|x86.ActiveCfg = Debug|Any CPU
		{4765C2A7-F989-40DB-BC12-FCD67025B93F}.Debug|x86.Build.0 = Debug|Any CPU
		{4765C2A7-F989-40DB-BC12-FCD67025B93F}.Release|Any CPU.ActiveCfg = Release|Any CPU
		{4765C2A7-F989-40DB-BC12-FCD67025B93F}.Release|Any CPU.Build.0 = Release|Any CPU
		{4765C2A7-F989-40DB-BC12-FCD67025B93F}.Release|Mixed Platforms.ActiveCfg = Release|Any CPU
		{4765C2A7-F989-40DB-BC12-FCD67025B93F}.Release|Mixed Platforms.Build.0 = Release|Any CPU
		{4765C2A7-F989-40DB-BC12-FCD67025B93F}.Release|x86.ActiveCfg = Release|Any CPU
		{4765C2A7-F989-40DB-BC12-FCD67025B93F}.Release|x86.Build.0 = Release|Any CPU
		{7C36A258-9102-420D-B80A-5EB5717644B6}.Debug|Any CPU.ActiveCfg = Debug|Any CPU
		{7C36A258-9102-420D-B80A-5EB5717644B6}.Debug|Any CPU.Build.0 = Debug|Any CPU
		{7C36A258-9102-420D-B80A-5EB5717644B6}.Debug|Mixed Platforms.ActiveCfg = Debug|Any CPU
		{7C36A258-9102-420D-B80A-5EB5717644B6}.Debug|Mixed Platforms.Build.0 = Debug|Any CPU
		{7C36A258-9102-420D-B80A-5EB5717644B6}.Debug|x86.ActiveCfg = Debug|Any CPU
		{7C36A258-9102-420D-B80A-5EB5717644B6}.Debug|x86.Build.0 = Debug|Any CPU
		{7C36A258-9102-420D-B80A-5EB5717644B6}.Release|Any CPU.ActiveCfg = Release|Any CPU
		{7C36A258-9102-420D-B80A-5EB5717644B6}.Release|Any CPU.Build.0 = Release|Any CPU
		{7C36A258-9102-420D-B80A-5EB5717644B6}.Release|Mixed Platforms.ActiveCfg = Release|Any CPU
		{7C36A258-9102-420D-B80A-5EB5717644B6}.Release|Mixed Platforms.Build.0 = Release|Any CPU
		{7C36A258-9102-420D-B80A-5EB5717644B6}.Release|x86.ActiveCfg = Release|Any CPU
		{7C36A258-9102-420D-B80A-5EB5717644B6}.Release|x86.Build.0 = Release|Any CPU
		{050FC659-553F-4911-A609-5BA1BE4EDBF8}.Debug|Any CPU.ActiveCfg = Debug|Any CPU
		{050FC659-553F-4911-A609-5BA1BE4EDBF8}.Debug|Any CPU.Build.0 = Debug|Any CPU
		{050FC659-553F-4911-A609-5BA1BE4EDBF8}.Debug|Mixed Platforms.ActiveCfg = Debug|Any CPU
		{050FC659-553F-4911-A609-5BA1BE4EDBF8}.Debug|Mixed Platforms.Build.0 = Debug|Any CPU
		{050FC659-553F-4911-A609-5BA1BE4EDBF8}.Debug|x86.ActiveCfg = Debug|Any CPU
		{050FC659-553F-4911-A609-5BA1BE4EDBF8}.Debug|x86.Build.0 = Debug|Any CPU
		{050FC659-553F-4911-A609-5BA1BE4EDBF8}.Release|Any CPU.ActiveCfg = Release|Any CPU
		{050FC659-553F-4911-A609-5BA1BE4EDBF8}.Release|Any CPU.Build.0 = Release|Any CPU
		{050FC659-553F-4911-A609-5BA1BE4EDBF8}.Release|Mixed Platforms.ActiveCfg = Release|Any CPU
		{050FC659-553F-4911-A609-5BA1BE4EDBF8}.Release|Mixed Platforms.Build.0 = Release|Any CPU
		{050FC659-553F-4911-A609-5BA1BE4EDBF8}.Release|x86.ActiveCfg = Release|Any CPU
		{050FC659-553F-4911-A609-5BA1BE4EDBF8}.Release|x86.Build.0 = Release|Any CPU
		{7F794C24-7A8D-4D21-B443-F03509669F89}.Debug|Any CPU.ActiveCfg = Debug|Any CPU
		{7F794C24-7A8D-4D21-B443-F03509669F89}.Debug|Any CPU.Build.0 = Debug|Any CPU
		{7F794C24-7A8D-4D21-B443-F03509669F89}.Debug|Mixed Platforms.ActiveCfg = Debug|Any CPU
		{7F794C24-7A8D-4D21-B443-F03509669F89}.Debug|Mixed Platforms.Build.0 = Debug|Any CPU
		{7F794C24-7A8D-4D21-B443-F03509669F89}.Debug|x86.ActiveCfg = Debug|Any CPU
		{7F794C24-7A8D-4D21-B443-F03509669F89}.Debug|x86.Build.0 = Debug|Any CPU
		{7F794C24-7A8D-4D21-B443-F03509669F89}.Release|Any CPU.ActiveCfg = Release|Any CPU
		{7F794C24-7A8D-4D21-B443-F03509669F89}.Release|Any CPU.Build.0 = Release|Any CPU
		{7F794C24-7A8D-4D21-B443-F03509669F89}.Release|Mixed Platforms.ActiveCfg = Release|Any CPU
		{7F794C24-7A8D-4D21-B443-F03509669F89}.Release|Mixed Platforms.Build.0 = Release|Any CPU
		{7F794C24-7A8D-4D21-B443-F03509669F89}.Release|x86.ActiveCfg = Release|Any CPU
		{7F794C24-7A8D-4D21-B443-F03509669F89}.Release|x86.Build.0 = Release|Any CPU
		{C7A306E0-32AE-4053-8882-E1A1E702C139}.Debug|Any CPU.ActiveCfg = Debug|x86
		{C7A306E0-32AE-4053-8882-E1A1E702C139}.Debug|Any CPU.Build.0 = Debug|x86
		{C7A306E0-32AE-4053-8882-E1A1E702C139}.Debug|Mixed Platforms.ActiveCfg = Debug|x86
		{C7A306E0-32AE-4053-8882-E1A1E702C139}.Debug|Mixed Platforms.Build.0 = Debug|x86
		{C7A306E0-32AE-4053-8882-E1A1E702C139}.Debug|x86.ActiveCfg = Debug|x86
		{C7A306E0-32AE-4053-8882-E1A1E702C139}.Debug|x86.Build.0 = Debug|x86
		{C7A306E0-32AE-4053-8882-E1A1E702C139}.Release|Any CPU.ActiveCfg = Release|x86
		{C7A306E0-32AE-4053-8882-E1A1E702C139}.Release|Any CPU.Build.0 = Release|x86
		{C7A306E0-32AE-4053-8882-E1A1E702C139}.Release|Mixed Platforms.ActiveCfg = Release|x86
		{C7A306E0-32AE-4053-8882-E1A1E702C139}.Release|Mixed Platforms.Build.0 = Release|x86
		{C7A306E0-32AE-4053-8882-E1A1E702C139}.Release|x86.ActiveCfg = Release|x86
		{C7A306E0-32AE-4053-8882-E1A1E702C139}.Release|x86.Build.0 = Release|x86
		{D1A78912-9AD2-4555-8560-B251A4D751DC}.Debug|Any CPU.ActiveCfg = Debug|Any CPU
		{D1A78912-9AD2-4555-8560-B251A4D751DC}.Debug|Any CPU.Build.0 = Debug|Any CPU
		{D1A78912-9AD2-4555-8560-B251A4D751DC}.Debug|Mixed Platforms.ActiveCfg = Debug|Any CPU
		{D1A78912-9AD2-4555-8560-B251A4D751DC}.Debug|Mixed Platforms.Build.0 = Debug|Any CPU
		{D1A78912-9AD2-4555-8560-B251A4D751DC}.Debug|x86.ActiveCfg = Debug|Any CPU
		{D1A78912-9AD2-4555-8560-B251A4D751DC}.Debug|x86.Build.0 = Debug|Any CPU
		{D1A78912-9AD2-4555-8560-B251A4D751DC}.Release|Any CPU.ActiveCfg = Release|Any CPU
		{D1A78912-9AD2-4555-8560-B251A4D751DC}.Release|Any CPU.Build.0 = Release|Any CPU
		{D1A78912-9AD2-4555-8560-B251A4D751DC}.Release|Mixed Platforms.ActiveCfg = Release|Any CPU
		{D1A78912-9AD2-4555-8560-B251A4D751DC}.Release|Mixed Platforms.Build.0 = Release|Any CPU
		{D1A78912-9AD2-4555-8560-B251A4D751DC}.Release|x86.ActiveCfg = Release|Any CPU
		{D1A78912-9AD2-4555-8560-B251A4D751DC}.Release|x86.Build.0 = Release|Any CPU
		{357ACD8B-7AB5-4B52-A3E6-6C50B74D3D41}.Debug|Any CPU.ActiveCfg = Debug|Any CPU
		{357ACD8B-7AB5-4B52-A3E6-6C50B74D3D41}.Debug|Any CPU.Build.0 = Debug|Any CPU
		{357ACD8B-7AB5-4B52-A3E6-6C50B74D3D41}.Debug|Mixed Platforms.ActiveCfg = Debug|Any CPU
		{357ACD8B-7AB5-4B52-A3E6-6C50B74D3D41}.Debug|Mixed Platforms.Build.0 = Debug|Any CPU
		{357ACD8B-7AB5-4B52-A3E6-6C50B74D3D41}.Debug|x86.ActiveCfg = Debug|Any CPU
		{357ACD8B-7AB5-4B52-A3E6-6C50B74D3D41}.Debug|x86.Build.0 = Debug|Any CPU
		{357ACD8B-7AB5-4B52-A3E6-6C50B74D3D41}.Release|Any CPU.ActiveCfg = Release|Any CPU
		{357ACD8B-7AB5-4B52-A3E6-6C50B74D3D41}.Release|Any CPU.Build.0 = Release|Any CPU
		{357ACD8B-7AB5-4B52-A3E6-6C50B74D3D41}.Release|Mixed Platforms.ActiveCfg = Release|Any CPU
		{357ACD8B-7AB5-4B52-A3E6-6C50B74D3D41}.Release|Mixed Platforms.Build.0 = Release|Any CPU
		{357ACD8B-7AB5-4B52-A3E6-6C50B74D3D41}.Release|x86.ActiveCfg = Release|Any CPU
		{357ACD8B-7AB5-4B52-A3E6-6C50B74D3D41}.Release|x86.Build.0 = Release|Any CPU
		{1D002C9F-0F1B-4D4C-9A83-B876895F7B30}.Debug|Any CPU.ActiveCfg = Debug|Any CPU
		{1D002C9F-0F1B-4D4C-9A83-B876895F7B30}.Debug|Any CPU.Build.0 = Debug|Any CPU
		{1D002C9F-0F1B-4D4C-9A83-B876895F7B30}.Debug|Mixed Platforms.ActiveCfg = Debug|Any CPU
		{1D002C9F-0F1B-4D4C-9A83-B876895F7B30}.Debug|Mixed Platforms.Build.0 = Debug|Any CPU
		{1D002C9F-0F1B-4D4C-9A83-B876895F7B30}.Debug|x86.ActiveCfg = Debug|Any CPU
		{1D002C9F-0F1B-4D4C-9A83-B876895F7B30}.Debug|x86.Build.0 = Debug|Any CPU
		{1D002C9F-0F1B-4D4C-9A83-B876895F7B30}.Release|Any CPU.ActiveCfg = Release|Any CPU
		{1D002C9F-0F1B-4D4C-9A83-B876895F7B30}.Release|Any CPU.Build.0 = Release|Any CPU
		{1D002C9F-0F1B-4D4C-9A83-B876895F7B30}.Release|Mixed Platforms.ActiveCfg = Release|Any CPU
		{1D002C9F-0F1B-4D4C-9A83-B876895F7B30}.Release|Mixed Platforms.Build.0 = Release|Any CPU
		{1D002C9F-0F1B-4D4C-9A83-B876895F7B30}.Release|x86.ActiveCfg = Release|Any CPU
		{1D002C9F-0F1B-4D4C-9A83-B876895F7B30}.Release|x86.Build.0 = Release|Any CPU
		{14988238-5F56-4D6D-83BE-41A2B0A24E2B}.Debug|Any CPU.ActiveCfg = Debug|Any CPU
		{14988238-5F56-4D6D-83BE-41A2B0A24E2B}.Debug|Any CPU.Build.0 = Debug|Any CPU
		{14988238-5F56-4D6D-83BE-41A2B0A24E2B}.Debug|Mixed Platforms.ActiveCfg = Debug|Any CPU
		{14988238-5F56-4D6D-83BE-41A2B0A24E2B}.Debug|Mixed Platforms.Build.0 = Debug|Any CPU
		{14988238-5F56-4D6D-83BE-41A2B0A24E2B}.Debug|x86.ActiveCfg = Debug|Any CPU
		{14988238-5F56-4D6D-83BE-41A2B0A24E2B}.Debug|x86.Build.0 = Debug|Any CPU
		{14988238-5F56-4D6D-83BE-41A2B0A24E2B}.Release|Any CPU.ActiveCfg = Release|Any CPU
		{14988238-5F56-4D6D-83BE-41A2B0A24E2B}.Release|Any CPU.Build.0 = Release|Any CPU
		{14988238-5F56-4D6D-83BE-41A2B0A24E2B}.Release|Mixed Platforms.ActiveCfg = Release|Any CPU
		{14988238-5F56-4D6D-83BE-41A2B0A24E2B}.Release|Mixed Platforms.Build.0 = Release|Any CPU
		{14988238-5F56-4D6D-83BE-41A2B0A24E2B}.Release|x86.ActiveCfg = Release|Any CPU
		{14988238-5F56-4D6D-83BE-41A2B0A24E2B}.Release|x86.Build.0 = Release|Any CPU
		{91425A90-B0FD-4AE6-9B20-C83BB3E20FBF}.Debug|Any CPU.ActiveCfg = Debug|Any CPU
		{91425A90-B0FD-4AE6-9B20-C83BB3E20FBF}.Debug|Any CPU.Build.0 = Debug|Any CPU
		{91425A90-B0FD-4AE6-9B20-C83BB3E20FBF}.Debug|Mixed Platforms.ActiveCfg = Debug|Any CPU
		{91425A90-B0FD-4AE6-9B20-C83BB3E20FBF}.Debug|Mixed Platforms.Build.0 = Debug|Any CPU
		{91425A90-B0FD-4AE6-9B20-C83BB3E20FBF}.Debug|x86.ActiveCfg = Debug|Any CPU
		{91425A90-B0FD-4AE6-9B20-C83BB3E20FBF}.Debug|x86.Build.0 = Debug|Any CPU
		{91425A90-B0FD-4AE6-9B20-C83BB3E20FBF}.Release|Any CPU.ActiveCfg = Release|Any CPU
		{91425A90-B0FD-4AE6-9B20-C83BB3E20FBF}.Release|Any CPU.Build.0 = Release|Any CPU
		{91425A90-B0FD-4AE6-9B20-C83BB3E20FBF}.Release|Mixed Platforms.ActiveCfg = Release|Any CPU
		{91425A90-B0FD-4AE6-9B20-C83BB3E20FBF}.Release|Mixed Platforms.Build.0 = Release|Any CPU
		{91425A90-B0FD-4AE6-9B20-C83BB3E20FBF}.Release|x86.ActiveCfg = Release|Any CPU
		{91425A90-B0FD-4AE6-9B20-C83BB3E20FBF}.Release|x86.Build.0 = Release|Any CPU
		{8E848B2F-8E69-4558-AB56-1B58881B302B}.Debug|Any CPU.ActiveCfg = Debug|Any CPU
		{8E848B2F-8E69-4558-AB56-1B58881B302B}.Debug|Any CPU.Build.0 = Debug|Any CPU
		{8E848B2F-8E69-4558-AB56-1B58881B302B}.Debug|Mixed Platforms.ActiveCfg = Debug|Any CPU
		{8E848B2F-8E69-4558-AB56-1B58881B302B}.Debug|Mixed Platforms.Build.0 = Debug|Any CPU
		{8E848B2F-8E69-4558-AB56-1B58881B302B}.Debug|x86.ActiveCfg = Debug|Any CPU
		{8E848B2F-8E69-4558-AB56-1B58881B302B}.Debug|x86.Build.0 = Debug|Any CPU
		{8E848B2F-8E69-4558-AB56-1B58881B302B}.Release|Any CPU.ActiveCfg = Release|Any CPU
		{8E848B2F-8E69-4558-AB56-1B58881B302B}.Release|Any CPU.Build.0 = Release|Any CPU
		{8E848B2F-8E69-4558-AB56-1B58881B302B}.Release|Mixed Platforms.ActiveCfg = Release|Any CPU
		{8E848B2F-8E69-4558-AB56-1B58881B302B}.Release|Mixed Platforms.Build.0 = Release|Any CPU
		{8E848B2F-8E69-4558-AB56-1B58881B302B}.Release|x86.ActiveCfg = Release|Any CPU
		{8E848B2F-8E69-4558-AB56-1B58881B302B}.Release|x86.Build.0 = Release|Any CPU
		{2BAC39F7-E53F-488C-9F55-4BB35FAED8E2}.Debug|Any CPU.ActiveCfg = Debug|Any CPU
		{2BAC39F7-E53F-488C-9F55-4BB35FAED8E2}.Debug|Any CPU.Build.0 = Debug|Any CPU
		{2BAC39F7-E53F-488C-9F55-4BB35FAED8E2}.Debug|Mixed Platforms.ActiveCfg = Debug|Any CPU
		{2BAC39F7-E53F-488C-9F55-4BB35FAED8E2}.Debug|Mixed Platforms.Build.0 = Debug|Any CPU
		{2BAC39F7-E53F-488C-9F55-4BB35FAED8E2}.Debug|x86.ActiveCfg = Debug|Any CPU
		{2BAC39F7-E53F-488C-9F55-4BB35FAED8E2}.Debug|x86.Build.0 = Debug|Any CPU
		{2BAC39F7-E53F-488C-9F55-4BB35FAED8E2}.Release|Any CPU.ActiveCfg = Release|Any CPU
		{2BAC39F7-E53F-488C-9F55-4BB35FAED8E2}.Release|Any CPU.Build.0 = Release|Any CPU
		{2BAC39F7-E53F-488C-9F55-4BB35FAED8E2}.Release|Mixed Platforms.ActiveCfg = Release|Any CPU
		{2BAC39F7-E53F-488C-9F55-4BB35FAED8E2}.Release|Mixed Platforms.Build.0 = Release|Any CPU
		{2BAC39F7-E53F-488C-9F55-4BB35FAED8E2}.Release|x86.ActiveCfg = Release|Any CPU
		{2BAC39F7-E53F-488C-9F55-4BB35FAED8E2}.Release|x86.Build.0 = Release|Any CPU
		{323C6B4C-DCF6-49EB-8A74-3A18BE0B0DE7}.Debug|Any CPU.ActiveCfg = Debug|Any CPU
		{323C6B4C-DCF6-49EB-8A74-3A18BE0B0DE7}.Debug|Any CPU.Build.0 = Debug|Any CPU
		{323C6B4C-DCF6-49EB-8A74-3A18BE0B0DE7}.Debug|Mixed Platforms.ActiveCfg = Debug|Any CPU
		{323C6B4C-DCF6-49EB-8A74-3A18BE0B0DE7}.Debug|Mixed Platforms.Build.0 = Debug|Any CPU
		{323C6B4C-DCF6-49EB-8A74-3A18BE0B0DE7}.Debug|x86.ActiveCfg = Debug|Any CPU
		{323C6B4C-DCF6-49EB-8A74-3A18BE0B0DE7}.Debug|x86.Build.0 = Debug|Any CPU
		{323C6B4C-DCF6-49EB-8A74-3A18BE0B0DE7}.Release|Any CPU.ActiveCfg = Release|Any CPU
		{323C6B4C-DCF6-49EB-8A74-3A18BE0B0DE7}.Release|Any CPU.Build.0 = Release|Any CPU
		{323C6B4C-DCF6-49EB-8A74-3A18BE0B0DE7}.Release|Mixed Platforms.ActiveCfg = Release|Any CPU
		{323C6B4C-DCF6-49EB-8A74-3A18BE0B0DE7}.Release|Mixed Platforms.Build.0 = Release|Any CPU
		{323C6B4C-DCF6-49EB-8A74-3A18BE0B0DE7}.Release|x86.ActiveCfg = Release|Any CPU
		{323C6B4C-DCF6-49EB-8A74-3A18BE0B0DE7}.Release|x86.Build.0 = Release|Any CPU
		{A25D144E-AAA9-4F97-A854-F80939E0FF67}.Debug|Any CPU.ActiveCfg = Debug|Any CPU
		{A25D144E-AAA9-4F97-A854-F80939E0FF67}.Debug|Any CPU.Build.0 = Debug|Any CPU
		{A25D144E-AAA9-4F97-A854-F80939E0FF67}.Debug|Mixed Platforms.ActiveCfg = Debug|Any CPU
		{A25D144E-AAA9-4F97-A854-F80939E0FF67}.Debug|Mixed Platforms.Build.0 = Debug|Any CPU
		{A25D144E-AAA9-4F97-A854-F80939E0FF67}.Debug|x86.ActiveCfg = Debug|Any CPU
		{A25D144E-AAA9-4F97-A854-F80939E0FF67}.Debug|x86.Build.0 = Debug|Any CPU
		{A25D144E-AAA9-4F97-A854-F80939E0FF67}.Release|Any CPU.ActiveCfg = Release|Any CPU
		{A25D144E-AAA9-4F97-A854-F80939E0FF67}.Release|Any CPU.Build.0 = Release|Any CPU
		{A25D144E-AAA9-4F97-A854-F80939E0FF67}.Release|Mixed Platforms.ActiveCfg = Release|Any CPU
		{A25D144E-AAA9-4F97-A854-F80939E0FF67}.Release|Mixed Platforms.Build.0 = Release|Any CPU
		{A25D144E-AAA9-4F97-A854-F80939E0FF67}.Release|x86.ActiveCfg = Release|Any CPU
		{A25D144E-AAA9-4F97-A854-F80939E0FF67}.Release|x86.Build.0 = Release|Any CPU
		{F29D7B70-D0F1-4BDF-B44E-C17950642B77}.Debug|Any CPU.ActiveCfg = Debug|Any CPU
		{F29D7B70-D0F1-4BDF-B44E-C17950642B77}.Debug|Any CPU.Build.0 = Debug|Any CPU
		{F29D7B70-D0F1-4BDF-B44E-C17950642B77}.Debug|Mixed Platforms.ActiveCfg = Debug|Any CPU
		{F29D7B70-D0F1-4BDF-B44E-C17950642B77}.Debug|Mixed Platforms.Build.0 = Debug|Any CPU
		{F29D7B70-D0F1-4BDF-B44E-C17950642B77}.Debug|x86.ActiveCfg = Debug|Any CPU
		{F29D7B70-D0F1-4BDF-B44E-C17950642B77}.Debug|x86.Build.0 = Debug|Any CPU
		{F29D7B70-D0F1-4BDF-B44E-C17950642B77}.Release|Any CPU.ActiveCfg = Release|Any CPU
		{F29D7B70-D0F1-4BDF-B44E-C17950642B77}.Release|Any CPU.Build.0 = Release|Any CPU
		{F29D7B70-D0F1-4BDF-B44E-C17950642B77}.Release|Mixed Platforms.ActiveCfg = Release|Any CPU
		{F29D7B70-D0F1-4BDF-B44E-C17950642B77}.Release|Mixed Platforms.Build.0 = Release|Any CPU
		{F29D7B70-D0F1-4BDF-B44E-C17950642B77}.Release|x86.ActiveCfg = Release|Any CPU
		{F29D7B70-D0F1-4BDF-B44E-C17950642B77}.Release|x86.Build.0 = Release|Any CPU
		{6A4A39F5-2015-47DB-A8E8-FF89F40DE2A0}.Debug|Any CPU.ActiveCfg = Debug|x86
		{6A4A39F5-2015-47DB-A8E8-FF89F40DE2A0}.Debug|Any CPU.Build.0 = Debug|x86
		{6A4A39F5-2015-47DB-A8E8-FF89F40DE2A0}.Debug|Mixed Platforms.ActiveCfg = Debug|x86
		{6A4A39F5-2015-47DB-A8E8-FF89F40DE2A0}.Debug|Mixed Platforms.Build.0 = Debug|x86
		{6A4A39F5-2015-47DB-A8E8-FF89F40DE2A0}.Debug|x86.ActiveCfg = Debug|x86
		{6A4A39F5-2015-47DB-A8E8-FF89F40DE2A0}.Debug|x86.Build.0 = Debug|x86
		{6A4A39F5-2015-47DB-A8E8-FF89F40DE2A0}.Release|Any CPU.ActiveCfg = Release|x86
		{6A4A39F5-2015-47DB-A8E8-FF89F40DE2A0}.Release|Any CPU.Build.0 = Release|x86
		{6A4A39F5-2015-47DB-A8E8-FF89F40DE2A0}.Release|Mixed Platforms.ActiveCfg = Release|x86
		{6A4A39F5-2015-47DB-A8E8-FF89F40DE2A0}.Release|Mixed Platforms.Build.0 = Release|x86
		{6A4A39F5-2015-47DB-A8E8-FF89F40DE2A0}.Release|x86.ActiveCfg = Release|x86
		{6A4A39F5-2015-47DB-A8E8-FF89F40DE2A0}.Release|x86.Build.0 = Release|x86
		{B11B678C-3BB9-4AC4-9C3D-EDEE20BDDE5E}.Debug|Any CPU.ActiveCfg = Debug|Any CPU
		{B11B678C-3BB9-4AC4-9C3D-EDEE20BDDE5E}.Debug|Any CPU.Build.0 = Debug|Any CPU
		{B11B678C-3BB9-4AC4-9C3D-EDEE20BDDE5E}.Debug|Mixed Platforms.ActiveCfg = Debug|Any CPU
		{B11B678C-3BB9-4AC4-9C3D-EDEE20BDDE5E}.Debug|Mixed Platforms.Build.0 = Debug|Any CPU
		{B11B678C-3BB9-4AC4-9C3D-EDEE20BDDE5E}.Debug|x86.ActiveCfg = Debug|Any CPU
		{B11B678C-3BB9-4AC4-9C3D-EDEE20BDDE5E}.Debug|x86.Build.0 = Debug|Any CPU
		{B11B678C-3BB9-4AC4-9C3D-EDEE20BDDE5E}.Release|Any CPU.ActiveCfg = Release|Any CPU
		{B11B678C-3BB9-4AC4-9C3D-EDEE20BDDE5E}.Release|Any CPU.Build.0 = Release|Any CPU
		{B11B678C-3BB9-4AC4-9C3D-EDEE20BDDE5E}.Release|Mixed Platforms.ActiveCfg = Release|Any CPU
		{B11B678C-3BB9-4AC4-9C3D-EDEE20BDDE5E}.Release|Mixed Platforms.Build.0 = Release|Any CPU
		{B11B678C-3BB9-4AC4-9C3D-EDEE20BDDE5E}.Release|x86.ActiveCfg = Release|Any CPU
		{B11B678C-3BB9-4AC4-9C3D-EDEE20BDDE5E}.Release|x86.Build.0 = Release|Any CPU
		{59720785-D71E-4362-B840-F7EAF3553C1A}.Debug|Any CPU.ActiveCfg = Debug|Any CPU
		{59720785-D71E-4362-B840-F7EAF3553C1A}.Debug|Any CPU.Build.0 = Debug|Any CPU
		{59720785-D71E-4362-B840-F7EAF3553C1A}.Debug|Mixed Platforms.ActiveCfg = Debug|x86
		{59720785-D71E-4362-B840-F7EAF3553C1A}.Debug|Mixed Platforms.Build.0 = Debug|x86
		{59720785-D71E-4362-B840-F7EAF3553C1A}.Debug|x86.ActiveCfg = Debug|x86
		{59720785-D71E-4362-B840-F7EAF3553C1A}.Debug|x86.Build.0 = Debug|x86
		{59720785-D71E-4362-B840-F7EAF3553C1A}.Release|Any CPU.ActiveCfg = Release|Any CPU
		{59720785-D71E-4362-B840-F7EAF3553C1A}.Release|Any CPU.Build.0 = Release|Any CPU
		{59720785-D71E-4362-B840-F7EAF3553C1A}.Release|Mixed Platforms.ActiveCfg = Release|x86
		{59720785-D71E-4362-B840-F7EAF3553C1A}.Release|Mixed Platforms.Build.0 = Release|x86
		{59720785-D71E-4362-B840-F7EAF3553C1A}.Release|x86.ActiveCfg = Release|x86
		{59720785-D71E-4362-B840-F7EAF3553C1A}.Release|x86.Build.0 = Release|x86
		{46496036-2A7D-4AE0-950F-B7A963518C5C}.Debug|Any CPU.ActiveCfg = Debug|Any CPU
		{46496036-2A7D-4AE0-950F-B7A963518C5C}.Debug|Any CPU.Build.0 = Debug|Any CPU
		{46496036-2A7D-4AE0-950F-B7A963518C5C}.Debug|Mixed Platforms.ActiveCfg = Debug|Any CPU
		{46496036-2A7D-4AE0-950F-B7A963518C5C}.Debug|Mixed Platforms.Build.0 = Debug|Any CPU
		{46496036-2A7D-4AE0-950F-B7A963518C5C}.Debug|x86.ActiveCfg = Debug|Any CPU
		{46496036-2A7D-4AE0-950F-B7A963518C5C}.Debug|x86.Build.0 = Debug|Any CPU
		{46496036-2A7D-4AE0-950F-B7A963518C5C}.Release|Any CPU.ActiveCfg = Release|Any CPU
		{46496036-2A7D-4AE0-950F-B7A963518C5C}.Release|Any CPU.Build.0 = Release|Any CPU
		{46496036-2A7D-4AE0-950F-B7A963518C5C}.Release|Mixed Platforms.ActiveCfg = Release|Any CPU
		{46496036-2A7D-4AE0-950F-B7A963518C5C}.Release|Mixed Platforms.Build.0 = Release|Any CPU
		{46496036-2A7D-4AE0-950F-B7A963518C5C}.Release|x86.ActiveCfg = Release|Any CPU
		{46496036-2A7D-4AE0-950F-B7A963518C5C}.Release|x86.Build.0 = Release|Any CPU
		{CBF0F9BD-7F4D-4277-AE30-90AC4001EE87}.Debug|Any CPU.ActiveCfg = Debug|Any CPU
		{CBF0F9BD-7F4D-4277-AE30-90AC4001EE87}.Debug|Any CPU.Build.0 = Debug|Any CPU
		{CBF0F9BD-7F4D-4277-AE30-90AC4001EE87}.Debug|Mixed Platforms.ActiveCfg = Debug|Any CPU
		{CBF0F9BD-7F4D-4277-AE30-90AC4001EE87}.Debug|Mixed Platforms.Build.0 = Debug|Any CPU
		{CBF0F9BD-7F4D-4277-AE30-90AC4001EE87}.Debug|x86.ActiveCfg = Debug|Any CPU
		{CBF0F9BD-7F4D-4277-AE30-90AC4001EE87}.Debug|x86.Build.0 = Debug|Any CPU
		{CBF0F9BD-7F4D-4277-AE30-90AC4001EE87}.Release|Any CPU.ActiveCfg = Release|Any CPU
		{CBF0F9BD-7F4D-4277-AE30-90AC4001EE87}.Release|Any CPU.Build.0 = Release|Any CPU
		{CBF0F9BD-7F4D-4277-AE30-90AC4001EE87}.Release|Mixed Platforms.ActiveCfg = Release|Any CPU
		{CBF0F9BD-7F4D-4277-AE30-90AC4001EE87}.Release|Mixed Platforms.Build.0 = Release|Any CPU
		{CBF0F9BD-7F4D-4277-AE30-90AC4001EE87}.Release|x86.ActiveCfg = Release|Any CPU
		{CBF0F9BD-7F4D-4277-AE30-90AC4001EE87}.Release|x86.Build.0 = Release|Any CPU
		{212D7DF2-B372-4F9F-AD8D-5E77A15DB41F}.Debug|Any CPU.ActiveCfg = Debug|Any CPU
		{212D7DF2-B372-4F9F-AD8D-5E77A15DB41F}.Debug|Any CPU.Build.0 = Debug|Any CPU
		{212D7DF2-B372-4F9F-AD8D-5E77A15DB41F}.Debug|Mixed Platforms.ActiveCfg = Debug|Any CPU
		{212D7DF2-B372-4F9F-AD8D-5E77A15DB41F}.Debug|Mixed Platforms.Build.0 = Debug|Any CPU
		{212D7DF2-B372-4F9F-AD8D-5E77A15DB41F}.Debug|x86.ActiveCfg = Debug|Any CPU
		{212D7DF2-B372-4F9F-AD8D-5E77A15DB41F}.Debug|x86.Build.0 = Debug|Any CPU
		{212D7DF2-B372-4F9F-AD8D-5E77A15DB41F}.Release|Any CPU.ActiveCfg = Release|Any CPU
		{212D7DF2-B372-4F9F-AD8D-5E77A15DB41F}.Release|Any CPU.Build.0 = Release|Any CPU
		{212D7DF2-B372-4F9F-AD8D-5E77A15DB41F}.Release|Mixed Platforms.ActiveCfg = Release|Any CPU
		{212D7DF2-B372-4F9F-AD8D-5E77A15DB41F}.Release|Mixed Platforms.Build.0 = Release|Any CPU
		{212D7DF2-B372-4F9F-AD8D-5E77A15DB41F}.Release|x86.ActiveCfg = Release|Any CPU
		{212D7DF2-B372-4F9F-AD8D-5E77A15DB41F}.Release|x86.Build.0 = Release|Any CPU
		{2007FD40-8A1D-4F4C-833F-8CCCA851B891}.Debug|Any CPU.ActiveCfg = Debug|Any CPU
		{2007FD40-8A1D-4F4C-833F-8CCCA851B891}.Debug|Any CPU.Build.0 = Debug|Any CPU
		{2007FD40-8A1D-4F4C-833F-8CCCA851B891}.Debug|Mixed Platforms.ActiveCfg = Debug|Any CPU
		{2007FD40-8A1D-4F4C-833F-8CCCA851B891}.Debug|Mixed Platforms.Build.0 = Debug|Any CPU
		{2007FD40-8A1D-4F4C-833F-8CCCA851B891}.Debug|x86.ActiveCfg = Debug|Any CPU
		{2007FD40-8A1D-4F4C-833F-8CCCA851B891}.Debug|x86.Build.0 = Debug|Any CPU
		{2007FD40-8A1D-4F4C-833F-8CCCA851B891}.Release|Any CPU.ActiveCfg = Release|Any CPU
		{2007FD40-8A1D-4F4C-833F-8CCCA851B891}.Release|Any CPU.Build.0 = Release|Any CPU
		{2007FD40-8A1D-4F4C-833F-8CCCA851B891}.Release|Mixed Platforms.ActiveCfg = Release|Any CPU
		{2007FD40-8A1D-4F4C-833F-8CCCA851B891}.Release|Mixed Platforms.Build.0 = Release|Any CPU
		{2007FD40-8A1D-4F4C-833F-8CCCA851B891}.Release|x86.ActiveCfg = Release|Any CPU
		{2007FD40-8A1D-4F4C-833F-8CCCA851B891}.Release|x86.Build.0 = Release|Any CPU
		{76FF94DB-1AE8-436E-B38D-87BA3C0DE925}.Debug|Any CPU.ActiveCfg = Debug|x86
		{76FF94DB-1AE8-436E-B38D-87BA3C0DE925}.Debug|Any CPU.Build.0 = Debug|x86
		{76FF94DB-1AE8-436E-B38D-87BA3C0DE925}.Debug|Mixed Platforms.ActiveCfg = Debug|x86
		{76FF94DB-1AE8-436E-B38D-87BA3C0DE925}.Debug|Mixed Platforms.Build.0 = Debug|x86
		{76FF94DB-1AE8-436E-B38D-87BA3C0DE925}.Debug|x86.ActiveCfg = Debug|x86
		{76FF94DB-1AE8-436E-B38D-87BA3C0DE925}.Debug|x86.Build.0 = Debug|x86
		{76FF94DB-1AE8-436E-B38D-87BA3C0DE925}.Release|Any CPU.ActiveCfg = Release|x86
		{76FF94DB-1AE8-436E-B38D-87BA3C0DE925}.Release|Any CPU.Build.0 = Release|x86
		{76FF94DB-1AE8-436E-B38D-87BA3C0DE925}.Release|Mixed Platforms.ActiveCfg = Release|x86
		{76FF94DB-1AE8-436E-B38D-87BA3C0DE925}.Release|Mixed Platforms.Build.0 = Release|x86
		{76FF94DB-1AE8-436E-B38D-87BA3C0DE925}.Release|x86.ActiveCfg = Release|x86
		{76FF94DB-1AE8-436E-B38D-87BA3C0DE925}.Release|x86.Build.0 = Release|x86
		{0C4B6CCA-7686-4428-BC51-29C32680ED28}.Debug|Any CPU.ActiveCfg = Debug|Any CPU
		{0C4B6CCA-7686-4428-BC51-29C32680ED28}.Debug|Any CPU.Build.0 = Debug|Any CPU
		{0C4B6CCA-7686-4428-BC51-29C32680ED28}.Debug|Mixed Platforms.ActiveCfg = Debug|Any CPU
		{0C4B6CCA-7686-4428-BC51-29C32680ED28}.Debug|Mixed Platforms.Build.0 = Debug|Any CPU
		{0C4B6CCA-7686-4428-BC51-29C32680ED28}.Debug|x86.ActiveCfg = Debug|Any CPU
		{0C4B6CCA-7686-4428-BC51-29C32680ED28}.Debug|x86.Build.0 = Debug|Any CPU
		{0C4B6CCA-7686-4428-BC51-29C32680ED28}.Release|Any CPU.ActiveCfg = Release|Any CPU
		{0C4B6CCA-7686-4428-BC51-29C32680ED28}.Release|Any CPU.Build.0 = Release|Any CPU
		{0C4B6CCA-7686-4428-BC51-29C32680ED28}.Release|Mixed Platforms.ActiveCfg = Release|Any CPU
		{0C4B6CCA-7686-4428-BC51-29C32680ED28}.Release|Mixed Platforms.Build.0 = Release|Any CPU
		{0C4B6CCA-7686-4428-BC51-29C32680ED28}.Release|x86.ActiveCfg = Release|Any CPU
		{0C4B6CCA-7686-4428-BC51-29C32680ED28}.Release|x86.Build.0 = Release|Any CPU
		{6F80048B-E81F-4E06-9438-26C23487777C}.Debug|Any CPU.ActiveCfg = Debug|Any CPU
		{6F80048B-E81F-4E06-9438-26C23487777C}.Debug|Any CPU.Build.0 = Debug|Any CPU
		{6F80048B-E81F-4E06-9438-26C23487777C}.Debug|Mixed Platforms.ActiveCfg = Debug|Any CPU
		{6F80048B-E81F-4E06-9438-26C23487777C}.Debug|Mixed Platforms.Build.0 = Debug|Any CPU
		{6F80048B-E81F-4E06-9438-26C23487777C}.Debug|x86.ActiveCfg = Debug|Any CPU
		{6F80048B-E81F-4E06-9438-26C23487777C}.Debug|x86.Build.0 = Debug|Any CPU
		{6F80048B-E81F-4E06-9438-26C23487777C}.Release|Any CPU.ActiveCfg = Release|Any CPU
		{6F80048B-E81F-4E06-9438-26C23487777C}.Release|Any CPU.Build.0 = Release|Any CPU
		{6F80048B-E81F-4E06-9438-26C23487777C}.Release|Mixed Platforms.ActiveCfg = Release|Any CPU
		{6F80048B-E81F-4E06-9438-26C23487777C}.Release|Mixed Platforms.Build.0 = Release|Any CPU
		{6F80048B-E81F-4E06-9438-26C23487777C}.Release|x86.ActiveCfg = Release|Any CPU
		{6F80048B-E81F-4E06-9438-26C23487777C}.Release|x86.Build.0 = Release|Any CPU
		{243D9A80-052A-41AA-AB95-6950A8A24AE9}.Debug|Any CPU.ActiveCfg = Debug|Any CPU
		{243D9A80-052A-41AA-AB95-6950A8A24AE9}.Debug|Any CPU.Build.0 = Debug|Any CPU
		{243D9A80-052A-41AA-AB95-6950A8A24AE9}.Debug|Mixed Platforms.ActiveCfg = Debug|Any CPU
		{243D9A80-052A-41AA-AB95-6950A8A24AE9}.Debug|Mixed Platforms.Build.0 = Debug|Any CPU
		{243D9A80-052A-41AA-AB95-6950A8A24AE9}.Debug|x86.ActiveCfg = Debug|Any CPU
		{243D9A80-052A-41AA-AB95-6950A8A24AE9}.Debug|x86.Build.0 = Debug|Any CPU
		{243D9A80-052A-41AA-AB95-6950A8A24AE9}.Release|Any CPU.ActiveCfg = Release|Any CPU
		{243D9A80-052A-41AA-AB95-6950A8A24AE9}.Release|Any CPU.Build.0 = Release|Any CPU
		{243D9A80-052A-41AA-AB95-6950A8A24AE9}.Release|Mixed Platforms.ActiveCfg = Release|Any CPU
		{243D9A80-052A-41AA-AB95-6950A8A24AE9}.Release|Mixed Platforms.Build.0 = Release|Any CPU
		{243D9A80-052A-41AA-AB95-6950A8A24AE9}.Release|x86.ActiveCfg = Release|Any CPU
		{243D9A80-052A-41AA-AB95-6950A8A24AE9}.Release|x86.Build.0 = Release|Any CPU
		{07553179-5151-4429-B556-6730B2B131A2}.Debug|Any CPU.ActiveCfg = Debug|x86
		{07553179-5151-4429-B556-6730B2B131A2}.Debug|Any CPU.Build.0 = Debug|x86
		{07553179-5151-4429-B556-6730B2B131A2}.Debug|Mixed Platforms.ActiveCfg = Debug|x86
		{07553179-5151-4429-B556-6730B2B131A2}.Debug|Mixed Platforms.Build.0 = Debug|x86
		{07553179-5151-4429-B556-6730B2B131A2}.Debug|x86.ActiveCfg = Debug|x86
		{07553179-5151-4429-B556-6730B2B131A2}.Debug|x86.Build.0 = Debug|x86
		{07553179-5151-4429-B556-6730B2B131A2}.Release|Any CPU.ActiveCfg = Release|x86
		{07553179-5151-4429-B556-6730B2B131A2}.Release|Any CPU.Build.0 = Release|x86
		{07553179-5151-4429-B556-6730B2B131A2}.Release|Mixed Platforms.ActiveCfg = Release|x86
		{07553179-5151-4429-B556-6730B2B131A2}.Release|Mixed Platforms.Build.0 = Release|x86
		{07553179-5151-4429-B556-6730B2B131A2}.Release|x86.ActiveCfg = Release|x86
		{07553179-5151-4429-B556-6730B2B131A2}.Release|x86.Build.0 = Release|x86
		{F8881840-456E-4B66-AD85-C2C5F7ED118E}.Debug|Any CPU.ActiveCfg = Debug|Any CPU
		{F8881840-456E-4B66-AD85-C2C5F7ED118E}.Debug|Any CPU.Build.0 = Debug|Any CPU
		{F8881840-456E-4B66-AD85-C2C5F7ED118E}.Debug|Mixed Platforms.ActiveCfg = Debug|Any CPU
		{F8881840-456E-4B66-AD85-C2C5F7ED118E}.Debug|Mixed Platforms.Build.0 = Debug|Any CPU
		{F8881840-456E-4B66-AD85-C2C5F7ED118E}.Debug|x86.ActiveCfg = Debug|Any CPU
		{F8881840-456E-4B66-AD85-C2C5F7ED118E}.Release|Any CPU.ActiveCfg = Release|Any CPU
		{F8881840-456E-4B66-AD85-C2C5F7ED118E}.Release|Any CPU.Build.0 = Release|Any CPU
		{F8881840-456E-4B66-AD85-C2C5F7ED118E}.Release|Mixed Platforms.ActiveCfg = Release|Any CPU
		{F8881840-456E-4B66-AD85-C2C5F7ED118E}.Release|Mixed Platforms.Build.0 = Release|Any CPU
		{F8881840-456E-4B66-AD85-C2C5F7ED118E}.Release|x86.ActiveCfg = Release|Any CPU
	EndGlobalSection
	GlobalSection(SolutionProperties) = preSolution
		HideSolutionNode = FALSE
	EndGlobalSection
	GlobalSection(NestedProjects) = preSolution
		{A3F98805-75BF-42A0-8799-76A749098D4A} = {8A5780A7-80BC-4125-A1DB-0B40793917BD}
		{FE3CA2EA-2F56-49A5-AD02-E5DEC8694457} = {8A5780A7-80BC-4125-A1DB-0B40793917BD}
		{D1FA9A85-9359-4725-A50F-8A67A77D700C} = {C01EFFDE-1673-4ECC-A638-532710C4C509}
		{9D1835B6-D1C2-44BA-BAE1-05C6EC442D2F} = {C01EFFDE-1673-4ECC-A638-532710C4C509}
		{52D35323-1AA1-4205-A1B0-26C5E5E8D543} = {C01EFFDE-1673-4ECC-A638-532710C4C509}
		{4765C2A7-F989-40DB-BC12-FCD67025B93F} = {C01EFFDE-1673-4ECC-A638-532710C4C509}
		{7C36A258-9102-420D-B80A-5EB5717644B6} = {C01EFFDE-1673-4ECC-A638-532710C4C509}
		{050FC659-553F-4911-A609-5BA1BE4EDBF8} = {C01EFFDE-1673-4ECC-A638-532710C4C509}
		{7F794C24-7A8D-4D21-B443-F03509669F89} = {C01EFFDE-1673-4ECC-A638-532710C4C509}
		{C7A306E0-32AE-4053-8882-E1A1E702C139} = {C01EFFDE-1673-4ECC-A638-532710C4C509}
		{D1A78912-9AD2-4555-8560-B251A4D751DC} = {C01EFFDE-1673-4ECC-A638-532710C4C509}
		{6F80048B-E81F-4E06-9438-26C23487777C} = {C01EFFDE-1673-4ECC-A638-532710C4C509}
		{357ACD8B-7AB5-4B52-A3E6-6C50B74D3D41} = {9677326D-3B27-4FDC-88D8-79706C323652}
		{1D002C9F-0F1B-4D4C-9A83-B876895F7B30} = {9677326D-3B27-4FDC-88D8-79706C323652}
		{14988238-5F56-4D6D-83BE-41A2B0A24E2B} = {9677326D-3B27-4FDC-88D8-79706C323652}
		{91425A90-B0FD-4AE6-9B20-C83BB3E20FBF} = {9677326D-3B27-4FDC-88D8-79706C323652}
		{8E848B2F-8E69-4558-AB56-1B58881B302B} = {9677326D-3B27-4FDC-88D8-79706C323652}
		{2BAC39F7-E53F-488C-9F55-4BB35FAED8E2} = {9677326D-3B27-4FDC-88D8-79706C323652}
		{323C6B4C-DCF6-49EB-8A74-3A18BE0B0DE7} = {9677326D-3B27-4FDC-88D8-79706C323652}
		{A25D144E-AAA9-4F97-A854-F80939E0FF67} = {9677326D-3B27-4FDC-88D8-79706C323652}
		{F29D7B70-D0F1-4BDF-B44E-C17950642B77} = {9677326D-3B27-4FDC-88D8-79706C323652}
		{6A4A39F5-2015-47DB-A8E8-FF89F40DE2A0} = {9677326D-3B27-4FDC-88D8-79706C323652}
		{B11B678C-3BB9-4AC4-9C3D-EDEE20BDDE5E} = {9677326D-3B27-4FDC-88D8-79706C323652}
		{59720785-D71E-4362-B840-F7EAF3553C1A} = {9677326D-3B27-4FDC-88D8-79706C323652}
		{46496036-2A7D-4AE0-950F-B7A963518C5C} = {9677326D-3B27-4FDC-88D8-79706C323652}
		{D0038EDA-E81E-4592-9ED6-0D3C862133CD} = {9677326D-3B27-4FDC-88D8-79706C323652}
		{243D9A80-052A-41AA-AB95-6950A8A24AE9} = {9677326D-3B27-4FDC-88D8-79706C323652}
		{07553179-5151-4429-B556-6730B2B131A2} = {9677326D-3B27-4FDC-88D8-79706C323652}
		{F8881840-456E-4B66-AD85-C2C5F7ED118E} = {9677326D-3B27-4FDC-88D8-79706C323652}
		{CBF0F9BD-7F4D-4277-AE30-90AC4001EE87} = {D0038EDA-E81E-4592-9ED6-0D3C862133CD}
		{212D7DF2-B372-4F9F-AD8D-5E77A15DB41F} = {D0038EDA-E81E-4592-9ED6-0D3C862133CD}
		{2007FD40-8A1D-4F4C-833F-8CCCA851B891} = {D0038EDA-E81E-4592-9ED6-0D3C862133CD}
		{76FF94DB-1AE8-436E-B38D-87BA3C0DE925} = {F70FC269-7DC1-4BF7-B73D-A40C67AEF24C}
		{0C4B6CCA-7686-4428-BC51-29C32680ED28} = {F70FC269-7DC1-4BF7-B73D-A40C67AEF24C}
	EndGlobalSection
EndGlobal
