
Microsoft Visual Studio Solution File, Format Version 12.00
# Visual Studio 2010
Project("{2150E333-8FDC-42A3-9474-1A3956D46DE8}") = "DevTools", "DevTools", "{8A5780A7-80BC-4125-A1DB-0B40793917BD}"
EndProject
Project("{FAE04EC0-301F-11D3-BF4B-00C04F79EFBC}") = "CustomToolDomGen.vs2010", "..\DevTools\CustomToolDomGen\CustomToolDomGen.vs2010.csproj", "{A3F98805-75BF-42A0-8799-76A749098D4A}"
EndProject
Project("{FAE04EC0-301F-11D3-BF4B-00C04F79EFBC}") = "DomGen.vs2010", "..\DevTools\DomGen\DomGen.vs2010.csproj", "{FE3CA2EA-2F56-49A5-AD02-E5DEC8694457}"
EndProject
Project("{2150E333-8FDC-42A3-9474-1A3956D46DE8}") = "Framework", "Framework", "{C01EFFDE-1673-4ECC-A638-532710C4C509}"
EndProject
Project("{FAE04EC0-301F-11D3-BF4B-00C04F79EFBC}") = "Atf.Atgi.vs2010", "..\Framework\Atf.Atgi\Atf.Atgi.vs2010.csproj", "{D1FA9A85-9359-4725-A50F-8A67A77D700C}"
EndProject
Project("{FAE04EC0-301F-11D3-BF4B-00C04F79EFBC}") = "Atf.Core.vs2010", "..\Framework\Atf.Core\Atf.Core.vs2010.csproj", "{9D1835B6-D1C2-44BA-BAE1-05C6EC442D2F}"
EndProject
Project("{FAE04EC0-301F-11D3-BF4B-00C04F79EFBC}") = "Atf.Gui.OpenGL.vs2010", "..\Framework\Atf.Gui.OpenGL\Atf.Gui.OpenGL.vs2010.csproj", "{52D35323-1AA1-4205-A1B0-26C5E5E8D543}"
EndProject
Project("{FAE04EC0-301F-11D3-BF4B-00C04F79EFBC}") = "Atf.Gui.vs2010", "..\Framework\Atf.Gui\Atf.Gui.vs2010.csproj", "{4765C2A7-F989-40DB-BC12-FCD67025B93F}"
EndProject
Project("{FAE04EC0-301F-11D3-BF4B-00C04F79EFBC}") = "Atf.Gui.WinForms.vs2010", "..\Framework\Atf.Gui.WinForms\Atf.Gui.WinForms.vs2010.csproj", "{7C36A258-9102-420D-B80A-5EB5717644B6}"
EndProject
Project("{FAE04EC0-301F-11D3-BF4B-00C04F79EFBC}") = "Atf.Gui.Wpf.vs2010", "..\Framework\Atf.Gui.Wpf\Atf.Gui.Wpf.vs2010.csproj", "{050FC659-553F-4911-A609-5BA1BE4EDBF8}"
EndProject
Project("{FAE04EC0-301F-11D3-BF4B-00C04F79EFBC}") = "Atf.IronPython.vs2010", "..\Framework\Atf.IronPython\Atf.IronPython.vs2010.csproj", "{7F794C24-7A8D-4D21-B443-F03509669F89}"
EndProject
Project("{FAE04EC0-301F-11D3-BF4B-00C04F79EFBC}") = "Atf.Perforce.vs2010", "..\Framework\Atf.Perforce\Atf.Perforce.vs2010.csproj", "{C7A306E0-32AE-4053-8882-E1A1E702C139}"
EndProject
Project("{FAE04EC0-301F-11D3-BF4B-00C04F79EFBC}") = "Atf.SyntaxEditorControl.vs2010", "..\Framework\Atf.SyntaxEditorControl\Atf.SyntaxEditorControl.vs2010.csproj", "{D1A78912-9AD2-4555-8560-B251A4D751DC}"
EndProject
Project("{2150E333-8FDC-42A3-9474-1A3956D46DE8}") = "Legacy", "Legacy", "{9A729DA4-7ADA-47DC-BAA0-4F75F5EE6952}"
EndProject
Project("{2150E333-8FDC-42A3-9474-1A3956D46DE8}") = "Foundation", "Foundation", "{DFD34739-2D83-452A-8934-C6BE7CD2C56C}"
EndProject
Project("{FAE04EC0-301F-11D3-BF4B-00C04F79EFBC}") = "Scea.Controls.vs2010", "..\Legacy\Foundation\Scea.Controls\Scea.Controls.vs2010.csproj", "{9B4E81C1-BA7F-4A23-90FE-056E0FF3CF11}"
EndProject
Project("{FAE04EC0-301F-11D3-BF4B-00C04F79EFBC}") = "Scea.Core.vs2010", "..\Legacy\Foundation\Scea.Core.vs2010.csproj", "{913E3E5C-27A3-405C-8CB0-EE8148641E4F}"
EndProject
Project("{FAE04EC0-301F-11D3-BF4B-00C04F79EFBC}") = "Scea.Dom.Rendering.vs2010", "..\Legacy\Foundation\Scea.Dom\Rendering\Scea.Dom.Rendering.vs2010.csproj", "{736939AD-F044-4F0C-B766-86190B50B6E2}"
EndProject
Project("{FAE04EC0-301F-11D3-BF4B-00C04F79EFBC}") = "Scea.Dom.vs2010", "..\Legacy\Foundation\Scea.Dom\Scea.Dom.vs2010.csproj", "{C706455C-79FA-4C8B-8E69-3B9063553153}"
EndProject
Project("{FAE04EC0-301F-11D3-BF4B-00C04F79EFBC}") = "Scea.Games.vs2010", "..\Legacy\Foundation\Scea.Games\Scea.Games.vs2010.csproj", "{665EAA45-44C4-4648-9E6A-A906B95D33E7}"
EndProject
Project("{FAE04EC0-301F-11D3-BF4B-00C04F79EFBC}") = "Scea.Pipelines.vs2010", "..\Legacy\Foundation\Scea.Pipelines\Scea.Pipelines.vs2010.csproj", "{FC503289-7023-42C3-9750-7A70C0EFCC3A}"
EndProject
Project("{FAE04EC0-301F-11D3-BF4B-00C04F79EFBC}") = "Scea.Statecharts.vs2010", "..\Legacy\Foundation\Scea.Statecharts\Scea.Statecharts.vs2010.csproj", "{8B15517B-8D27-498E-9E65-DC0344683ED5}"
EndProject
Project("{FAE04EC0-301F-11D3-BF4B-00C04F79EFBC}") = "Scea.UnitTesting.vs2010", "..\Legacy\Foundation\Scea.UnitTesting\Scea.UnitTesting.vs2010.csproj", "{C96F937E-CD24-4309-B499-0BF6280EA018}"
EndProject
Project("{FAE04EC0-301F-11D3-BF4B-00C04F79EFBC}") = "UnitTests.vs2010", "..\Legacy\Foundation\UnitTests\UnitTests.vs2010.csproj", "{77E3EAEE-C251-4649-9D02-5177339E6BAC}"
EndProject
Project("{2150E333-8FDC-42A3-9474-1A3956D46DE8}") = "Plugins", "Plugins", "{849C3E50-3B43-47CD-AB16-4A2AE8CA33C9}"
EndProject
Project("{FAE04EC0-301F-11D3-BF4B-00C04F79EFBC}") = "Scea.Atgi.vs2010", "..\Legacy\Plugins\Scea.Atg\Scea.Atgi.vs2010.csproj", "{3302DF97-A342-4107-8F8F-E5A1F545B0D1}"
EndProject
Project("{FAE04EC0-301F-11D3-BF4B-00C04F79EFBC}") = "Scea.Collada.vs2010", "..\Legacy\Plugins\Scea.Collada\Scea.Collada.vs2010.csproj", "{B2A28EF9-F1AE-44DD-8464-A44DDC26D966}"
EndProject
Project("{FAE04EC0-301F-11D3-BF4B-00C04F79EFBC}") = "Scea.CrashReport.vs2010", "..\Legacy\Plugins\Scea.CrashReport\Scea.CrashReport.vs2010.csproj", "{AA643968-39AB-44DA-A01C-6CD7E22845F0}"
EndProject
Project("{FAE04EC0-301F-11D3-BF4B-00C04F79EFBC}") = "Scea.IndirectAudio.vs2010", "..\Legacy\Plugins\Scea.IndirectAudio\Scea.IndirectAudio.vs2010.csproj", "{81CCA79C-F16D-490B-BC6D-9E138A4847E9}"
EndProject
Project("{FAE04EC0-301F-11D3-BF4B-00C04F79EFBC}") = "Scea.Obj.vs2010", "..\Legacy\Plugins\Scea.Obj\Scea.Obj.vs2010.csproj", "{BAF8F2D9-9A63-4AC3-8264-70C0ADB4983E}"
EndProject
Project("{FAE04EC0-301F-11D3-BF4B-00C04F79EFBC}") = "Scea.Perforce.vs2010", "..\Legacy\Plugins\Scea.Perforce\Scea.Perforce.vs2010.csproj", "{15008814-8B71-4774-A4B6-02D7CE989513}"
EndProject
Project("{FAE04EC0-301F-11D3-BF4B-00C04F79EFBC}") = "Scea.Subversion.vs2010", "..\Legacy\Plugins\Scea.Subversion\Scea.Subversion.vs2010.csproj", "{F047A532-FBD2-4BC8-ADFF-068CB0CBC99D}"
EndProject
Project("{2150E333-8FDC-42A3-9474-1A3956D46DE8}") = "Tutorials", "Tutorials", "{89845F63-BA9D-4E5F-B35A-A00A02F00D9C}"
EndProject
Project("{FAE04EC0-301F-11D3-BF4B-00C04F79EFBC}") = "Annotation.vs2010", "..\Legacy\Tutorials\Annotation\Annotation.vs2010.csproj", "{E8930250-1908-4368-81B8-6E500652AFD5}"
EndProject
Project("{FAE04EC0-301F-11D3-BF4B-00C04F79EFBC}") = "AssetManager.vs2010", "..\Legacy\Tutorials\AssetManager\AssetManager.vs2010.csproj", "{B687934B-067F-42F1-8285-F658456E62AD}"
	ProjectSection(ProjectDependencies) = postProject
		{52D35323-1AA1-4205-A1B0-26C5E5E8D543} = {52D35323-1AA1-4205-A1B0-26C5E5E8D543}
		{D1FA9A85-9359-4725-A50F-8A67A77D700C} = {D1FA9A85-9359-4725-A50F-8A67A77D700C}
		{6F80048B-E81F-4E06-9438-26C23487777C} = {6F80048B-E81F-4E06-9438-26C23487777C}
		{BAF8F2D9-9A63-4AC3-8264-70C0ADB4983E} = {BAF8F2D9-9A63-4AC3-8264-70C0ADB4983E}
	EndProjectSection
EndProject
Project("{FAE04EC0-301F-11D3-BF4B-00C04F79EFBC}") = "CircuitEditor.vs2010", "..\Legacy\Tutorials\CircuitEditor\CircuitEditor.vs2010.csproj", "{BDAB89E3-BC3C-4D41-B2C7-501DEBD262CC}"
EndProject
Project("{FAE04EC0-301F-11D3-BF4B-00C04F79EFBC}") = "CodeEditor.vs2010", "..\Legacy\Tutorials\CodeEditor\CodeEditor.vs2010.csproj", "{F7BD99BA-3163-48AC-A3AA-A8B97D60938B}"
EndProject
Project("{FAE04EC0-301F-11D3-BF4B-00C04F79EFBC}") = "DomTreeEditor.vs2010", "..\Legacy\Tutorials\DomTreeEditor\DomTreeEditor.vs2010.csproj", "{88F8F493-F563-449B-A7BE-94FD6AB05C07}"
EndProject
Project("{FAE04EC0-301F-11D3-BF4B-00C04F79EFBC}") = "FileExplorer.vs2010", "..\Legacy\Tutorials\FileExplorer\FileExplorer.vs2010.csproj", "{C0DAC81F-49AA-4754-8B56-594BD076BA20}"
EndProject
Project("{FAE04EC0-301F-11D3-BF4B-00C04F79EFBC}") = "FsmEditor.vs2010", "..\Legacy\Tutorials\FsmEditor\FsmEditor.vs2010.csproj", "{A94185E4-2D5F-45DA-B899-CA4CB9102005}"
EndProject
Project("{FAE04EC0-301F-11D3-BF4B-00C04F79EFBC}") = "HelloWorld.vs2010", "..\Legacy\Tutorials\HelloWorld\HelloWorld.vs2010.csproj", "{4C9E6CAD-5D23-4A8E-8D86-AE839109AE9A}"
EndProject
Project("{FAE04EC0-301F-11D3-BF4B-00C04F79EFBC}") = "PipelineEditor.vs2010", "..\Legacy\Tutorials\PipelineEditor\PipelineEditor.vs2010.csproj", "{C6E323C8-2A52-4361-BC6C-3C6A6365F5A4}"
EndProject
Project("{FAE04EC0-301F-11D3-BF4B-00C04F79EFBC}") = "RunPipeline.vs2010", "..\Legacy\Tutorials\RunPipeline\RunPipeline.vs2010.csproj", "{7A2AE92F-133C-4E36-8847-367E8083D2B7}"
EndProject
Project("{FAE04EC0-301F-11D3-BF4B-00C04F79EFBC}") = "SimpleDomEditor.vs2010", "..\Legacy\Tutorials\SimpleDomEditor\SimpleDomEditor.vs2010.csproj", "{D95180EE-ECD0-45F2-9185-77D17D6A588B}"
EndProject
Project("{FAE04EC0-301F-11D3-BF4B-00C04F79EFBC}") = "StatechartEditor.vs2010", "..\Legacy\Tutorials\StatechartEditor\StatechartEditor.vs2010.csproj", "{A5EE62FC-BF5B-49AF-8BF0-1436159B3E04}"
EndProject
Project("{FAE04EC0-301F-11D3-BF4B-00C04F79EFBC}") = "THC_Client.vs2010", "..\Legacy\Tutorials\THC_Client\THC_Client.vs2010.csproj", "{3B624D7E-6CC4-49B9-817A-15FD63DB60B3}"
EndProject
Project("{FAE04EC0-301F-11D3-BF4B-00C04F79EFBC}") = "TimelineEditor.vs2010", "..\Legacy\Tutorials\TimelineEditor\TimelineEditor.vs2010.csproj", "{2266B271-1F3C-4658-A2E8-5A7F34620663}"
EndProject
Project("{FAE04EC0-301F-11D3-BF4B-00C04F79EFBC}") = "Using Dom.vs2010", "..\Legacy\Tutorials\Using Dom\Using Dom.vs2010.csproj", "{6E77E96C-9E74-4E02-A04C-293FB6E1AB52}"
EndProject
Project("{2150E333-8FDC-42A3-9474-1A3956D46DE8}") = "Samples", "Samples", "{9677326D-3B27-4FDC-88D8-79706C323652}"
EndProject
Project("{FAE04EC0-301F-11D3-BF4B-00C04F79EFBC}") = "CircuitEditor.vs2010", "..\Samples\CircuitEditor\CircuitEditor.vs2010.csproj", "{357ACD8B-7AB5-4B52-A3E6-6C50B74D3D41}"
EndProject
Project("{FAE04EC0-301F-11D3-BF4B-00C04F79EFBC}") = "CodeEditor.vs2010", "..\Samples\CodeEditor\CodeEditor.vs2010.csproj", "{1D002C9F-0F1B-4D4C-9A83-B876895F7B30}"
EndProject
Project("{FAE04EC0-301F-11D3-BF4B-00C04F79EFBC}") = "DiagramEditor.vs2010", "..\Samples\DiagramEditor\DiagramEditor.vs2010.csproj", "{14988238-5F56-4D6D-83BE-41A2B0A24E2B}"
EndProject
Project("{FAE04EC0-301F-11D3-BF4B-00C04F79EFBC}") = "DomTreeEditor.vs2010", "..\Samples\DomTreeEditor\DomTreeEditor.vs2010.csproj", "{91425A90-B0FD-4AE6-9B20-C83BB3E20FBF}"
EndProject
Project("{FAE04EC0-301F-11D3-BF4B-00C04F79EFBC}") = "FileExplorer.vs2010", "..\Samples\FileExplorer\FileExplorer.vs2010.csproj", "{8E848B2F-8E69-4558-AB56-1B58881B302B}"
EndProject
Project("{FAE04EC0-301F-11D3-BF4B-00C04F79EFBC}") = "FsmEditor.vs2010", "..\Samples\FsmEditor\FsmEditor.vs2010.csproj", "{2BAC39F7-E53F-488C-9F55-4BB35FAED8E2}"
EndProject
Project("{FAE04EC0-301F-11D3-BF4B-00C04F79EFBC}") = "SimpleDomEditor.vs2010", "..\Samples\SimpleDomEditor\SimpleDomEditor.vs2010.csproj", "{323C6B4C-DCF6-49EB-8A74-3A18BE0B0DE7}"
EndProject
Project("{FAE04EC0-301F-11D3-BF4B-00C04F79EFBC}") = "SimpleDomNoXmlEditor.vs2010", "..\Samples\SimpleDomNoXmlEditor\SimpleDomNoXmlEditor.vs2010.csproj", "{A25D144E-AAA9-4F97-A854-F80939E0FF67}"
EndProject
Project("{FAE04EC0-301F-11D3-BF4B-00C04F79EFBC}") = "StatechartEditor.vs2010", "..\Samples\StatechartEditor\StatechartEditor.vs2010.csproj", "{F29D7B70-D0F1-4BDF-B44E-C17950642B77}"
EndProject
Project("{FAE04EC0-301F-11D3-BF4B-00C04F79EFBC}") = "TimelineEditor.vs2010", "..\Samples\TimelineEditor\TimelineEditor.vs2010.csproj", "{6A4A39F5-2015-47DB-A8E8-FF89F40DE2A0}"
EndProject
Project("{FAE04EC0-301F-11D3-BF4B-00C04F79EFBC}") = "TreeListEditor.vs2010", "..\Samples\TreeListEditor\TreeListEditor.vs2010.csproj", "{B11B678C-3BB9-4AC4-9C3D-EDEE20BDDE5E}"
EndProject
Project("{FAE04EC0-301F-11D3-BF4B-00C04F79EFBC}") = "UsingDirect2D.vs2010", "..\Samples\UsingDirect2D\UsingDirect2D.vs2010.csproj", "{59720785-D71E-4362-B840-F7EAF3553C1A}"
EndProject
Project("{FAE04EC0-301F-11D3-BF4B-00C04F79EFBC}") = "UsingDom.vs2010", "..\Samples\UsingDom\UsingDom.vs2010.csproj", "{46496036-2A7D-4AE0-950F-B7A963518C5C}"
EndProject
Project("{2150E333-8FDC-42A3-9474-1A3956D46DE8}") = "WinGui", "WinGui", "{D0038EDA-E81E-4592-9ED6-0D3C862133CD}"
EndProject
Project("{FAE04EC0-301F-11D3-BF4B-00C04F79EFBC}") = "WinFormsApp.vs2010", "..\Samples\WinGui\WinFormsApp\WinFormsApp.vs2010.csproj", "{CBF0F9BD-7F4D-4277-AE30-90AC4001EE87}"
EndProject
Project("{FAE04EC0-301F-11D3-BF4B-00C04F79EFBC}") = "WinGuiCommon.vs2010", "..\Samples\WinGui\WinGuiCommon\WinGuiCommon.vs2010.csproj", "{212D7DF2-B372-4F9F-AD8D-5E77A15DB41F}"
EndProject
Project("{FAE04EC0-301F-11D3-BF4B-00C04F79EFBC}") = "WpfApp.vs2010", "..\Samples\WinGui\WpfApp\WpfApp.vs2010.csproj", "{2007FD40-8A1D-4F4C-833F-8CCCA851B891}"
EndProject
Project("{2150E333-8FDC-42A3-9474-1A3956D46DE8}") = "Tests", "Tests", "{F70FC269-7DC1-4BF7-B73D-A40C67AEF24C}"
EndProject
Project("{FAE04EC0-301F-11D3-BF4B-00C04F79EFBC}") = "FunctionalTests.vs2010", "FunctionalTests\FunctionalTests.vs2010.csproj", "{76FF94DB-1AE8-436E-B38D-87BA3C0DE925}"
	ProjectSection(ProjectDependencies) = postProject
		{C0DAC81F-49AA-4754-8B56-594BD076BA20} = {C0DAC81F-49AA-4754-8B56-594BD076BA20}
		{8E848B2F-8E69-4558-AB56-1B58881B302B} = {8E848B2F-8E69-4558-AB56-1B58881B302B}
		{7A2AE92F-133C-4E36-8847-367E8083D2B7} = {7A2AE92F-133C-4E36-8847-367E8083D2B7}
		{46496036-2A7D-4AE0-950F-B7A963518C5C} = {46496036-2A7D-4AE0-950F-B7A963518C5C}
		{14988238-5F56-4D6D-83BE-41A2B0A24E2B} = {14988238-5F56-4D6D-83BE-41A2B0A24E2B}
		{2007FD40-8A1D-4F4C-833F-8CCCA851B891} = {2007FD40-8A1D-4F4C-833F-8CCCA851B891}
		{B687934B-067F-42F1-8285-F658456E62AD} = {B687934B-067F-42F1-8285-F658456E62AD}
		{323C6B4C-DCF6-49EB-8A74-3A18BE0B0DE7} = {323C6B4C-DCF6-49EB-8A74-3A18BE0B0DE7}
		{A25D144E-AAA9-4F97-A854-F80939E0FF67} = {A25D144E-AAA9-4F97-A854-F80939E0FF67}
		{E8930250-1908-4368-81B8-6E500652AFD5} = {E8930250-1908-4368-81B8-6E500652AFD5}
		{6E77E96C-9E74-4E02-A04C-293FB6E1AB52} = {6E77E96C-9E74-4E02-A04C-293FB6E1AB52}
		{F29D7B70-D0F1-4BDF-B44E-C17950642B77} = {F29D7B70-D0F1-4BDF-B44E-C17950642B77}
		{2266B271-1F3C-4658-A2E8-5A7F34620663} = {2266B271-1F3C-4658-A2E8-5A7F34620663}
		{3B624D7E-6CC4-49B9-817A-15FD63DB60B3} = {3B624D7E-6CC4-49B9-817A-15FD63DB60B3}
		{357ACD8B-7AB5-4B52-A3E6-6C50B74D3D41} = {357ACD8B-7AB5-4B52-A3E6-6C50B74D3D41}
		{B11B678C-3BB9-4AC4-9C3D-EDEE20BDDE5E} = {B11B678C-3BB9-4AC4-9C3D-EDEE20BDDE5E}
		{91425A90-B0FD-4AE6-9B20-C83BB3E20FBF} = {91425A90-B0FD-4AE6-9B20-C83BB3E20FBF}
		{88F8F493-F563-449B-A7BE-94FD6AB05C07} = {88F8F493-F563-449B-A7BE-94FD6AB05C07}
		{1D002C9F-0F1B-4D4C-9A83-B876895F7B30} = {1D002C9F-0F1B-4D4C-9A83-B876895F7B30}
		{4C9E6CAD-5D23-4A8E-8D86-AE839109AE9A} = {4C9E6CAD-5D23-4A8E-8D86-AE839109AE9A}
		{F7BD99BA-3163-48AC-A3AA-A8B97D60938B} = {F7BD99BA-3163-48AC-A3AA-A8B97D60938B}
		{CBF0F9BD-7F4D-4277-AE30-90AC4001EE87} = {CBF0F9BD-7F4D-4277-AE30-90AC4001EE87}
		{C6E323C8-2A52-4361-BC6C-3C6A6365F5A4} = {C6E323C8-2A52-4361-BC6C-3C6A6365F5A4}
		{0C4B6CCA-7686-4428-BC51-29C32680ED28} = {0C4B6CCA-7686-4428-BC51-29C32680ED28}
		{BDAB89E3-BC3C-4D41-B2C7-501DEBD262CC} = {BDAB89E3-BC3C-4D41-B2C7-501DEBD262CC}
		{A94185E4-2D5F-45DA-B899-CA4CB9102005} = {A94185E4-2D5F-45DA-B899-CA4CB9102005}
		{D95180EE-ECD0-45F2-9185-77D17D6A588B} = {D95180EE-ECD0-45F2-9185-77D17D6A588B}
		{77E3EAEE-C251-4649-9D02-5177339E6BAC} = {77E3EAEE-C251-4649-9D02-5177339E6BAC}
		{6A4A39F5-2015-47DB-A8E8-FF89F40DE2A0} = {6A4A39F5-2015-47DB-A8E8-FF89F40DE2A0}
		{2BAC39F7-E53F-488C-9F55-4BB35FAED8E2} = {2BAC39F7-E53F-488C-9F55-4BB35FAED8E2}
		{A5EE62FC-BF5B-49AF-8BF0-1436159B3E04} = {A5EE62FC-BF5B-49AF-8BF0-1436159B3E04}
	EndProjectSection
EndProject
Project("{FAE04EC0-301F-11D3-BF4B-00C04F79EFBC}") = "UnitTests.vs2010", "UnitTests\UnitTests.vs2010.csproj", "{0C4B6CCA-7686-4428-BC51-29C32680ED28}"
EndProject
Project("{FAE04EC0-301F-11D3-BF4B-00C04F79EFBC}") = "Atf.Collada.vs2010", "..\Framework\Atf.Collada\Atf.Collada.vs2010.csproj", "{6F80048B-E81F-4E06-9438-26C23487777C}"
EndProject
Project("{FAE04EC0-301F-11D3-BF4B-00C04F79EFBC}") = "TargetManager.vs2010", "..\Samples\TargetManager\TargetManager.vs2010.csproj", "{243D9A80-052A-41AA-AB95-6950A8A24AE9}"
EndProject
Project("{FAE04EC0-301F-11D3-BF4B-00C04F79EFBC}") = "ModelViewer.vs2010", "..\Samples\ModelViewer\ModelViewer.vs2010.csproj", "{07553179-5151-4429-B556-6730B2B131A2}"
EndProject
Project("{FAE04EC0-301F-11D3-BF4B-00C04F79EFBC}") = "DomPropertyEditor.vs2010", "..\Samples\DomPropertyEditor\DomPropertyEditor.vs2010.csproj", "{F8881840-456E-4B66-AD85-C2C5F7ED118E}"
EndProject
Project("{FAE04EC0-301F-11D3-BF4B-00C04F79EFBC}") = "Atf.Subversion.vs2010", "..\Framework\Atf.Subversion\Atf.Subversion.vs2010.csproj", "{AD8B5500-D8E2-4609-BECA-C405EA22B1AE}"
EndProject
Global
	GlobalSection(SolutionConfigurationPlatforms) = preSolution
		Debug|Any CPU = Debug|Any CPU
		Debug|Mixed Platforms = Debug|Mixed Platforms
		Debug|x64 = Debug|x64
		Debug|x86 = Debug|x86
		Release|Any CPU = Release|Any CPU
		Release|Mixed Platforms = Release|Mixed Platforms
		Release|x64 = Release|x64
		Release|x86 = Release|x86
		Description = 
	EndGlobalSection
	GlobalSection(ProjectConfigurationPlatforms) = postSolution
		{A3F98805-75BF-42A0-8799-76A749098D4A}.Debug|Any CPU.ActiveCfg = Debug|Any CPU
		{A3F98805-75BF-42A0-8799-76A749098D4A}.Debug|Any CPU.Build.0 = Debug|Any CPU
		{A3F98805-75BF-42A0-8799-76A749098D4A}.Debug|Mixed Platforms.ActiveCfg = Debug|Any CPU
		{A3F98805-75BF-42A0-8799-76A749098D4A}.Debug|Mixed Platforms.Build.0 = Debug|Any CPU
		{A3F98805-75BF-42A0-8799-76A749098D4A}.Debug|x64.ActiveCfg = Debug|Any CPU
		{A3F98805-75BF-42A0-8799-76A749098D4A}.Debug|x86.ActiveCfg = Debug|Any CPU
		{A3F98805-75BF-42A0-8799-76A749098D4A}.Debug|x86.Build.0 = Debug|Any CPU
		{A3F98805-75BF-42A0-8799-76A749098D4A}.Release|Any CPU.ActiveCfg = Release|Any CPU
		{A3F98805-75BF-42A0-8799-76A749098D4A}.Release|Any CPU.Build.0 = Release|Any CPU
		{A3F98805-75BF-42A0-8799-76A749098D4A}.Release|Mixed Platforms.ActiveCfg = Release|Any CPU
		{A3F98805-75BF-42A0-8799-76A749098D4A}.Release|Mixed Platforms.Build.0 = Release|Any CPU
		{A3F98805-75BF-42A0-8799-76A749098D4A}.Release|x64.ActiveCfg = Release|Any CPU
		{A3F98805-75BF-42A0-8799-76A749098D4A}.Release|x86.ActiveCfg = Release|Any CPU
		{A3F98805-75BF-42A0-8799-76A749098D4A}.Release|x86.Build.0 = Release|Any CPU
		{FE3CA2EA-2F56-49A5-AD02-E5DEC8694457}.Debug|Any CPU.ActiveCfg = Debug|Any CPU
		{FE3CA2EA-2F56-49A5-AD02-E5DEC8694457}.Debug|Any CPU.Build.0 = Debug|Any CPU
		{FE3CA2EA-2F56-49A5-AD02-E5DEC8694457}.Debug|Mixed Platforms.ActiveCfg = Debug|Any CPU
		{FE3CA2EA-2F56-49A5-AD02-E5DEC8694457}.Debug|Mixed Platforms.Build.0 = Debug|Any CPU
		{FE3CA2EA-2F56-49A5-AD02-E5DEC8694457}.Debug|x64.ActiveCfg = Debug|Any CPU
		{FE3CA2EA-2F56-49A5-AD02-E5DEC8694457}.Debug|x86.ActiveCfg = Debug|Any CPU
		{FE3CA2EA-2F56-49A5-AD02-E5DEC8694457}.Debug|x86.Build.0 = Debug|Any CPU
		{FE3CA2EA-2F56-49A5-AD02-E5DEC8694457}.Release|Any CPU.ActiveCfg = Release|Any CPU
		{FE3CA2EA-2F56-49A5-AD02-E5DEC8694457}.Release|Any CPU.Build.0 = Release|Any CPU
		{FE3CA2EA-2F56-49A5-AD02-E5DEC8694457}.Release|Mixed Platforms.ActiveCfg = Release|Any CPU
		{FE3CA2EA-2F56-49A5-AD02-E5DEC8694457}.Release|Mixed Platforms.Build.0 = Release|Any CPU
		{FE3CA2EA-2F56-49A5-AD02-E5DEC8694457}.Release|x64.ActiveCfg = Release|Any CPU
		{FE3CA2EA-2F56-49A5-AD02-E5DEC8694457}.Release|x86.ActiveCfg = Release|Any CPU
		{FE3CA2EA-2F56-49A5-AD02-E5DEC8694457}.Release|x86.Build.0 = Release|Any CPU
		{D1FA9A85-9359-4725-A50F-8A67A77D700C}.Debug|Any CPU.ActiveCfg = Debug|Any CPU
		{D1FA9A85-9359-4725-A50F-8A67A77D700C}.Debug|Any CPU.Build.0 = Debug|Any CPU
		{D1FA9A85-9359-4725-A50F-8A67A77D700C}.Debug|Mixed Platforms.ActiveCfg = Debug|Any CPU
		{D1FA9A85-9359-4725-A50F-8A67A77D700C}.Debug|Mixed Platforms.Build.0 = Debug|Any CPU
		{D1FA9A85-9359-4725-A50F-8A67A77D700C}.Debug|x64.ActiveCfg = Debug|Any CPU
		{D1FA9A85-9359-4725-A50F-8A67A77D700C}.Debug|x86.ActiveCfg = Debug|Any CPU
		{D1FA9A85-9359-4725-A50F-8A67A77D700C}.Debug|x86.Build.0 = Debug|Any CPU
		{D1FA9A85-9359-4725-A50F-8A67A77D700C}.Release|Any CPU.ActiveCfg = Release|Any CPU
		{D1FA9A85-9359-4725-A50F-8A67A77D700C}.Release|Any CPU.Build.0 = Release|Any CPU
		{D1FA9A85-9359-4725-A50F-8A67A77D700C}.Release|Mixed Platforms.ActiveCfg = Release|Any CPU
		{D1FA9A85-9359-4725-A50F-8A67A77D700C}.Release|Mixed Platforms.Build.0 = Release|Any CPU
		{D1FA9A85-9359-4725-A50F-8A67A77D700C}.Release|x64.ActiveCfg = Release|Any CPU
		{D1FA9A85-9359-4725-A50F-8A67A77D700C}.Release|x86.ActiveCfg = Release|Any CPU
		{D1FA9A85-9359-4725-A50F-8A67A77D700C}.Release|x86.Build.0 = Release|Any CPU
		{9D1835B6-D1C2-44BA-BAE1-05C6EC442D2F}.Debug|Any CPU.ActiveCfg = Debug|Any CPU
		{9D1835B6-D1C2-44BA-BAE1-05C6EC442D2F}.Debug|Any CPU.Build.0 = Debug|Any CPU
		{9D1835B6-D1C2-44BA-BAE1-05C6EC442D2F}.Debug|Mixed Platforms.ActiveCfg = Debug|Any CPU
		{9D1835B6-D1C2-44BA-BAE1-05C6EC442D2F}.Debug|Mixed Platforms.Build.0 = Debug|Any CPU
		{9D1835B6-D1C2-44BA-BAE1-05C6EC442D2F}.Debug|x64.ActiveCfg = Debug|Any CPU
		{9D1835B6-D1C2-44BA-BAE1-05C6EC442D2F}.Debug|x86.ActiveCfg = Debug|Any CPU
		{9D1835B6-D1C2-44BA-BAE1-05C6EC442D2F}.Debug|x86.Build.0 = Debug|Any CPU
		{9D1835B6-D1C2-44BA-BAE1-05C6EC442D2F}.Release|Any CPU.ActiveCfg = Release|Any CPU
		{9D1835B6-D1C2-44BA-BAE1-05C6EC442D2F}.Release|Any CPU.Build.0 = Release|Any CPU
		{9D1835B6-D1C2-44BA-BAE1-05C6EC442D2F}.Release|Mixed Platforms.ActiveCfg = Release|Any CPU
		{9D1835B6-D1C2-44BA-BAE1-05C6EC442D2F}.Release|Mixed Platforms.Build.0 = Release|Any CPU
		{9D1835B6-D1C2-44BA-BAE1-05C6EC442D2F}.Release|x64.ActiveCfg = Release|Any CPU
		{9D1835B6-D1C2-44BA-BAE1-05C6EC442D2F}.Release|x86.ActiveCfg = Release|Any CPU
		{9D1835B6-D1C2-44BA-BAE1-05C6EC442D2F}.Release|x86.Build.0 = Release|Any CPU
		{52D35323-1AA1-4205-A1B0-26C5E5E8D543}.Debug|Any CPU.ActiveCfg = Debug|Any CPU
		{52D35323-1AA1-4205-A1B0-26C5E5E8D543}.Debug|Any CPU.Build.0 = Debug|Any CPU
		{52D35323-1AA1-4205-A1B0-26C5E5E8D543}.Debug|Mixed Platforms.ActiveCfg = Debug|Any CPU
		{52D35323-1AA1-4205-A1B0-26C5E5E8D543}.Debug|Mixed Platforms.Build.0 = Debug|Any CPU
		{52D35323-1AA1-4205-A1B0-26C5E5E8D543}.Debug|x64.ActiveCfg = Debug|Any CPU
		{52D35323-1AA1-4205-A1B0-26C5E5E8D543}.Debug|x86.ActiveCfg = Debug|Any CPU
		{52D35323-1AA1-4205-A1B0-26C5E5E8D543}.Debug|x86.Build.0 = Debug|Any CPU
		{52D35323-1AA1-4205-A1B0-26C5E5E8D543}.Release|Any CPU.ActiveCfg = Release|Any CPU
		{52D35323-1AA1-4205-A1B0-26C5E5E8D543}.Release|Any CPU.Build.0 = Release|Any CPU
		{52D35323-1AA1-4205-A1B0-26C5E5E8D543}.Release|Mixed Platforms.ActiveCfg = Release|Any CPU
		{52D35323-1AA1-4205-A1B0-26C5E5E8D543}.Release|Mixed Platforms.Build.0 = Release|Any CPU
		{52D35323-1AA1-4205-A1B0-26C5E5E8D543}.Release|x64.ActiveCfg = Release|Any CPU
		{52D35323-1AA1-4205-A1B0-26C5E5E8D543}.Release|x86.ActiveCfg = Release|Any CPU
		{52D35323-1AA1-4205-A1B0-26C5E5E8D543}.Release|x86.Build.0 = Release|Any CPU
		{4765C2A7-F989-40DB-BC12-FCD67025B93F}.Debug|Any CPU.ActiveCfg = Debug|Any CPU
		{4765C2A7-F989-40DB-BC12-FCD67025B93F}.Debug|Any CPU.Build.0 = Debug|Any CPU
		{4765C2A7-F989-40DB-BC12-FCD67025B93F}.Debug|Mixed Platforms.ActiveCfg = Debug|Any CPU
		{4765C2A7-F989-40DB-BC12-FCD67025B93F}.Debug|Mixed Platforms.Build.0 = Debug|Any CPU
		{4765C2A7-F989-40DB-BC12-FCD67025B93F}.Debug|x64.ActiveCfg = Debug|Any CPU
		{4765C2A7-F989-40DB-BC12-FCD67025B93F}.Debug|x86.ActiveCfg = Debug|Any CPU
		{4765C2A7-F989-40DB-BC12-FCD67025B93F}.Debug|x86.Build.0 = Debug|Any CPU
		{4765C2A7-F989-40DB-BC12-FCD67025B93F}.Release|Any CPU.ActiveCfg = Release|Any CPU
		{4765C2A7-F989-40DB-BC12-FCD67025B93F}.Release|Any CPU.Build.0 = Release|Any CPU
		{4765C2A7-F989-40DB-BC12-FCD67025B93F}.Release|Mixed Platforms.ActiveCfg = Release|Any CPU
		{4765C2A7-F989-40DB-BC12-FCD67025B93F}.Release|Mixed Platforms.Build.0 = Release|Any CPU
		{4765C2A7-F989-40DB-BC12-FCD67025B93F}.Release|x64.ActiveCfg = Release|Any CPU
		{4765C2A7-F989-40DB-BC12-FCD67025B93F}.Release|x86.ActiveCfg = Release|Any CPU
		{4765C2A7-F989-40DB-BC12-FCD67025B93F}.Release|x86.Build.0 = Release|Any CPU
		{7C36A258-9102-420D-B80A-5EB5717644B6}.Debug|Any CPU.ActiveCfg = Debug|Any CPU
		{7C36A258-9102-420D-B80A-5EB5717644B6}.Debug|Any CPU.Build.0 = Debug|Any CPU
		{7C36A258-9102-420D-B80A-5EB5717644B6}.Debug|Mixed Platforms.ActiveCfg = Debug|Any CPU
		{7C36A258-9102-420D-B80A-5EB5717644B6}.Debug|Mixed Platforms.Build.0 = Debug|Any CPU
		{7C36A258-9102-420D-B80A-5EB5717644B6}.Debug|x64.ActiveCfg = Debug|Any CPU
		{7C36A258-9102-420D-B80A-5EB5717644B6}.Debug|x86.ActiveCfg = Debug|Any CPU
		{7C36A258-9102-420D-B80A-5EB5717644B6}.Debug|x86.Build.0 = Debug|Any CPU
		{7C36A258-9102-420D-B80A-5EB5717644B6}.Release|Any CPU.ActiveCfg = Release|Any CPU
		{7C36A258-9102-420D-B80A-5EB5717644B6}.Release|Any CPU.Build.0 = Release|Any CPU
		{7C36A258-9102-420D-B80A-5EB5717644B6}.Release|Mixed Platforms.ActiveCfg = Release|Any CPU
		{7C36A258-9102-420D-B80A-5EB5717644B6}.Release|Mixed Platforms.Build.0 = Release|Any CPU
		{7C36A258-9102-420D-B80A-5EB5717644B6}.Release|x64.ActiveCfg = Release|Any CPU
		{7C36A258-9102-420D-B80A-5EB5717644B6}.Release|x86.ActiveCfg = Release|Any CPU
		{7C36A258-9102-420D-B80A-5EB5717644B6}.Release|x86.Build.0 = Release|Any CPU
		{050FC659-553F-4911-A609-5BA1BE4EDBF8}.Debug|Any CPU.ActiveCfg = Debug|Any CPU
		{050FC659-553F-4911-A609-5BA1BE4EDBF8}.Debug|Any CPU.Build.0 = Debug|Any CPU
		{050FC659-553F-4911-A609-5BA1BE4EDBF8}.Debug|Mixed Platforms.ActiveCfg = Debug|Any CPU
		{050FC659-553F-4911-A609-5BA1BE4EDBF8}.Debug|Mixed Platforms.Build.0 = Debug|Any CPU
		{050FC659-553F-4911-A609-5BA1BE4EDBF8}.Debug|x64.ActiveCfg = Debug|Any CPU
		{050FC659-553F-4911-A609-5BA1BE4EDBF8}.Debug|x86.ActiveCfg = Debug|Any CPU
		{050FC659-553F-4911-A609-5BA1BE4EDBF8}.Debug|x86.Build.0 = Debug|Any CPU
		{050FC659-553F-4911-A609-5BA1BE4EDBF8}.Release|Any CPU.ActiveCfg = Release|Any CPU
		{050FC659-553F-4911-A609-5BA1BE4EDBF8}.Release|Any CPU.Build.0 = Release|Any CPU
		{050FC659-553F-4911-A609-5BA1BE4EDBF8}.Release|Mixed Platforms.ActiveCfg = Release|Any CPU
		{050FC659-553F-4911-A609-5BA1BE4EDBF8}.Release|Mixed Platforms.Build.0 = Release|Any CPU
		{050FC659-553F-4911-A609-5BA1BE4EDBF8}.Release|x64.ActiveCfg = Release|Any CPU
		{050FC659-553F-4911-A609-5BA1BE4EDBF8}.Release|x86.ActiveCfg = Release|Any CPU
		{050FC659-553F-4911-A609-5BA1BE4EDBF8}.Release|x86.Build.0 = Release|Any CPU
		{7F794C24-7A8D-4D21-B443-F03509669F89}.Debug|Any CPU.ActiveCfg = Debug|Any CPU
		{7F794C24-7A8D-4D21-B443-F03509669F89}.Debug|Any CPU.Build.0 = Debug|Any CPU
		{7F794C24-7A8D-4D21-B443-F03509669F89}.Debug|Mixed Platforms.ActiveCfg = Debug|Any CPU
		{7F794C24-7A8D-4D21-B443-F03509669F89}.Debug|Mixed Platforms.Build.0 = Debug|Any CPU
		{7F794C24-7A8D-4D21-B443-F03509669F89}.Debug|x64.ActiveCfg = Debug|Any CPU
		{7F794C24-7A8D-4D21-B443-F03509669F89}.Debug|x86.ActiveCfg = Debug|Any CPU
		{7F794C24-7A8D-4D21-B443-F03509669F89}.Debug|x86.Build.0 = Debug|Any CPU
		{7F794C24-7A8D-4D21-B443-F03509669F89}.Release|Any CPU.ActiveCfg = Release|Any CPU
		{7F794C24-7A8D-4D21-B443-F03509669F89}.Release|Any CPU.Build.0 = Release|Any CPU
		{7F794C24-7A8D-4D21-B443-F03509669F89}.Release|Mixed Platforms.ActiveCfg = Release|Any CPU
		{7F794C24-7A8D-4D21-B443-F03509669F89}.Release|Mixed Platforms.Build.0 = Release|Any CPU
		{7F794C24-7A8D-4D21-B443-F03509669F89}.Release|x64.ActiveCfg = Release|Any CPU
		{7F794C24-7A8D-4D21-B443-F03509669F89}.Release|x86.ActiveCfg = Release|Any CPU
		{7F794C24-7A8D-4D21-B443-F03509669F89}.Release|x86.Build.0 = Release|Any CPU
		{C7A306E0-32AE-4053-8882-E1A1E702C139}.Debug|Any CPU.ActiveCfg = Debug|x86
		{C7A306E0-32AE-4053-8882-E1A1E702C139}.Debug|Any CPU.Build.0 = Debug|x86
		{C7A306E0-32AE-4053-8882-E1A1E702C139}.Debug|Mixed Platforms.ActiveCfg = Debug|x86
		{C7A306E0-32AE-4053-8882-E1A1E702C139}.Debug|Mixed Platforms.Build.0 = Debug|x86
		{C7A306E0-32AE-4053-8882-E1A1E702C139}.Debug|x64.ActiveCfg = Debug|x64
		{C7A306E0-32AE-4053-8882-E1A1E702C139}.Debug|x64.Build.0 = Debug|x64
		{C7A306E0-32AE-4053-8882-E1A1E702C139}.Debug|x86.ActiveCfg = Debug|x86
		{C7A306E0-32AE-4053-8882-E1A1E702C139}.Debug|x86.Build.0 = Debug|x86
		{C7A306E0-32AE-4053-8882-E1A1E702C139}.Release|Any CPU.ActiveCfg = Release|x86
		{C7A306E0-32AE-4053-8882-E1A1E702C139}.Release|Any CPU.Build.0 = Release|x86
		{C7A306E0-32AE-4053-8882-E1A1E702C139}.Release|Mixed Platforms.ActiveCfg = Release|x86
		{C7A306E0-32AE-4053-8882-E1A1E702C139}.Release|Mixed Platforms.Build.0 = Release|x86
		{C7A306E0-32AE-4053-8882-E1A1E702C139}.Release|x64.ActiveCfg = Release|x64
		{C7A306E0-32AE-4053-8882-E1A1E702C139}.Release|x64.Build.0 = Release|x64
		{C7A306E0-32AE-4053-8882-E1A1E702C139}.Release|x86.ActiveCfg = Release|x86
		{C7A306E0-32AE-4053-8882-E1A1E702C139}.Release|x86.Build.0 = Release|x86
		{D1A78912-9AD2-4555-8560-B251A4D751DC}.Debug|Any CPU.ActiveCfg = Debug|Any CPU
		{D1A78912-9AD2-4555-8560-B251A4D751DC}.Debug|Any CPU.Build.0 = Debug|Any CPU
		{D1A78912-9AD2-4555-8560-B251A4D751DC}.Debug|Mixed Platforms.ActiveCfg = Debug|Any CPU
		{D1A78912-9AD2-4555-8560-B251A4D751DC}.Debug|Mixed Platforms.Build.0 = Debug|Any CPU
		{D1A78912-9AD2-4555-8560-B251A4D751DC}.Debug|x64.ActiveCfg = Debug|Any CPU
		{D1A78912-9AD2-4555-8560-B251A4D751DC}.Debug|x86.ActiveCfg = Debug|Any CPU
		{D1A78912-9AD2-4555-8560-B251A4D751DC}.Debug|x86.Build.0 = Debug|Any CPU
		{D1A78912-9AD2-4555-8560-B251A4D751DC}.Release|Any CPU.ActiveCfg = Release|Any CPU
		{D1A78912-9AD2-4555-8560-B251A4D751DC}.Release|Any CPU.Build.0 = Release|Any CPU
		{D1A78912-9AD2-4555-8560-B251A4D751DC}.Release|Mixed Platforms.ActiveCfg = Release|Any CPU
		{D1A78912-9AD2-4555-8560-B251A4D751DC}.Release|Mixed Platforms.Build.0 = Release|Any CPU
		{D1A78912-9AD2-4555-8560-B251A4D751DC}.Release|x64.ActiveCfg = Release|Any CPU
		{D1A78912-9AD2-4555-8560-B251A4D751DC}.Release|x86.ActiveCfg = Release|Any CPU
		{D1A78912-9AD2-4555-8560-B251A4D751DC}.Release|x86.Build.0 = Release|Any CPU
		{9B4E81C1-BA7F-4A23-90FE-056E0FF3CF11}.Debug|Any CPU.ActiveCfg = Debug|Any CPU
		{9B4E81C1-BA7F-4A23-90FE-056E0FF3CF11}.Debug|Any CPU.Build.0 = Debug|Any CPU
		{9B4E81C1-BA7F-4A23-90FE-056E0FF3CF11}.Debug|Mixed Platforms.ActiveCfg = Debug|Any CPU
		{9B4E81C1-BA7F-4A23-90FE-056E0FF3CF11}.Debug|Mixed Platforms.Build.0 = Debug|Any CPU
		{9B4E81C1-BA7F-4A23-90FE-056E0FF3CF11}.Debug|x64.ActiveCfg = Debug|Any CPU
		{9B4E81C1-BA7F-4A23-90FE-056E0FF3CF11}.Debug|x86.ActiveCfg = Debug|Any CPU
		{9B4E81C1-BA7F-4A23-90FE-056E0FF3CF11}.Debug|x86.Build.0 = Debug|Any CPU
		{9B4E81C1-BA7F-4A23-90FE-056E0FF3CF11}.Release|Any CPU.ActiveCfg = Release|Any CPU
		{9B4E81C1-BA7F-4A23-90FE-056E0FF3CF11}.Release|Any CPU.Build.0 = Release|Any CPU
		{9B4E81C1-BA7F-4A23-90FE-056E0FF3CF11}.Release|Mixed Platforms.ActiveCfg = Release|Any CPU
		{9B4E81C1-BA7F-4A23-90FE-056E0FF3CF11}.Release|Mixed Platforms.Build.0 = Release|Any CPU
		{9B4E81C1-BA7F-4A23-90FE-056E0FF3CF11}.Release|x64.ActiveCfg = Release|Any CPU
		{9B4E81C1-BA7F-4A23-90FE-056E0FF3CF11}.Release|x86.ActiveCfg = Release|Any CPU
		{9B4E81C1-BA7F-4A23-90FE-056E0FF3CF11}.Release|x86.Build.0 = Release|Any CPU
		{913E3E5C-27A3-405C-8CB0-EE8148641E4F}.Debug|Any CPU.ActiveCfg = Debug|Any CPU
		{913E3E5C-27A3-405C-8CB0-EE8148641E4F}.Debug|Any CPU.Build.0 = Debug|Any CPU
		{913E3E5C-27A3-405C-8CB0-EE8148641E4F}.Debug|Mixed Platforms.ActiveCfg = Debug|Any CPU
		{913E3E5C-27A3-405C-8CB0-EE8148641E4F}.Debug|Mixed Platforms.Build.0 = Debug|Any CPU
		{913E3E5C-27A3-405C-8CB0-EE8148641E4F}.Debug|x64.ActiveCfg = Debug|Any CPU
		{913E3E5C-27A3-405C-8CB0-EE8148641E4F}.Debug|x86.ActiveCfg = Debug|Any CPU
		{913E3E5C-27A3-405C-8CB0-EE8148641E4F}.Debug|x86.Build.0 = Debug|Any CPU
		{913E3E5C-27A3-405C-8CB0-EE8148641E4F}.Release|Any CPU.ActiveCfg = Release|Any CPU
		{913E3E5C-27A3-405C-8CB0-EE8148641E4F}.Release|Any CPU.Build.0 = Release|Any CPU
		{913E3E5C-27A3-405C-8CB0-EE8148641E4F}.Release|Mixed Platforms.ActiveCfg = Release|Any CPU
		{913E3E5C-27A3-405C-8CB0-EE8148641E4F}.Release|Mixed Platforms.Build.0 = Release|Any CPU
		{913E3E5C-27A3-405C-8CB0-EE8148641E4F}.Release|x64.ActiveCfg = Release|Any CPU
		{913E3E5C-27A3-405C-8CB0-EE8148641E4F}.Release|x86.ActiveCfg = Release|Any CPU
		{913E3E5C-27A3-405C-8CB0-EE8148641E4F}.Release|x86.Build.0 = Release|Any CPU
		{736939AD-F044-4F0C-B766-86190B50B6E2}.Debug|Any CPU.ActiveCfg = Debug|Any CPU
		{736939AD-F044-4F0C-B766-86190B50B6E2}.Debug|Any CPU.Build.0 = Debug|Any CPU
		{736939AD-F044-4F0C-B766-86190B50B6E2}.Debug|Mixed Platforms.ActiveCfg = Debug|Any CPU
		{736939AD-F044-4F0C-B766-86190B50B6E2}.Debug|Mixed Platforms.Build.0 = Debug|Any CPU
		{736939AD-F044-4F0C-B766-86190B50B6E2}.Debug|x64.ActiveCfg = Debug|Any CPU
		{736939AD-F044-4F0C-B766-86190B50B6E2}.Debug|x86.ActiveCfg = Debug|Any CPU
		{736939AD-F044-4F0C-B766-86190B50B6E2}.Debug|x86.Build.0 = Debug|Any CPU
		{736939AD-F044-4F0C-B766-86190B50B6E2}.Release|Any CPU.ActiveCfg = Release|Any CPU
		{736939AD-F044-4F0C-B766-86190B50B6E2}.Release|Any CPU.Build.0 = Release|Any CPU
		{736939AD-F044-4F0C-B766-86190B50B6E2}.Release|Mixed Platforms.ActiveCfg = Release|Any CPU
		{736939AD-F044-4F0C-B766-86190B50B6E2}.Release|Mixed Platforms.Build.0 = Release|Any CPU
		{736939AD-F044-4F0C-B766-86190B50B6E2}.Release|x64.ActiveCfg = Release|Any CPU
		{736939AD-F044-4F0C-B766-86190B50B6E2}.Release|x86.ActiveCfg = Release|Any CPU
		{736939AD-F044-4F0C-B766-86190B50B6E2}.Release|x86.Build.0 = Release|Any CPU
		{C706455C-79FA-4C8B-8E69-3B9063553153}.Debug|Any CPU.ActiveCfg = Debug|Any CPU
		{C706455C-79FA-4C8B-8E69-3B9063553153}.Debug|Any CPU.Build.0 = Debug|Any CPU
		{C706455C-79FA-4C8B-8E69-3B9063553153}.Debug|Mixed Platforms.ActiveCfg = Debug|Any CPU
		{C706455C-79FA-4C8B-8E69-3B9063553153}.Debug|Mixed Platforms.Build.0 = Debug|Any CPU
		{C706455C-79FA-4C8B-8E69-3B9063553153}.Debug|x64.ActiveCfg = Debug|Any CPU
		{C706455C-79FA-4C8B-8E69-3B9063553153}.Debug|x86.ActiveCfg = Debug|Any CPU
		{C706455C-79FA-4C8B-8E69-3B9063553153}.Debug|x86.Build.0 = Debug|Any CPU
		{C706455C-79FA-4C8B-8E69-3B9063553153}.Release|Any CPU.ActiveCfg = Release|Any CPU
		{C706455C-79FA-4C8B-8E69-3B9063553153}.Release|Any CPU.Build.0 = Release|Any CPU
		{C706455C-79FA-4C8B-8E69-3B9063553153}.Release|Mixed Platforms.ActiveCfg = Release|Any CPU
		{C706455C-79FA-4C8B-8E69-3B9063553153}.Release|Mixed Platforms.Build.0 = Release|Any CPU
		{C706455C-79FA-4C8B-8E69-3B9063553153}.Release|x64.ActiveCfg = Release|Any CPU
		{C706455C-79FA-4C8B-8E69-3B9063553153}.Release|x86.ActiveCfg = Release|Any CPU
		{C706455C-79FA-4C8B-8E69-3B9063553153}.Release|x86.Build.0 = Release|Any CPU
		{665EAA45-44C4-4648-9E6A-A906B95D33E7}.Debug|Any CPU.ActiveCfg = Debug|Any CPU
		{665EAA45-44C4-4648-9E6A-A906B95D33E7}.Debug|Any CPU.Build.0 = Debug|Any CPU
		{665EAA45-44C4-4648-9E6A-A906B95D33E7}.Debug|Mixed Platforms.ActiveCfg = Debug|Any CPU
		{665EAA45-44C4-4648-9E6A-A906B95D33E7}.Debug|Mixed Platforms.Build.0 = Debug|Any CPU
		{665EAA45-44C4-4648-9E6A-A906B95D33E7}.Debug|x64.ActiveCfg = Debug|Any CPU
		{665EAA45-44C4-4648-9E6A-A906B95D33E7}.Debug|x86.ActiveCfg = Debug|Any CPU
		{665EAA45-44C4-4648-9E6A-A906B95D33E7}.Debug|x86.Build.0 = Debug|Any CPU
		{665EAA45-44C4-4648-9E6A-A906B95D33E7}.Release|Any CPU.ActiveCfg = Release|Any CPU
		{665EAA45-44C4-4648-9E6A-A906B95D33E7}.Release|Any CPU.Build.0 = Release|Any CPU
		{665EAA45-44C4-4648-9E6A-A906B95D33E7}.Release|Mixed Platforms.ActiveCfg = Release|Any CPU
		{665EAA45-44C4-4648-9E6A-A906B95D33E7}.Release|Mixed Platforms.Build.0 = Release|Any CPU
		{665EAA45-44C4-4648-9E6A-A906B95D33E7}.Release|x64.ActiveCfg = Release|Any CPU
		{665EAA45-44C4-4648-9E6A-A906B95D33E7}.Release|x86.ActiveCfg = Release|Any CPU
		{665EAA45-44C4-4648-9E6A-A906B95D33E7}.Release|x86.Build.0 = Release|Any CPU
		{FC503289-7023-42C3-9750-7A70C0EFCC3A}.Debug|Any CPU.ActiveCfg = Debug|Any CPU
		{FC503289-7023-42C3-9750-7A70C0EFCC3A}.Debug|Any CPU.Build.0 = Debug|Any CPU
		{FC503289-7023-42C3-9750-7A70C0EFCC3A}.Debug|Mixed Platforms.ActiveCfg = Debug|Any CPU
		{FC503289-7023-42C3-9750-7A70C0EFCC3A}.Debug|Mixed Platforms.Build.0 = Debug|Any CPU
		{FC503289-7023-42C3-9750-7A70C0EFCC3A}.Debug|x64.ActiveCfg = Debug|Any CPU
		{FC503289-7023-42C3-9750-7A70C0EFCC3A}.Debug|x86.ActiveCfg = Debug|Any CPU
		{FC503289-7023-42C3-9750-7A70C0EFCC3A}.Debug|x86.Build.0 = Debug|Any CPU
		{FC503289-7023-42C3-9750-7A70C0EFCC3A}.Release|Any CPU.ActiveCfg = Release|Any CPU
		{FC503289-7023-42C3-9750-7A70C0EFCC3A}.Release|Any CPU.Build.0 = Release|Any CPU
		{FC503289-7023-42C3-9750-7A70C0EFCC3A}.Release|Mixed Platforms.ActiveCfg = Release|Any CPU
		{FC503289-7023-42C3-9750-7A70C0EFCC3A}.Release|Mixed Platforms.Build.0 = Release|Any CPU
		{FC503289-7023-42C3-9750-7A70C0EFCC3A}.Release|x64.ActiveCfg = Release|Any CPU
		{FC503289-7023-42C3-9750-7A70C0EFCC3A}.Release|x86.ActiveCfg = Release|Any CPU
		{FC503289-7023-42C3-9750-7A70C0EFCC3A}.Release|x86.Build.0 = Release|Any CPU
		{8B15517B-8D27-498E-9E65-DC0344683ED5}.Debug|Any CPU.ActiveCfg = Debug|Any CPU
		{8B15517B-8D27-498E-9E65-DC0344683ED5}.Debug|Any CPU.Build.0 = Debug|Any CPU
		{8B15517B-8D27-498E-9E65-DC0344683ED5}.Debug|Mixed Platforms.ActiveCfg = Debug|Any CPU
		{8B15517B-8D27-498E-9E65-DC0344683ED5}.Debug|Mixed Platforms.Build.0 = Debug|Any CPU
		{8B15517B-8D27-498E-9E65-DC0344683ED5}.Debug|x64.ActiveCfg = Debug|Any CPU
		{8B15517B-8D27-498E-9E65-DC0344683ED5}.Debug|x86.ActiveCfg = Debug|Any CPU
		{8B15517B-8D27-498E-9E65-DC0344683ED5}.Debug|x86.Build.0 = Debug|Any CPU
		{8B15517B-8D27-498E-9E65-DC0344683ED5}.Release|Any CPU.ActiveCfg = Release|Any CPU
		{8B15517B-8D27-498E-9E65-DC0344683ED5}.Release|Any CPU.Build.0 = Release|Any CPU
		{8B15517B-8D27-498E-9E65-DC0344683ED5}.Release|Mixed Platforms.ActiveCfg = Release|Any CPU
		{8B15517B-8D27-498E-9E65-DC0344683ED5}.Release|Mixed Platforms.Build.0 = Release|Any CPU
		{8B15517B-8D27-498E-9E65-DC0344683ED5}.Release|x64.ActiveCfg = Release|Any CPU
		{8B15517B-8D27-498E-9E65-DC0344683ED5}.Release|x86.ActiveCfg = Release|Any CPU
		{8B15517B-8D27-498E-9E65-DC0344683ED5}.Release|x86.Build.0 = Release|Any CPU
		{C96F937E-CD24-4309-B499-0BF6280EA018}.Debug|Any CPU.ActiveCfg = Debug|Any CPU
		{C96F937E-CD24-4309-B499-0BF6280EA018}.Debug|Any CPU.Build.0 = Debug|Any CPU
		{C96F937E-CD24-4309-B499-0BF6280EA018}.Debug|Mixed Platforms.ActiveCfg = Debug|Any CPU
		{C96F937E-CD24-4309-B499-0BF6280EA018}.Debug|Mixed Platforms.Build.0 = Debug|Any CPU
		{C96F937E-CD24-4309-B499-0BF6280EA018}.Debug|x64.ActiveCfg = Debug|Any CPU
		{C96F937E-CD24-4309-B499-0BF6280EA018}.Debug|x86.ActiveCfg = Debug|Any CPU
		{C96F937E-CD24-4309-B499-0BF6280EA018}.Debug|x86.Build.0 = Debug|Any CPU
		{C96F937E-CD24-4309-B499-0BF6280EA018}.Release|Any CPU.ActiveCfg = Release|Any CPU
		{C96F937E-CD24-4309-B499-0BF6280EA018}.Release|Any CPU.Build.0 = Release|Any CPU
		{C96F937E-CD24-4309-B499-0BF6280EA018}.Release|Mixed Platforms.ActiveCfg = Release|Any CPU
		{C96F937E-CD24-4309-B499-0BF6280EA018}.Release|Mixed Platforms.Build.0 = Release|Any CPU
		{C96F937E-CD24-4309-B499-0BF6280EA018}.Release|x64.ActiveCfg = Release|Any CPU
		{C96F937E-CD24-4309-B499-0BF6280EA018}.Release|x86.ActiveCfg = Release|Any CPU
		{C96F937E-CD24-4309-B499-0BF6280EA018}.Release|x86.Build.0 = Release|Any CPU
		{77E3EAEE-C251-4649-9D02-5177339E6BAC}.Debug|Any CPU.ActiveCfg = Debug|Any CPU
		{77E3EAEE-C251-4649-9D02-5177339E6BAC}.Debug|Any CPU.Build.0 = Debug|Any CPU
		{77E3EAEE-C251-4649-9D02-5177339E6BAC}.Debug|Mixed Platforms.ActiveCfg = Debug|Any CPU
		{77E3EAEE-C251-4649-9D02-5177339E6BAC}.Debug|Mixed Platforms.Build.0 = Debug|Any CPU
		{77E3EAEE-C251-4649-9D02-5177339E6BAC}.Debug|x64.ActiveCfg = Debug|Any CPU
		{77E3EAEE-C251-4649-9D02-5177339E6BAC}.Debug|x86.ActiveCfg = Debug|Any CPU
		{77E3EAEE-C251-4649-9D02-5177339E6BAC}.Debug|x86.Build.0 = Debug|Any CPU
		{77E3EAEE-C251-4649-9D02-5177339E6BAC}.Release|Any CPU.ActiveCfg = Release|Any CPU
		{77E3EAEE-C251-4649-9D02-5177339E6BAC}.Release|Any CPU.Build.0 = Release|Any CPU
		{77E3EAEE-C251-4649-9D02-5177339E6BAC}.Release|Mixed Platforms.ActiveCfg = Release|Any CPU
		{77E3EAEE-C251-4649-9D02-5177339E6BAC}.Release|Mixed Platforms.Build.0 = Release|Any CPU
		{77E3EAEE-C251-4649-9D02-5177339E6BAC}.Release|x64.ActiveCfg = Release|Any CPU
		{77E3EAEE-C251-4649-9D02-5177339E6BAC}.Release|x86.ActiveCfg = Release|Any CPU
		{77E3EAEE-C251-4649-9D02-5177339E6BAC}.Release|x86.Build.0 = Release|Any CPU
		{3302DF97-A342-4107-8F8F-E5A1F545B0D1}.Debug|Any CPU.ActiveCfg = Debug|Any CPU
		{3302DF97-A342-4107-8F8F-E5A1F545B0D1}.Debug|Any CPU.Build.0 = Debug|Any CPU
		{3302DF97-A342-4107-8F8F-E5A1F545B0D1}.Debug|Mixed Platforms.ActiveCfg = Debug|Any CPU
		{3302DF97-A342-4107-8F8F-E5A1F545B0D1}.Debug|Mixed Platforms.Build.0 = Debug|Any CPU
		{3302DF97-A342-4107-8F8F-E5A1F545B0D1}.Debug|x64.ActiveCfg = Debug|Any CPU
		{3302DF97-A342-4107-8F8F-E5A1F545B0D1}.Debug|x86.ActiveCfg = Debug|Any CPU
		{3302DF97-A342-4107-8F8F-E5A1F545B0D1}.Debug|x86.Build.0 = Debug|Any CPU
		{3302DF97-A342-4107-8F8F-E5A1F545B0D1}.Release|Any CPU.ActiveCfg = Release|Any CPU
		{3302DF97-A342-4107-8F8F-E5A1F545B0D1}.Release|Any CPU.Build.0 = Release|Any CPU
		{3302DF97-A342-4107-8F8F-E5A1F545B0D1}.Release|Mixed Platforms.ActiveCfg = Release|Any CPU
		{3302DF97-A342-4107-8F8F-E5A1F545B0D1}.Release|Mixed Platforms.Build.0 = Release|Any CPU
		{3302DF97-A342-4107-8F8F-E5A1F545B0D1}.Release|x64.ActiveCfg = Release|Any CPU
		{3302DF97-A342-4107-8F8F-E5A1F545B0D1}.Release|x86.ActiveCfg = Release|Any CPU
		{3302DF97-A342-4107-8F8F-E5A1F545B0D1}.Release|x86.Build.0 = Release|Any CPU
		{B2A28EF9-F1AE-44DD-8464-A44DDC26D966}.Debug|Any CPU.ActiveCfg = Debug|Any CPU
		{B2A28EF9-F1AE-44DD-8464-A44DDC26D966}.Debug|Any CPU.Build.0 = Debug|Any CPU
		{B2A28EF9-F1AE-44DD-8464-A44DDC26D966}.Debug|Mixed Platforms.ActiveCfg = Debug|Any CPU
		{B2A28EF9-F1AE-44DD-8464-A44DDC26D966}.Debug|Mixed Platforms.Build.0 = Debug|Any CPU
		{B2A28EF9-F1AE-44DD-8464-A44DDC26D966}.Debug|x64.ActiveCfg = Debug|Any CPU
		{B2A28EF9-F1AE-44DD-8464-A44DDC26D966}.Debug|x86.ActiveCfg = Debug|Any CPU
		{B2A28EF9-F1AE-44DD-8464-A44DDC26D966}.Debug|x86.Build.0 = Debug|Any CPU
		{B2A28EF9-F1AE-44DD-8464-A44DDC26D966}.Release|Any CPU.ActiveCfg = Release|Any CPU
		{B2A28EF9-F1AE-44DD-8464-A44DDC26D966}.Release|Any CPU.Build.0 = Release|Any CPU
		{B2A28EF9-F1AE-44DD-8464-A44DDC26D966}.Release|Mixed Platforms.ActiveCfg = Release|Any CPU
		{B2A28EF9-F1AE-44DD-8464-A44DDC26D966}.Release|Mixed Platforms.Build.0 = Release|Any CPU
		{B2A28EF9-F1AE-44DD-8464-A44DDC26D966}.Release|x64.ActiveCfg = Release|Any CPU
		{B2A28EF9-F1AE-44DD-8464-A44DDC26D966}.Release|x86.ActiveCfg = Release|Any CPU
		{B2A28EF9-F1AE-44DD-8464-A44DDC26D966}.Release|x86.Build.0 = Release|Any CPU
		{AA643968-39AB-44DA-A01C-6CD7E22845F0}.Debug|Any CPU.ActiveCfg = Debug|Any CPU
		{AA643968-39AB-44DA-A01C-6CD7E22845F0}.Debug|Any CPU.Build.0 = Debug|Any CPU
		{AA643968-39AB-44DA-A01C-6CD7E22845F0}.Debug|Mixed Platforms.ActiveCfg = Debug|Any CPU
		{AA643968-39AB-44DA-A01C-6CD7E22845F0}.Debug|Mixed Platforms.Build.0 = Debug|Any CPU
		{AA643968-39AB-44DA-A01C-6CD7E22845F0}.Debug|x64.ActiveCfg = Debug|Any CPU
		{AA643968-39AB-44DA-A01C-6CD7E22845F0}.Debug|x86.ActiveCfg = Debug|Any CPU
		{AA643968-39AB-44DA-A01C-6CD7E22845F0}.Debug|x86.Build.0 = Debug|Any CPU
		{AA643968-39AB-44DA-A01C-6CD7E22845F0}.Release|Any CPU.ActiveCfg = Release|Any CPU
		{AA643968-39AB-44DA-A01C-6CD7E22845F0}.Release|Any CPU.Build.0 = Release|Any CPU
		{AA643968-39AB-44DA-A01C-6CD7E22845F0}.Release|Mixed Platforms.ActiveCfg = Release|Any CPU
		{AA643968-39AB-44DA-A01C-6CD7E22845F0}.Release|Mixed Platforms.Build.0 = Release|Any CPU
		{AA643968-39AB-44DA-A01C-6CD7E22845F0}.Release|x64.ActiveCfg = Release|Any CPU
		{AA643968-39AB-44DA-A01C-6CD7E22845F0}.Release|x86.ActiveCfg = Release|Any CPU
		{AA643968-39AB-44DA-A01C-6CD7E22845F0}.Release|x86.Build.0 = Release|Any CPU
		{81CCA79C-F16D-490B-BC6D-9E138A4847E9}.Debug|Any CPU.ActiveCfg = Debug|Any CPU
		{81CCA79C-F16D-490B-BC6D-9E138A4847E9}.Debug|Any CPU.Build.0 = Debug|Any CPU
		{81CCA79C-F16D-490B-BC6D-9E138A4847E9}.Debug|Mixed Platforms.ActiveCfg = Debug|Any CPU
		{81CCA79C-F16D-490B-BC6D-9E138A4847E9}.Debug|Mixed Platforms.Build.0 = Debug|Any CPU
		{81CCA79C-F16D-490B-BC6D-9E138A4847E9}.Debug|x64.ActiveCfg = Debug|Any CPU
		{81CCA79C-F16D-490B-BC6D-9E138A4847E9}.Debug|x86.ActiveCfg = Debug|Any CPU
		{81CCA79C-F16D-490B-BC6D-9E138A4847E9}.Debug|x86.Build.0 = Debug|Any CPU
		{81CCA79C-F16D-490B-BC6D-9E138A4847E9}.Release|Any CPU.ActiveCfg = Release|Any CPU
		{81CCA79C-F16D-490B-BC6D-9E138A4847E9}.Release|Any CPU.Build.0 = Release|Any CPU
		{81CCA79C-F16D-490B-BC6D-9E138A4847E9}.Release|Mixed Platforms.ActiveCfg = Release|Any CPU
		{81CCA79C-F16D-490B-BC6D-9E138A4847E9}.Release|Mixed Platforms.Build.0 = Release|Any CPU
		{81CCA79C-F16D-490B-BC6D-9E138A4847E9}.Release|x64.ActiveCfg = Release|Any CPU
		{81CCA79C-F16D-490B-BC6D-9E138A4847E9}.Release|x86.ActiveCfg = Release|Any CPU
		{81CCA79C-F16D-490B-BC6D-9E138A4847E9}.Release|x86.Build.0 = Release|Any CPU
		{BAF8F2D9-9A63-4AC3-8264-70C0ADB4983E}.Debug|Any CPU.ActiveCfg = Debug|Any CPU
		{BAF8F2D9-9A63-4AC3-8264-70C0ADB4983E}.Debug|Any CPU.Build.0 = Debug|Any CPU
		{BAF8F2D9-9A63-4AC3-8264-70C0ADB4983E}.Debug|Mixed Platforms.ActiveCfg = Debug|Any CPU
		{BAF8F2D9-9A63-4AC3-8264-70C0ADB4983E}.Debug|Mixed Platforms.Build.0 = Debug|Any CPU
		{BAF8F2D9-9A63-4AC3-8264-70C0ADB4983E}.Debug|x64.ActiveCfg = Debug|Any CPU
		{BAF8F2D9-9A63-4AC3-8264-70C0ADB4983E}.Debug|x86.ActiveCfg = Debug|Any CPU
		{BAF8F2D9-9A63-4AC3-8264-70C0ADB4983E}.Debug|x86.Build.0 = Debug|Any CPU
		{BAF8F2D9-9A63-4AC3-8264-70C0ADB4983E}.Release|Any CPU.ActiveCfg = Release|Any CPU
		{BAF8F2D9-9A63-4AC3-8264-70C0ADB4983E}.Release|Any CPU.Build.0 = Release|Any CPU
		{BAF8F2D9-9A63-4AC3-8264-70C0ADB4983E}.Release|Mixed Platforms.ActiveCfg = Release|Any CPU
		{BAF8F2D9-9A63-4AC3-8264-70C0ADB4983E}.Release|Mixed Platforms.Build.0 = Release|Any CPU
		{BAF8F2D9-9A63-4AC3-8264-70C0ADB4983E}.Release|x64.ActiveCfg = Release|Any CPU
		{BAF8F2D9-9A63-4AC3-8264-70C0ADB4983E}.Release|x86.ActiveCfg = Release|Any CPU
		{BAF8F2D9-9A63-4AC3-8264-70C0ADB4983E}.Release|x86.Build.0 = Release|Any CPU
		{15008814-8B71-4774-A4B6-02D7CE989513}.Debug|Any CPU.ActiveCfg = Debug|Any CPU
		{15008814-8B71-4774-A4B6-02D7CE989513}.Debug|Any CPU.Build.0 = Debug|Any CPU
		{15008814-8B71-4774-A4B6-02D7CE989513}.Debug|Mixed Platforms.ActiveCfg = Debug|Any CPU
		{15008814-8B71-4774-A4B6-02D7CE989513}.Debug|Mixed Platforms.Build.0 = Debug|Any CPU
		{15008814-8B71-4774-A4B6-02D7CE989513}.Debug|x64.ActiveCfg = Debug|Any CPU
		{15008814-8B71-4774-A4B6-02D7CE989513}.Debug|x86.ActiveCfg = Debug|Any CPU
		{15008814-8B71-4774-A4B6-02D7CE989513}.Release|Any CPU.ActiveCfg = Release|Any CPU
		{15008814-8B71-4774-A4B6-02D7CE989513}.Release|Any CPU.Build.0 = Release|Any CPU
		{15008814-8B71-4774-A4B6-02D7CE989513}.Release|Mixed Platforms.ActiveCfg = Release|Any CPU
		{15008814-8B71-4774-A4B6-02D7CE989513}.Release|Mixed Platforms.Build.0 = Release|Any CPU
		{15008814-8B71-4774-A4B6-02D7CE989513}.Release|x64.ActiveCfg = Release|Any CPU
		{15008814-8B71-4774-A4B6-02D7CE989513}.Release|x86.ActiveCfg = Release|Any CPU
		{F047A532-FBD2-4BC8-ADFF-068CB0CBC99D}.Debug|Any CPU.ActiveCfg = Debug|Any CPU
		{F047A532-FBD2-4BC8-ADFF-068CB0CBC99D}.Debug|Any CPU.Build.0 = Debug|Any CPU
		{F047A532-FBD2-4BC8-ADFF-068CB0CBC99D}.Debug|Mixed Platforms.ActiveCfg = Debug|Any CPU
		{F047A532-FBD2-4BC8-ADFF-068CB0CBC99D}.Debug|Mixed Platforms.Build.0 = Debug|Any CPU
		{F047A532-FBD2-4BC8-ADFF-068CB0CBC99D}.Debug|x64.ActiveCfg = Debug|Any CPU
		{F047A532-FBD2-4BC8-ADFF-068CB0CBC99D}.Debug|x86.ActiveCfg = Debug|Any CPU
		{F047A532-FBD2-4BC8-ADFF-068CB0CBC99D}.Debug|x86.Build.0 = Debug|Any CPU
		{F047A532-FBD2-4BC8-ADFF-068CB0CBC99D}.Release|Any CPU.ActiveCfg = Release|Any CPU
		{F047A532-FBD2-4BC8-ADFF-068CB0CBC99D}.Release|Any CPU.Build.0 = Release|Any CPU
		{F047A532-FBD2-4BC8-ADFF-068CB0CBC99D}.Release|Mixed Platforms.ActiveCfg = Release|Any CPU
		{F047A532-FBD2-4BC8-ADFF-068CB0CBC99D}.Release|Mixed Platforms.Build.0 = Release|Any CPU
		{F047A532-FBD2-4BC8-ADFF-068CB0CBC99D}.Release|x64.ActiveCfg = Release|Any CPU
		{F047A532-FBD2-4BC8-ADFF-068CB0CBC99D}.Release|x86.ActiveCfg = Release|Any CPU
		{F047A532-FBD2-4BC8-ADFF-068CB0CBC99D}.Release|x86.Build.0 = Release|Any CPU
		{E8930250-1908-4368-81B8-6E500652AFD5}.Debug|Any CPU.ActiveCfg = Debug|Any CPU
		{E8930250-1908-4368-81B8-6E500652AFD5}.Debug|Any CPU.Build.0 = Debug|Any CPU
		{E8930250-1908-4368-81B8-6E500652AFD5}.Debug|Mixed Platforms.ActiveCfg = Debug|Any CPU
		{E8930250-1908-4368-81B8-6E500652AFD5}.Debug|Mixed Platforms.Build.0 = Debug|Any CPU
		{E8930250-1908-4368-81B8-6E500652AFD5}.Debug|x64.ActiveCfg = Debug|Any CPU
		{E8930250-1908-4368-81B8-6E500652AFD5}.Debug|x86.ActiveCfg = Debug|Any CPU
		{E8930250-1908-4368-81B8-6E500652AFD5}.Debug|x86.Build.0 = Debug|Any CPU
		{E8930250-1908-4368-81B8-6E500652AFD5}.Release|Any CPU.ActiveCfg = Release|Any CPU
		{E8930250-1908-4368-81B8-6E500652AFD5}.Release|Any CPU.Build.0 = Release|Any CPU
		{E8930250-1908-4368-81B8-6E500652AFD5}.Release|Mixed Platforms.ActiveCfg = Release|Any CPU
		{E8930250-1908-4368-81B8-6E500652AFD5}.Release|Mixed Platforms.Build.0 = Release|Any CPU
		{E8930250-1908-4368-81B8-6E500652AFD5}.Release|x64.ActiveCfg = Release|Any CPU
		{E8930250-1908-4368-81B8-6E500652AFD5}.Release|x86.ActiveCfg = Release|Any CPU
		{E8930250-1908-4368-81B8-6E500652AFD5}.Release|x86.Build.0 = Release|Any CPU
		{B687934B-067F-42F1-8285-F658456E62AD}.Debug|Any CPU.ActiveCfg = Debug|Any CPU
		{B687934B-067F-42F1-8285-F658456E62AD}.Debug|Any CPU.Build.0 = Debug|Any CPU
		{B687934B-067F-42F1-8285-F658456E62AD}.Debug|Mixed Platforms.ActiveCfg = Debug|Any CPU
		{B687934B-067F-42F1-8285-F658456E62AD}.Debug|Mixed Platforms.Build.0 = Debug|Any CPU
		{B687934B-067F-42F1-8285-F658456E62AD}.Debug|x64.ActiveCfg = Debug|Any CPU
		{B687934B-067F-42F1-8285-F658456E62AD}.Debug|x86.ActiveCfg = Debug|Any CPU
		{B687934B-067F-42F1-8285-F658456E62AD}.Debug|x86.Build.0 = Debug|Any CPU
		{B687934B-067F-42F1-8285-F658456E62AD}.Release|Any CPU.ActiveCfg = Release|Any CPU
		{B687934B-067F-42F1-8285-F658456E62AD}.Release|Any CPU.Build.0 = Release|Any CPU
		{B687934B-067F-42F1-8285-F658456E62AD}.Release|Mixed Platforms.ActiveCfg = Release|Any CPU
		{B687934B-067F-42F1-8285-F658456E62AD}.Release|Mixed Platforms.Build.0 = Release|Any CPU
		{B687934B-067F-42F1-8285-F658456E62AD}.Release|x64.ActiveCfg = Release|Any CPU
		{B687934B-067F-42F1-8285-F658456E62AD}.Release|x86.ActiveCfg = Release|Any CPU
		{B687934B-067F-42F1-8285-F658456E62AD}.Release|x86.Build.0 = Release|Any CPU
		{BDAB89E3-BC3C-4D41-B2C7-501DEBD262CC}.Debug|Any CPU.ActiveCfg = Debug|Any CPU
		{BDAB89E3-BC3C-4D41-B2C7-501DEBD262CC}.Debug|Any CPU.Build.0 = Debug|Any CPU
		{BDAB89E3-BC3C-4D41-B2C7-501DEBD262CC}.Debug|Mixed Platforms.ActiveCfg = Debug|Any CPU
		{BDAB89E3-BC3C-4D41-B2C7-501DEBD262CC}.Debug|Mixed Platforms.Build.0 = Debug|Any CPU
		{BDAB89E3-BC3C-4D41-B2C7-501DEBD262CC}.Debug|x64.ActiveCfg = Debug|Any CPU
		{BDAB89E3-BC3C-4D41-B2C7-501DEBD262CC}.Debug|x86.ActiveCfg = Debug|Any CPU
		{BDAB89E3-BC3C-4D41-B2C7-501DEBD262CC}.Debug|x86.Build.0 = Debug|Any CPU
		{BDAB89E3-BC3C-4D41-B2C7-501DEBD262CC}.Release|Any CPU.ActiveCfg = Release|Any CPU
		{BDAB89E3-BC3C-4D41-B2C7-501DEBD262CC}.Release|Any CPU.Build.0 = Release|Any CPU
		{BDAB89E3-BC3C-4D41-B2C7-501DEBD262CC}.Release|Mixed Platforms.ActiveCfg = Release|Any CPU
		{BDAB89E3-BC3C-4D41-B2C7-501DEBD262CC}.Release|Mixed Platforms.Build.0 = Release|Any CPU
		{BDAB89E3-BC3C-4D41-B2C7-501DEBD262CC}.Release|x64.ActiveCfg = Release|Any CPU
		{BDAB89E3-BC3C-4D41-B2C7-501DEBD262CC}.Release|x86.ActiveCfg = Release|Any CPU
		{BDAB89E3-BC3C-4D41-B2C7-501DEBD262CC}.Release|x86.Build.0 = Release|Any CPU
		{F7BD99BA-3163-48AC-A3AA-A8B97D60938B}.Debug|Any CPU.ActiveCfg = Debug|Any CPU
		{F7BD99BA-3163-48AC-A3AA-A8B97D60938B}.Debug|Any CPU.Build.0 = Debug|Any CPU
		{F7BD99BA-3163-48AC-A3AA-A8B97D60938B}.Debug|Mixed Platforms.ActiveCfg = Debug|Any CPU
		{F7BD99BA-3163-48AC-A3AA-A8B97D60938B}.Debug|Mixed Platforms.Build.0 = Debug|Any CPU
		{F7BD99BA-3163-48AC-A3AA-A8B97D60938B}.Debug|x64.ActiveCfg = Debug|Any CPU
		{F7BD99BA-3163-48AC-A3AA-A8B97D60938B}.Debug|x86.ActiveCfg = Debug|Any CPU
		{F7BD99BA-3163-48AC-A3AA-A8B97D60938B}.Debug|x86.Build.0 = Debug|Any CPU
		{F7BD99BA-3163-48AC-A3AA-A8B97D60938B}.Release|Any CPU.ActiveCfg = Release|Any CPU
		{F7BD99BA-3163-48AC-A3AA-A8B97D60938B}.Release|Any CPU.Build.0 = Release|Any CPU
		{F7BD99BA-3163-48AC-A3AA-A8B97D60938B}.Release|Mixed Platforms.ActiveCfg = Release|Any CPU
		{F7BD99BA-3163-48AC-A3AA-A8B97D60938B}.Release|Mixed Platforms.Build.0 = Release|Any CPU
		{F7BD99BA-3163-48AC-A3AA-A8B97D60938B}.Release|x64.ActiveCfg = Release|Any CPU
		{F7BD99BA-3163-48AC-A3AA-A8B97D60938B}.Release|x86.ActiveCfg = Release|Any CPU
		{F7BD99BA-3163-48AC-A3AA-A8B97D60938B}.Release|x86.Build.0 = Release|Any CPU
		{88F8F493-F563-449B-A7BE-94FD6AB05C07}.Debug|Any CPU.ActiveCfg = Debug|Any CPU
		{88F8F493-F563-449B-A7BE-94FD6AB05C07}.Debug|Any CPU.Build.0 = Debug|Any CPU
		{88F8F493-F563-449B-A7BE-94FD6AB05C07}.Debug|Mixed Platforms.ActiveCfg = Debug|Any CPU
		{88F8F493-F563-449B-A7BE-94FD6AB05C07}.Debug|Mixed Platforms.Build.0 = Debug|Any CPU
		{88F8F493-F563-449B-A7BE-94FD6AB05C07}.Debug|x64.ActiveCfg = Debug|Any CPU
		{88F8F493-F563-449B-A7BE-94FD6AB05C07}.Debug|x86.ActiveCfg = Debug|Any CPU
		{88F8F493-F563-449B-A7BE-94FD6AB05C07}.Debug|x86.Build.0 = Debug|Any CPU
		{88F8F493-F563-449B-A7BE-94FD6AB05C07}.Release|Any CPU.ActiveCfg = Release|Any CPU
		{88F8F493-F563-449B-A7BE-94FD6AB05C07}.Release|Any CPU.Build.0 = Release|Any CPU
		{88F8F493-F563-449B-A7BE-94FD6AB05C07}.Release|Mixed Platforms.ActiveCfg = Release|Any CPU
		{88F8F493-F563-449B-A7BE-94FD6AB05C07}.Release|Mixed Platforms.Build.0 = Release|Any CPU
		{88F8F493-F563-449B-A7BE-94FD6AB05C07}.Release|x64.ActiveCfg = Release|Any CPU
		{88F8F493-F563-449B-A7BE-94FD6AB05C07}.Release|x86.ActiveCfg = Release|Any CPU
		{88F8F493-F563-449B-A7BE-94FD6AB05C07}.Release|x86.Build.0 = Release|Any CPU
		{C0DAC81F-49AA-4754-8B56-594BD076BA20}.Debug|Any CPU.ActiveCfg = Debug|Any CPU
		{C0DAC81F-49AA-4754-8B56-594BD076BA20}.Debug|Any CPU.Build.0 = Debug|Any CPU
		{C0DAC81F-49AA-4754-8B56-594BD076BA20}.Debug|Mixed Platforms.ActiveCfg = Debug|Any CPU
		{C0DAC81F-49AA-4754-8B56-594BD076BA20}.Debug|Mixed Platforms.Build.0 = Debug|Any CPU
		{C0DAC81F-49AA-4754-8B56-594BD076BA20}.Debug|x64.ActiveCfg = Debug|Any CPU
		{C0DAC81F-49AA-4754-8B56-594BD076BA20}.Debug|x86.ActiveCfg = Debug|Any CPU
		{C0DAC81F-49AA-4754-8B56-594BD076BA20}.Debug|x86.Build.0 = Debug|Any CPU
		{C0DAC81F-49AA-4754-8B56-594BD076BA20}.Release|Any CPU.ActiveCfg = Release|Any CPU
		{C0DAC81F-49AA-4754-8B56-594BD076BA20}.Release|Any CPU.Build.0 = Release|Any CPU
		{C0DAC81F-49AA-4754-8B56-594BD076BA20}.Release|Mixed Platforms.ActiveCfg = Release|Any CPU
		{C0DAC81F-49AA-4754-8B56-594BD076BA20}.Release|Mixed Platforms.Build.0 = Release|Any CPU
		{C0DAC81F-49AA-4754-8B56-594BD076BA20}.Release|x64.ActiveCfg = Release|Any CPU
		{C0DAC81F-49AA-4754-8B56-594BD076BA20}.Release|x86.ActiveCfg = Release|Any CPU
		{C0DAC81F-49AA-4754-8B56-594BD076BA20}.Release|x86.Build.0 = Release|Any CPU
		{A94185E4-2D5F-45DA-B899-CA4CB9102005}.Debug|Any CPU.ActiveCfg = Debug|Any CPU
		{A94185E4-2D5F-45DA-B899-CA4CB9102005}.Debug|Any CPU.Build.0 = Debug|Any CPU
		{A94185E4-2D5F-45DA-B899-CA4CB9102005}.Debug|Mixed Platforms.ActiveCfg = Debug|Any CPU
		{A94185E4-2D5F-45DA-B899-CA4CB9102005}.Debug|Mixed Platforms.Build.0 = Debug|Any CPU
		{A94185E4-2D5F-45DA-B899-CA4CB9102005}.Debug|x64.ActiveCfg = Debug|Any CPU
		{A94185E4-2D5F-45DA-B899-CA4CB9102005}.Debug|x86.ActiveCfg = Debug|Any CPU
		{A94185E4-2D5F-45DA-B899-CA4CB9102005}.Debug|x86.Build.0 = Debug|Any CPU
		{A94185E4-2D5F-45DA-B899-CA4CB9102005}.Release|Any CPU.ActiveCfg = Release|Any CPU
		{A94185E4-2D5F-45DA-B899-CA4CB9102005}.Release|Any CPU.Build.0 = Release|Any CPU
		{A94185E4-2D5F-45DA-B899-CA4CB9102005}.Release|Mixed Platforms.ActiveCfg = Release|Any CPU
		{A94185E4-2D5F-45DA-B899-CA4CB9102005}.Release|Mixed Platforms.Build.0 = Release|Any CPU
		{A94185E4-2D5F-45DA-B899-CA4CB9102005}.Release|x64.ActiveCfg = Release|Any CPU
		{A94185E4-2D5F-45DA-B899-CA4CB9102005}.Release|x86.ActiveCfg = Release|Any CPU
		{A94185E4-2D5F-45DA-B899-CA4CB9102005}.Release|x86.Build.0 = Release|Any CPU
		{4C9E6CAD-5D23-4A8E-8D86-AE839109AE9A}.Debug|Any CPU.ActiveCfg = Debug|Any CPU
		{4C9E6CAD-5D23-4A8E-8D86-AE839109AE9A}.Debug|Any CPU.Build.0 = Debug|Any CPU
		{4C9E6CAD-5D23-4A8E-8D86-AE839109AE9A}.Debug|Mixed Platforms.ActiveCfg = Debug|Any CPU
		{4C9E6CAD-5D23-4A8E-8D86-AE839109AE9A}.Debug|Mixed Platforms.Build.0 = Debug|Any CPU
		{4C9E6CAD-5D23-4A8E-8D86-AE839109AE9A}.Debug|x64.ActiveCfg = Debug|Any CPU
		{4C9E6CAD-5D23-4A8E-8D86-AE839109AE9A}.Debug|x86.ActiveCfg = Debug|Any CPU
		{4C9E6CAD-5D23-4A8E-8D86-AE839109AE9A}.Debug|x86.Build.0 = Debug|Any CPU
		{4C9E6CAD-5D23-4A8E-8D86-AE839109AE9A}.Release|Any CPU.ActiveCfg = Release|Any CPU
		{4C9E6CAD-5D23-4A8E-8D86-AE839109AE9A}.Release|Any CPU.Build.0 = Release|Any CPU
		{4C9E6CAD-5D23-4A8E-8D86-AE839109AE9A}.Release|Mixed Platforms.ActiveCfg = Release|Any CPU
		{4C9E6CAD-5D23-4A8E-8D86-AE839109AE9A}.Release|Mixed Platforms.Build.0 = Release|Any CPU
		{4C9E6CAD-5D23-4A8E-8D86-AE839109AE9A}.Release|x64.ActiveCfg = Release|Any CPU
		{4C9E6CAD-5D23-4A8E-8D86-AE839109AE9A}.Release|x86.ActiveCfg = Release|Any CPU
		{4C9E6CAD-5D23-4A8E-8D86-AE839109AE9A}.Release|x86.Build.0 = Release|Any CPU
		{C6E323C8-2A52-4361-BC6C-3C6A6365F5A4}.Debug|Any CPU.ActiveCfg = Debug|Any CPU
		{C6E323C8-2A52-4361-BC6C-3C6A6365F5A4}.Debug|Any CPU.Build.0 = Debug|Any CPU
		{C6E323C8-2A52-4361-BC6C-3C6A6365F5A4}.Debug|Mixed Platforms.ActiveCfg = Debug|Any CPU
		{C6E323C8-2A52-4361-BC6C-3C6A6365F5A4}.Debug|Mixed Platforms.Build.0 = Debug|Any CPU
		{C6E323C8-2A52-4361-BC6C-3C6A6365F5A4}.Debug|x64.ActiveCfg = Debug|Any CPU
		{C6E323C8-2A52-4361-BC6C-3C6A6365F5A4}.Debug|x86.ActiveCfg = Debug|Any CPU
		{C6E323C8-2A52-4361-BC6C-3C6A6365F5A4}.Debug|x86.Build.0 = Debug|Any CPU
		{C6E323C8-2A52-4361-BC6C-3C6A6365F5A4}.Release|Any CPU.ActiveCfg = Release|Any CPU
		{C6E323C8-2A52-4361-BC6C-3C6A6365F5A4}.Release|Any CPU.Build.0 = Release|Any CPU
		{C6E323C8-2A52-4361-BC6C-3C6A6365F5A4}.Release|Mixed Platforms.ActiveCfg = Release|Any CPU
		{C6E323C8-2A52-4361-BC6C-3C6A6365F5A4}.Release|Mixed Platforms.Build.0 = Release|Any CPU
		{C6E323C8-2A52-4361-BC6C-3C6A6365F5A4}.Release|x64.ActiveCfg = Release|Any CPU
		{C6E323C8-2A52-4361-BC6C-3C6A6365F5A4}.Release|x86.ActiveCfg = Release|Any CPU
		{C6E323C8-2A52-4361-BC6C-3C6A6365F5A4}.Release|x86.Build.0 = Release|Any CPU
		{7A2AE92F-133C-4E36-8847-367E8083D2B7}.Debug|Any CPU.ActiveCfg = Debug|Any CPU
		{7A2AE92F-133C-4E36-8847-367E8083D2B7}.Debug|Any CPU.Build.0 = Debug|Any CPU
		{7A2AE92F-133C-4E36-8847-367E8083D2B7}.Debug|Mixed Platforms.ActiveCfg = Debug|Any CPU
		{7A2AE92F-133C-4E36-8847-367E8083D2B7}.Debug|Mixed Platforms.Build.0 = Debug|Any CPU
		{7A2AE92F-133C-4E36-8847-367E8083D2B7}.Debug|x64.ActiveCfg = Debug|Any CPU
		{7A2AE92F-133C-4E36-8847-367E8083D2B7}.Debug|x86.ActiveCfg = Debug|Any CPU
		{7A2AE92F-133C-4E36-8847-367E8083D2B7}.Debug|x86.Build.0 = Debug|Any CPU
		{7A2AE92F-133C-4E36-8847-367E8083D2B7}.Release|Any CPU.ActiveCfg = Release|Any CPU
		{7A2AE92F-133C-4E36-8847-367E8083D2B7}.Release|Any CPU.Build.0 = Release|Any CPU
		{7A2AE92F-133C-4E36-8847-367E8083D2B7}.Release|Mixed Platforms.ActiveCfg = Release|Any CPU
		{7A2AE92F-133C-4E36-8847-367E8083D2B7}.Release|Mixed Platforms.Build.0 = Release|Any CPU
		{7A2AE92F-133C-4E36-8847-367E8083D2B7}.Release|x64.ActiveCfg = Release|Any CPU
		{7A2AE92F-133C-4E36-8847-367E8083D2B7}.Release|x86.ActiveCfg = Release|Any CPU
		{7A2AE92F-133C-4E36-8847-367E8083D2B7}.Release|x86.Build.0 = Release|Any CPU
		{D95180EE-ECD0-45F2-9185-77D17D6A588B}.Debug|Any CPU.ActiveCfg = Debug|Any CPU
		{D95180EE-ECD0-45F2-9185-77D17D6A588B}.Debug|Any CPU.Build.0 = Debug|Any CPU
		{D95180EE-ECD0-45F2-9185-77D17D6A588B}.Debug|Mixed Platforms.ActiveCfg = Debug|Any CPU
		{D95180EE-ECD0-45F2-9185-77D17D6A588B}.Debug|Mixed Platforms.Build.0 = Debug|Any CPU
		{D95180EE-ECD0-45F2-9185-77D17D6A588B}.Debug|x64.ActiveCfg = Debug|Any CPU
		{D95180EE-ECD0-45F2-9185-77D17D6A588B}.Debug|x86.ActiveCfg = Debug|Any CPU
		{D95180EE-ECD0-45F2-9185-77D17D6A588B}.Debug|x86.Build.0 = Debug|Any CPU
		{D95180EE-ECD0-45F2-9185-77D17D6A588B}.Release|Any CPU.ActiveCfg = Release|Any CPU
		{D95180EE-ECD0-45F2-9185-77D17D6A588B}.Release|Any CPU.Build.0 = Release|Any CPU
		{D95180EE-ECD0-45F2-9185-77D17D6A588B}.Release|Mixed Platforms.ActiveCfg = Release|Any CPU
		{D95180EE-ECD0-45F2-9185-77D17D6A588B}.Release|Mixed Platforms.Build.0 = Release|Any CPU
		{D95180EE-ECD0-45F2-9185-77D17D6A588B}.Release|x64.ActiveCfg = Release|Any CPU
		{D95180EE-ECD0-45F2-9185-77D17D6A588B}.Release|x86.ActiveCfg = Release|Any CPU
		{D95180EE-ECD0-45F2-9185-77D17D6A588B}.Release|x86.Build.0 = Release|Any CPU
		{A5EE62FC-BF5B-49AF-8BF0-1436159B3E04}.Debug|Any CPU.ActiveCfg = Debug|Any CPU
		{A5EE62FC-BF5B-49AF-8BF0-1436159B3E04}.Debug|Any CPU.Build.0 = Debug|Any CPU
		{A5EE62FC-BF5B-49AF-8BF0-1436159B3E04}.Debug|Mixed Platforms.ActiveCfg = Debug|Any CPU
		{A5EE62FC-BF5B-49AF-8BF0-1436159B3E04}.Debug|Mixed Platforms.Build.0 = Debug|Any CPU
		{A5EE62FC-BF5B-49AF-8BF0-1436159B3E04}.Debug|x64.ActiveCfg = Debug|Any CPU
		{A5EE62FC-BF5B-49AF-8BF0-1436159B3E04}.Debug|x86.ActiveCfg = Debug|Any CPU
		{A5EE62FC-BF5B-49AF-8BF0-1436159B3E04}.Debug|x86.Build.0 = Debug|Any CPU
		{A5EE62FC-BF5B-49AF-8BF0-1436159B3E04}.Release|Any CPU.ActiveCfg = Release|Any CPU
		{A5EE62FC-BF5B-49AF-8BF0-1436159B3E04}.Release|Any CPU.Build.0 = Release|Any CPU
		{A5EE62FC-BF5B-49AF-8BF0-1436159B3E04}.Release|Mixed Platforms.ActiveCfg = Release|Any CPU
		{A5EE62FC-BF5B-49AF-8BF0-1436159B3E04}.Release|Mixed Platforms.Build.0 = Release|Any CPU
		{A5EE62FC-BF5B-49AF-8BF0-1436159B3E04}.Release|x64.ActiveCfg = Release|Any CPU
		{A5EE62FC-BF5B-49AF-8BF0-1436159B3E04}.Release|x86.ActiveCfg = Release|Any CPU
		{A5EE62FC-BF5B-49AF-8BF0-1436159B3E04}.Release|x86.Build.0 = Release|Any CPU
		{3B624D7E-6CC4-49B9-817A-15FD63DB60B3}.Debug|Any CPU.ActiveCfg = Debug|Any CPU
		{3B624D7E-6CC4-49B9-817A-15FD63DB60B3}.Debug|Any CPU.Build.0 = Debug|Any CPU
		{3B624D7E-6CC4-49B9-817A-15FD63DB60B3}.Debug|Mixed Platforms.ActiveCfg = Debug|Any CPU
		{3B624D7E-6CC4-49B9-817A-15FD63DB60B3}.Debug|Mixed Platforms.Build.0 = Debug|Any CPU
		{3B624D7E-6CC4-49B9-817A-15FD63DB60B3}.Debug|x64.ActiveCfg = Debug|Any CPU
		{3B624D7E-6CC4-49B9-817A-15FD63DB60B3}.Debug|x86.ActiveCfg = Debug|Any CPU
		{3B624D7E-6CC4-49B9-817A-15FD63DB60B3}.Debug|x86.Build.0 = Debug|Any CPU
		{3B624D7E-6CC4-49B9-817A-15FD63DB60B3}.Release|Any CPU.ActiveCfg = Release|Any CPU
		{3B624D7E-6CC4-49B9-817A-15FD63DB60B3}.Release|Any CPU.Build.0 = Release|Any CPU
		{3B624D7E-6CC4-49B9-817A-15FD63DB60B3}.Release|Mixed Platforms.ActiveCfg = Release|Any CPU
		{3B624D7E-6CC4-49B9-817A-15FD63DB60B3}.Release|Mixed Platforms.Build.0 = Release|Any CPU
		{3B624D7E-6CC4-49B9-817A-15FD63DB60B3}.Release|x64.ActiveCfg = Release|Any CPU
		{3B624D7E-6CC4-49B9-817A-15FD63DB60B3}.Release|x86.ActiveCfg = Release|Any CPU
		{3B624D7E-6CC4-49B9-817A-15FD63DB60B3}.Release|x86.Build.0 = Release|Any CPU
		{2266B271-1F3C-4658-A2E8-5A7F34620663}.Debug|Any CPU.ActiveCfg = Debug|Any CPU
		{2266B271-1F3C-4658-A2E8-5A7F34620663}.Debug|Any CPU.Build.0 = Debug|Any CPU
		{2266B271-1F3C-4658-A2E8-5A7F34620663}.Debug|Mixed Platforms.ActiveCfg = Debug|Any CPU
		{2266B271-1F3C-4658-A2E8-5A7F34620663}.Debug|Mixed Platforms.Build.0 = Debug|Any CPU
		{2266B271-1F3C-4658-A2E8-5A7F34620663}.Debug|x64.ActiveCfg = Debug|Any CPU
		{2266B271-1F3C-4658-A2E8-5A7F34620663}.Debug|x86.ActiveCfg = Debug|Any CPU
		{2266B271-1F3C-4658-A2E8-5A7F34620663}.Debug|x86.Build.0 = Debug|Any CPU
		{2266B271-1F3C-4658-A2E8-5A7F34620663}.Release|Any CPU.ActiveCfg = Release|Any CPU
		{2266B271-1F3C-4658-A2E8-5A7F34620663}.Release|Any CPU.Build.0 = Release|Any CPU
		{2266B271-1F3C-4658-A2E8-5A7F34620663}.Release|Mixed Platforms.ActiveCfg = Release|Any CPU
		{2266B271-1F3C-4658-A2E8-5A7F34620663}.Release|Mixed Platforms.Build.0 = Release|Any CPU
		{2266B271-1F3C-4658-A2E8-5A7F34620663}.Release|x64.ActiveCfg = Release|Any CPU
		{2266B271-1F3C-4658-A2E8-5A7F34620663}.Release|x86.ActiveCfg = Release|Any CPU
		{2266B271-1F3C-4658-A2E8-5A7F34620663}.Release|x86.Build.0 = Release|Any CPU
		{6E77E96C-9E74-4E02-A04C-293FB6E1AB52}.Debug|Any CPU.ActiveCfg = Debug|Any CPU
		{6E77E96C-9E74-4E02-A04C-293FB6E1AB52}.Debug|Any CPU.Build.0 = Debug|Any CPU
		{6E77E96C-9E74-4E02-A04C-293FB6E1AB52}.Debug|Mixed Platforms.ActiveCfg = Debug|Any CPU
		{6E77E96C-9E74-4E02-A04C-293FB6E1AB52}.Debug|Mixed Platforms.Build.0 = Debug|Any CPU
		{6E77E96C-9E74-4E02-A04C-293FB6E1AB52}.Debug|x64.ActiveCfg = Debug|Any CPU
		{6E77E96C-9E74-4E02-A04C-293FB6E1AB52}.Debug|x86.ActiveCfg = Debug|Any CPU
		{6E77E96C-9E74-4E02-A04C-293FB6E1AB52}.Debug|x86.Build.0 = Debug|Any CPU
		{6E77E96C-9E74-4E02-A04C-293FB6E1AB52}.Release|Any CPU.ActiveCfg = Release|Any CPU
		{6E77E96C-9E74-4E02-A04C-293FB6E1AB52}.Release|Any CPU.Build.0 = Release|Any CPU
		{6E77E96C-9E74-4E02-A04C-293FB6E1AB52}.Release|Mixed Platforms.ActiveCfg = Release|Any CPU
		{6E77E96C-9E74-4E02-A04C-293FB6E1AB52}.Release|Mixed Platforms.Build.0 = Release|Any CPU
		{6E77E96C-9E74-4E02-A04C-293FB6E1AB52}.Release|x64.ActiveCfg = Release|Any CPU
		{6E77E96C-9E74-4E02-A04C-293FB6E1AB52}.Release|x86.ActiveCfg = Release|Any CPU
		{6E77E96C-9E74-4E02-A04C-293FB6E1AB52}.Release|x86.Build.0 = Release|Any CPU
		{357ACD8B-7AB5-4B52-A3E6-6C50B74D3D41}.Debug|Any CPU.ActiveCfg = Debug|Any CPU
		{357ACD8B-7AB5-4B52-A3E6-6C50B74D3D41}.Debug|Any CPU.Build.0 = Debug|Any CPU
		{357ACD8B-7AB5-4B52-A3E6-6C50B74D3D41}.Debug|Mixed Platforms.ActiveCfg = Debug|Any CPU
		{357ACD8B-7AB5-4B52-A3E6-6C50B74D3D41}.Debug|Mixed Platforms.Build.0 = Debug|Any CPU
		{357ACD8B-7AB5-4B52-A3E6-6C50B74D3D41}.Debug|x64.ActiveCfg = Debug|Any CPU
		{357ACD8B-7AB5-4B52-A3E6-6C50B74D3D41}.Debug|x86.ActiveCfg = Debug|Any CPU
		{357ACD8B-7AB5-4B52-A3E6-6C50B74D3D41}.Debug|x86.Build.0 = Debug|Any CPU
		{357ACD8B-7AB5-4B52-A3E6-6C50B74D3D41}.Release|Any CPU.ActiveCfg = Release|Any CPU
		{357ACD8B-7AB5-4B52-A3E6-6C50B74D3D41}.Release|Any CPU.Build.0 = Release|Any CPU
		{357ACD8B-7AB5-4B52-A3E6-6C50B74D3D41}.Release|Mixed Platforms.ActiveCfg = Release|Any CPU
		{357ACD8B-7AB5-4B52-A3E6-6C50B74D3D41}.Release|Mixed Platforms.Build.0 = Release|Any CPU
		{357ACD8B-7AB5-4B52-A3E6-6C50B74D3D41}.Release|x64.ActiveCfg = Release|Any CPU
		{357ACD8B-7AB5-4B52-A3E6-6C50B74D3D41}.Release|x86.ActiveCfg = Release|Any CPU
		{357ACD8B-7AB5-4B52-A3E6-6C50B74D3D41}.Release|x86.Build.0 = Release|Any CPU
		{1D002C9F-0F1B-4D4C-9A83-B876895F7B30}.Debug|Any CPU.ActiveCfg = Debug|Any CPU
		{1D002C9F-0F1B-4D4C-9A83-B876895F7B30}.Debug|Any CPU.Build.0 = Debug|Any CPU
		{1D002C9F-0F1B-4D4C-9A83-B876895F7B30}.Debug|Mixed Platforms.ActiveCfg = Debug|Any CPU
		{1D002C9F-0F1B-4D4C-9A83-B876895F7B30}.Debug|Mixed Platforms.Build.0 = Debug|Any CPU
		{1D002C9F-0F1B-4D4C-9A83-B876895F7B30}.Debug|x64.ActiveCfg = Debug|Any CPU
		{1D002C9F-0F1B-4D4C-9A83-B876895F7B30}.Debug|x86.ActiveCfg = Debug|Any CPU
		{1D002C9F-0F1B-4D4C-9A83-B876895F7B30}.Debug|x86.Build.0 = Debug|Any CPU
		{1D002C9F-0F1B-4D4C-9A83-B876895F7B30}.Release|Any CPU.ActiveCfg = Release|Any CPU
		{1D002C9F-0F1B-4D4C-9A83-B876895F7B30}.Release|Any CPU.Build.0 = Release|Any CPU
		{1D002C9F-0F1B-4D4C-9A83-B876895F7B30}.Release|Mixed Platforms.ActiveCfg = Release|Any CPU
		{1D002C9F-0F1B-4D4C-9A83-B876895F7B30}.Release|Mixed Platforms.Build.0 = Release|Any CPU
		{1D002C9F-0F1B-4D4C-9A83-B876895F7B30}.Release|x64.ActiveCfg = Release|Any CPU
		{1D002C9F-0F1B-4D4C-9A83-B876895F7B30}.Release|x86.ActiveCfg = Release|Any CPU
		{1D002C9F-0F1B-4D4C-9A83-B876895F7B30}.Release|x86.Build.0 = Release|Any CPU
		{14988238-5F56-4D6D-83BE-41A2B0A24E2B}.Debug|Any CPU.ActiveCfg = Debug|Any CPU
		{14988238-5F56-4D6D-83BE-41A2B0A24E2B}.Debug|Any CPU.Build.0 = Debug|Any CPU
		{14988238-5F56-4D6D-83BE-41A2B0A24E2B}.Debug|Mixed Platforms.ActiveCfg = Debug|Any CPU
		{14988238-5F56-4D6D-83BE-41A2B0A24E2B}.Debug|Mixed Platforms.Build.0 = Debug|Any CPU
		{14988238-5F56-4D6D-83BE-41A2B0A24E2B}.Debug|x64.ActiveCfg = Debug|Any CPU
		{14988238-5F56-4D6D-83BE-41A2B0A24E2B}.Debug|x86.ActiveCfg = Debug|Any CPU
		{14988238-5F56-4D6D-83BE-41A2B0A24E2B}.Debug|x86.Build.0 = Debug|Any CPU
		{14988238-5F56-4D6D-83BE-41A2B0A24E2B}.Release|Any CPU.ActiveCfg = Release|Any CPU
		{14988238-5F56-4D6D-83BE-41A2B0A24E2B}.Release|Any CPU.Build.0 = Release|Any CPU
		{14988238-5F56-4D6D-83BE-41A2B0A24E2B}.Release|Mixed Platforms.ActiveCfg = Release|Any CPU
		{14988238-5F56-4D6D-83BE-41A2B0A24E2B}.Release|Mixed Platforms.Build.0 = Release|Any CPU
		{14988238-5F56-4D6D-83BE-41A2B0A24E2B}.Release|x64.ActiveCfg = Release|Any CPU
		{14988238-5F56-4D6D-83BE-41A2B0A24E2B}.Release|x86.ActiveCfg = Release|Any CPU
		{14988238-5F56-4D6D-83BE-41A2B0A24E2B}.Release|x86.Build.0 = Release|Any CPU
		{91425A90-B0FD-4AE6-9B20-C83BB3E20FBF}.Debug|Any CPU.ActiveCfg = Debug|Any CPU
		{91425A90-B0FD-4AE6-9B20-C83BB3E20FBF}.Debug|Any CPU.Build.0 = Debug|Any CPU
		{91425A90-B0FD-4AE6-9B20-C83BB3E20FBF}.Debug|Mixed Platforms.ActiveCfg = Debug|Any CPU
		{91425A90-B0FD-4AE6-9B20-C83BB3E20FBF}.Debug|Mixed Platforms.Build.0 = Debug|Any CPU
		{91425A90-B0FD-4AE6-9B20-C83BB3E20FBF}.Debug|x64.ActiveCfg = Debug|Any CPU
		{91425A90-B0FD-4AE6-9B20-C83BB3E20FBF}.Debug|x86.ActiveCfg = Debug|Any CPU
		{91425A90-B0FD-4AE6-9B20-C83BB3E20FBF}.Debug|x86.Build.0 = Debug|Any CPU
		{91425A90-B0FD-4AE6-9B20-C83BB3E20FBF}.Release|Any CPU.ActiveCfg = Release|Any CPU
		{91425A90-B0FD-4AE6-9B20-C83BB3E20FBF}.Release|Any CPU.Build.0 = Release|Any CPU
		{91425A90-B0FD-4AE6-9B20-C83BB3E20FBF}.Release|Mixed Platforms.ActiveCfg = Release|Any CPU
		{91425A90-B0FD-4AE6-9B20-C83BB3E20FBF}.Release|Mixed Platforms.Build.0 = Release|Any CPU
		{91425A90-B0FD-4AE6-9B20-C83BB3E20FBF}.Release|x64.ActiveCfg = Release|Any CPU
		{91425A90-B0FD-4AE6-9B20-C83BB3E20FBF}.Release|x86.ActiveCfg = Release|Any CPU
		{91425A90-B0FD-4AE6-9B20-C83BB3E20FBF}.Release|x86.Build.0 = Release|Any CPU
		{8E848B2F-8E69-4558-AB56-1B58881B302B}.Debug|Any CPU.ActiveCfg = Debug|Any CPU
		{8E848B2F-8E69-4558-AB56-1B58881B302B}.Debug|Any CPU.Build.0 = Debug|Any CPU
		{8E848B2F-8E69-4558-AB56-1B58881B302B}.Debug|Mixed Platforms.ActiveCfg = Debug|Any CPU
		{8E848B2F-8E69-4558-AB56-1B58881B302B}.Debug|Mixed Platforms.Build.0 = Debug|Any CPU
		{8E848B2F-8E69-4558-AB56-1B58881B302B}.Debug|x64.ActiveCfg = Debug|Any CPU
		{8E848B2F-8E69-4558-AB56-1B58881B302B}.Debug|x86.ActiveCfg = Debug|Any CPU
		{8E848B2F-8E69-4558-AB56-1B58881B302B}.Debug|x86.Build.0 = Debug|Any CPU
		{8E848B2F-8E69-4558-AB56-1B58881B302B}.Release|Any CPU.ActiveCfg = Release|Any CPU
		{8E848B2F-8E69-4558-AB56-1B58881B302B}.Release|Any CPU.Build.0 = Release|Any CPU
		{8E848B2F-8E69-4558-AB56-1B58881B302B}.Release|Mixed Platforms.ActiveCfg = Release|Any CPU
		{8E848B2F-8E69-4558-AB56-1B58881B302B}.Release|Mixed Platforms.Build.0 = Release|Any CPU
		{8E848B2F-8E69-4558-AB56-1B58881B302B}.Release|x64.ActiveCfg = Release|Any CPU
		{8E848B2F-8E69-4558-AB56-1B58881B302B}.Release|x86.ActiveCfg = Release|Any CPU
		{8E848B2F-8E69-4558-AB56-1B58881B302B}.Release|x86.Build.0 = Release|Any CPU
		{2BAC39F7-E53F-488C-9F55-4BB35FAED8E2}.Debug|Any CPU.ActiveCfg = Debug|Any CPU
		{2BAC39F7-E53F-488C-9F55-4BB35FAED8E2}.Debug|Any CPU.Build.0 = Debug|Any CPU
		{2BAC39F7-E53F-488C-9F55-4BB35FAED8E2}.Debug|Mixed Platforms.ActiveCfg = Debug|Any CPU
		{2BAC39F7-E53F-488C-9F55-4BB35FAED8E2}.Debug|Mixed Platforms.Build.0 = Debug|Any CPU
		{2BAC39F7-E53F-488C-9F55-4BB35FAED8E2}.Debug|x64.ActiveCfg = Debug|Any CPU
		{2BAC39F7-E53F-488C-9F55-4BB35FAED8E2}.Debug|x86.ActiveCfg = Debug|Any CPU
		{2BAC39F7-E53F-488C-9F55-4BB35FAED8E2}.Debug|x86.Build.0 = Debug|Any CPU
		{2BAC39F7-E53F-488C-9F55-4BB35FAED8E2}.Release|Any CPU.ActiveCfg = Release|Any CPU
		{2BAC39F7-E53F-488C-9F55-4BB35FAED8E2}.Release|Any CPU.Build.0 = Release|Any CPU
		{2BAC39F7-E53F-488C-9F55-4BB35FAED8E2}.Release|Mixed Platforms.ActiveCfg = Release|Any CPU
		{2BAC39F7-E53F-488C-9F55-4BB35FAED8E2}.Release|Mixed Platforms.Build.0 = Release|Any CPU
		{2BAC39F7-E53F-488C-9F55-4BB35FAED8E2}.Release|x64.ActiveCfg = Release|Any CPU
		{2BAC39F7-E53F-488C-9F55-4BB35FAED8E2}.Release|x86.ActiveCfg = Release|Any CPU
		{2BAC39F7-E53F-488C-9F55-4BB35FAED8E2}.Release|x86.Build.0 = Release|Any CPU
		{323C6B4C-DCF6-49EB-8A74-3A18BE0B0DE7}.Debug|Any CPU.ActiveCfg = Debug|Any CPU
		{323C6B4C-DCF6-49EB-8A74-3A18BE0B0DE7}.Debug|Any CPU.Build.0 = Debug|Any CPU
		{323C6B4C-DCF6-49EB-8A74-3A18BE0B0DE7}.Debug|Mixed Platforms.ActiveCfg = Debug|Any CPU
		{323C6B4C-DCF6-49EB-8A74-3A18BE0B0DE7}.Debug|Mixed Platforms.Build.0 = Debug|Any CPU
		{323C6B4C-DCF6-49EB-8A74-3A18BE0B0DE7}.Debug|x64.ActiveCfg = Debug|Any CPU
		{323C6B4C-DCF6-49EB-8A74-3A18BE0B0DE7}.Debug|x86.ActiveCfg = Debug|Any CPU
		{323C6B4C-DCF6-49EB-8A74-3A18BE0B0DE7}.Debug|x86.Build.0 = Debug|Any CPU
		{323C6B4C-DCF6-49EB-8A74-3A18BE0B0DE7}.Release|Any CPU.ActiveCfg = Release|Any CPU
		{323C6B4C-DCF6-49EB-8A74-3A18BE0B0DE7}.Release|Any CPU.Build.0 = Release|Any CPU
		{323C6B4C-DCF6-49EB-8A74-3A18BE0B0DE7}.Release|Mixed Platforms.ActiveCfg = Release|Any CPU
		{323C6B4C-DCF6-49EB-8A74-3A18BE0B0DE7}.Release|Mixed Platforms.Build.0 = Release|Any CPU
		{323C6B4C-DCF6-49EB-8A74-3A18BE0B0DE7}.Release|x64.ActiveCfg = Release|Any CPU
		{323C6B4C-DCF6-49EB-8A74-3A18BE0B0DE7}.Release|x86.ActiveCfg = Release|Any CPU
		{323C6B4C-DCF6-49EB-8A74-3A18BE0B0DE7}.Release|x86.Build.0 = Release|Any CPU
		{A25D144E-AAA9-4F97-A854-F80939E0FF67}.Debug|Any CPU.ActiveCfg = Debug|Any CPU
		{A25D144E-AAA9-4F97-A854-F80939E0FF67}.Debug|Any CPU.Build.0 = Debug|Any CPU
		{A25D144E-AAA9-4F97-A854-F80939E0FF67}.Debug|Mixed Platforms.ActiveCfg = Debug|Any CPU
		{A25D144E-AAA9-4F97-A854-F80939E0FF67}.Debug|Mixed Platforms.Build.0 = Debug|Any CPU
		{A25D144E-AAA9-4F97-A854-F80939E0FF67}.Debug|x64.ActiveCfg = Debug|Any CPU
		{A25D144E-AAA9-4F97-A854-F80939E0FF67}.Debug|x86.ActiveCfg = Debug|Any CPU
		{A25D144E-AAA9-4F97-A854-F80939E0FF67}.Debug|x86.Build.0 = Debug|Any CPU
		{A25D144E-AAA9-4F97-A854-F80939E0FF67}.Release|Any CPU.ActiveCfg = Release|Any CPU
		{A25D144E-AAA9-4F97-A854-F80939E0FF67}.Release|Any CPU.Build.0 = Release|Any CPU
		{A25D144E-AAA9-4F97-A854-F80939E0FF67}.Release|Mixed Platforms.ActiveCfg = Release|Any CPU
		{A25D144E-AAA9-4F97-A854-F80939E0FF67}.Release|Mixed Platforms.Build.0 = Release|Any CPU
		{A25D144E-AAA9-4F97-A854-F80939E0FF67}.Release|x64.ActiveCfg = Release|Any CPU
		{A25D144E-AAA9-4F97-A854-F80939E0FF67}.Release|x86.ActiveCfg = Release|Any CPU
		{A25D144E-AAA9-4F97-A854-F80939E0FF67}.Release|x86.Build.0 = Release|Any CPU
		{F29D7B70-D0F1-4BDF-B44E-C17950642B77}.Debug|Any CPU.ActiveCfg = Debug|Any CPU
		{F29D7B70-D0F1-4BDF-B44E-C17950642B77}.Debug|Any CPU.Build.0 = Debug|Any CPU
		{F29D7B70-D0F1-4BDF-B44E-C17950642B77}.Debug|Mixed Platforms.ActiveCfg = Debug|Any CPU
		{F29D7B70-D0F1-4BDF-B44E-C17950642B77}.Debug|Mixed Platforms.Build.0 = Debug|Any CPU
		{F29D7B70-D0F1-4BDF-B44E-C17950642B77}.Debug|x64.ActiveCfg = Debug|Any CPU
		{F29D7B70-D0F1-4BDF-B44E-C17950642B77}.Debug|x86.ActiveCfg = Debug|Any CPU
		{F29D7B70-D0F1-4BDF-B44E-C17950642B77}.Debug|x86.Build.0 = Debug|Any CPU
		{F29D7B70-D0F1-4BDF-B44E-C17950642B77}.Release|Any CPU.ActiveCfg = Release|Any CPU
		{F29D7B70-D0F1-4BDF-B44E-C17950642B77}.Release|Any CPU.Build.0 = Release|Any CPU
		{F29D7B70-D0F1-4BDF-B44E-C17950642B77}.Release|Mixed Platforms.ActiveCfg = Release|Any CPU
		{F29D7B70-D0F1-4BDF-B44E-C17950642B77}.Release|Mixed Platforms.Build.0 = Release|Any CPU
		{F29D7B70-D0F1-4BDF-B44E-C17950642B77}.Release|x64.ActiveCfg = Release|Any CPU
		{F29D7B70-D0F1-4BDF-B44E-C17950642B77}.Release|x86.ActiveCfg = Release|Any CPU
		{F29D7B70-D0F1-4BDF-B44E-C17950642B77}.Release|x86.Build.0 = Release|Any CPU
		{6A4A39F5-2015-47DB-A8E8-FF89F40DE2A0}.Debug|Any CPU.ActiveCfg = Debug|x86
		{6A4A39F5-2015-47DB-A8E8-FF89F40DE2A0}.Debug|Any CPU.Build.0 = Debug|x86
		{6A4A39F5-2015-47DB-A8E8-FF89F40DE2A0}.Debug|Mixed Platforms.ActiveCfg = Debug|x86
		{6A4A39F5-2015-47DB-A8E8-FF89F40DE2A0}.Debug|Mixed Platforms.Build.0 = Debug|x86
		{6A4A39F5-2015-47DB-A8E8-FF89F40DE2A0}.Debug|x64.ActiveCfg = Debug|x64
		{6A4A39F5-2015-47DB-A8E8-FF89F40DE2A0}.Debug|x64.Build.0 = Debug|x64
		{6A4A39F5-2015-47DB-A8E8-FF89F40DE2A0}.Debug|x86.ActiveCfg = Debug|x86
		{6A4A39F5-2015-47DB-A8E8-FF89F40DE2A0}.Debug|x86.Build.0 = Debug|x86
		{6A4A39F5-2015-47DB-A8E8-FF89F40DE2A0}.Release|Any CPU.ActiveCfg = Release|x86
		{6A4A39F5-2015-47DB-A8E8-FF89F40DE2A0}.Release|Any CPU.Build.0 = Release|x86
		{6A4A39F5-2015-47DB-A8E8-FF89F40DE2A0}.Release|Mixed Platforms.ActiveCfg = Release|x86
		{6A4A39F5-2015-47DB-A8E8-FF89F40DE2A0}.Release|Mixed Platforms.Build.0 = Release|x86
		{6A4A39F5-2015-47DB-A8E8-FF89F40DE2A0}.Release|x64.ActiveCfg = Release|x64
		{6A4A39F5-2015-47DB-A8E8-FF89F40DE2A0}.Release|x64.Build.0 = Release|x64
		{6A4A39F5-2015-47DB-A8E8-FF89F40DE2A0}.Release|x86.ActiveCfg = Release|x86
		{6A4A39F5-2015-47DB-A8E8-FF89F40DE2A0}.Release|x86.Build.0 = Release|x86
		{B11B678C-3BB9-4AC4-9C3D-EDEE20BDDE5E}.Debug|Any CPU.ActiveCfg = Debug|Any CPU
		{B11B678C-3BB9-4AC4-9C3D-EDEE20BDDE5E}.Debug|Any CPU.Build.0 = Debug|Any CPU
		{B11B678C-3BB9-4AC4-9C3D-EDEE20BDDE5E}.Debug|Mixed Platforms.ActiveCfg = Debug|Any CPU
		{B11B678C-3BB9-4AC4-9C3D-EDEE20BDDE5E}.Debug|Mixed Platforms.Build.0 = Debug|Any CPU
		{B11B678C-3BB9-4AC4-9C3D-EDEE20BDDE5E}.Debug|x64.ActiveCfg = Debug|Any CPU
		{B11B678C-3BB9-4AC4-9C3D-EDEE20BDDE5E}.Debug|x86.ActiveCfg = Debug|Any CPU
		{B11B678C-3BB9-4AC4-9C3D-EDEE20BDDE5E}.Debug|x86.Build.0 = Debug|Any CPU
		{B11B678C-3BB9-4AC4-9C3D-EDEE20BDDE5E}.Release|Any CPU.ActiveCfg = Release|Any CPU
		{B11B678C-3BB9-4AC4-9C3D-EDEE20BDDE5E}.Release|Any CPU.Build.0 = Release|Any CPU
		{B11B678C-3BB9-4AC4-9C3D-EDEE20BDDE5E}.Release|Mixed Platforms.ActiveCfg = Release|Any CPU
		{B11B678C-3BB9-4AC4-9C3D-EDEE20BDDE5E}.Release|Mixed Platforms.Build.0 = Release|Any CPU
		{B11B678C-3BB9-4AC4-9C3D-EDEE20BDDE5E}.Release|x64.ActiveCfg = Release|Any CPU
		{B11B678C-3BB9-4AC4-9C3D-EDEE20BDDE5E}.Release|x86.ActiveCfg = Release|Any CPU
		{B11B678C-3BB9-4AC4-9C3D-EDEE20BDDE5E}.Release|x86.Build.0 = Release|Any CPU
		{59720785-D71E-4362-B840-F7EAF3553C1A}.Debug|Any CPU.ActiveCfg = Debug|Any CPU
		{59720785-D71E-4362-B840-F7EAF3553C1A}.Debug|Any CPU.Build.0 = Debug|Any CPU
		{59720785-D71E-4362-B840-F7EAF3553C1A}.Debug|Mixed Platforms.ActiveCfg = Debug|x86
		{59720785-D71E-4362-B840-F7EAF3553C1A}.Debug|Mixed Platforms.Build.0 = Debug|x86
		{59720785-D71E-4362-B840-F7EAF3553C1A}.Debug|x64.ActiveCfg = Debug|x86
		{59720785-D71E-4362-B840-F7EAF3553C1A}.Debug|x86.ActiveCfg = Debug|x86
		{59720785-D71E-4362-B840-F7EAF3553C1A}.Debug|x86.Build.0 = Debug|x86
		{59720785-D71E-4362-B840-F7EAF3553C1A}.Release|Any CPU.ActiveCfg = Release|Any CPU
		{59720785-D71E-4362-B840-F7EAF3553C1A}.Release|Any CPU.Build.0 = Release|Any CPU
		{59720785-D71E-4362-B840-F7EAF3553C1A}.Release|Mixed Platforms.ActiveCfg = Release|x86
		{59720785-D71E-4362-B840-F7EAF3553C1A}.Release|Mixed Platforms.Build.0 = Release|x86
		{59720785-D71E-4362-B840-F7EAF3553C1A}.Release|x64.ActiveCfg = Release|x86
		{59720785-D71E-4362-B840-F7EAF3553C1A}.Release|x86.ActiveCfg = Release|x86
		{59720785-D71E-4362-B840-F7EAF3553C1A}.Release|x86.Build.0 = Release|x86
		{46496036-2A7D-4AE0-950F-B7A963518C5C}.Debug|Any CPU.ActiveCfg = Debug|Any CPU
		{46496036-2A7D-4AE0-950F-B7A963518C5C}.Debug|Any CPU.Build.0 = Debug|Any CPU
		{46496036-2A7D-4AE0-950F-B7A963518C5C}.Debug|Mixed Platforms.ActiveCfg = Debug|Any CPU
		{46496036-2A7D-4AE0-950F-B7A963518C5C}.Debug|Mixed Platforms.Build.0 = Debug|Any CPU
		{46496036-2A7D-4AE0-950F-B7A963518C5C}.Debug|x64.ActiveCfg = Debug|Any CPU
		{46496036-2A7D-4AE0-950F-B7A963518C5C}.Debug|x86.ActiveCfg = Debug|Any CPU
		{46496036-2A7D-4AE0-950F-B7A963518C5C}.Debug|x86.Build.0 = Debug|Any CPU
		{46496036-2A7D-4AE0-950F-B7A963518C5C}.Release|Any CPU.ActiveCfg = Release|Any CPU
		{46496036-2A7D-4AE0-950F-B7A963518C5C}.Release|Any CPU.Build.0 = Release|Any CPU
		{46496036-2A7D-4AE0-950F-B7A963518C5C}.Release|Mixed Platforms.ActiveCfg = Release|Any CPU
		{46496036-2A7D-4AE0-950F-B7A963518C5C}.Release|Mixed Platforms.Build.0 = Release|Any CPU
		{46496036-2A7D-4AE0-950F-B7A963518C5C}.Release|x64.ActiveCfg = Release|Any CPU
		{46496036-2A7D-4AE0-950F-B7A963518C5C}.Release|x86.ActiveCfg = Release|Any CPU
		{46496036-2A7D-4AE0-950F-B7A963518C5C}.Release|x86.Build.0 = Release|Any CPU
		{CBF0F9BD-7F4D-4277-AE30-90AC4001EE87}.Debug|Any CPU.ActiveCfg = Debug|Any CPU
		{CBF0F9BD-7F4D-4277-AE30-90AC4001EE87}.Debug|Any CPU.Build.0 = Debug|Any CPU
		{CBF0F9BD-7F4D-4277-AE30-90AC4001EE87}.Debug|Mixed Platforms.ActiveCfg = Debug|Any CPU
		{CBF0F9BD-7F4D-4277-AE30-90AC4001EE87}.Debug|Mixed Platforms.Build.0 = Debug|Any CPU
		{CBF0F9BD-7F4D-4277-AE30-90AC4001EE87}.Debug|x64.ActiveCfg = Debug|Any CPU
		{CBF0F9BD-7F4D-4277-AE30-90AC4001EE87}.Debug|x86.ActiveCfg = Debug|Any CPU
		{CBF0F9BD-7F4D-4277-AE30-90AC4001EE87}.Debug|x86.Build.0 = Debug|Any CPU
		{CBF0F9BD-7F4D-4277-AE30-90AC4001EE87}.Release|Any CPU.ActiveCfg = Release|Any CPU
		{CBF0F9BD-7F4D-4277-AE30-90AC4001EE87}.Release|Any CPU.Build.0 = Release|Any CPU
		{CBF0F9BD-7F4D-4277-AE30-90AC4001EE87}.Release|Mixed Platforms.ActiveCfg = Release|Any CPU
		{CBF0F9BD-7F4D-4277-AE30-90AC4001EE87}.Release|Mixed Platforms.Build.0 = Release|Any CPU
		{CBF0F9BD-7F4D-4277-AE30-90AC4001EE87}.Release|x64.ActiveCfg = Release|Any CPU
		{CBF0F9BD-7F4D-4277-AE30-90AC4001EE87}.Release|x86.ActiveCfg = Release|Any CPU
		{CBF0F9BD-7F4D-4277-AE30-90AC4001EE87}.Release|x86.Build.0 = Release|Any CPU
		{212D7DF2-B372-4F9F-AD8D-5E77A15DB41F}.Debug|Any CPU.ActiveCfg = Debug|Any CPU
		{212D7DF2-B372-4F9F-AD8D-5E77A15DB41F}.Debug|Any CPU.Build.0 = Debug|Any CPU
		{212D7DF2-B372-4F9F-AD8D-5E77A15DB41F}.Debug|Mixed Platforms.ActiveCfg = Debug|Any CPU
		{212D7DF2-B372-4F9F-AD8D-5E77A15DB41F}.Debug|Mixed Platforms.Build.0 = Debug|Any CPU
		{212D7DF2-B372-4F9F-AD8D-5E77A15DB41F}.Debug|x64.ActiveCfg = Debug|Any CPU
		{212D7DF2-B372-4F9F-AD8D-5E77A15DB41F}.Debug|x86.ActiveCfg = Debug|Any CPU
		{212D7DF2-B372-4F9F-AD8D-5E77A15DB41F}.Debug|x86.Build.0 = Debug|Any CPU
		{212D7DF2-B372-4F9F-AD8D-5E77A15DB41F}.Release|Any CPU.ActiveCfg = Release|Any CPU
		{212D7DF2-B372-4F9F-AD8D-5E77A15DB41F}.Release|Any CPU.Build.0 = Release|Any CPU
		{212D7DF2-B372-4F9F-AD8D-5E77A15DB41F}.Release|Mixed Platforms.ActiveCfg = Release|Any CPU
		{212D7DF2-B372-4F9F-AD8D-5E77A15DB41F}.Release|Mixed Platforms.Build.0 = Release|Any CPU
		{212D7DF2-B372-4F9F-AD8D-5E77A15DB41F}.Release|x64.ActiveCfg = Release|Any CPU
		{212D7DF2-B372-4F9F-AD8D-5E77A15DB41F}.Release|x86.ActiveCfg = Release|Any CPU
		{212D7DF2-B372-4F9F-AD8D-5E77A15DB41F}.Release|x86.Build.0 = Release|Any CPU
		{2007FD40-8A1D-4F4C-833F-8CCCA851B891}.Debug|Any CPU.ActiveCfg = Debug|Any CPU
		{2007FD40-8A1D-4F4C-833F-8CCCA851B891}.Debug|Any CPU.Build.0 = Debug|Any CPU
		{2007FD40-8A1D-4F4C-833F-8CCCA851B891}.Debug|Mixed Platforms.ActiveCfg = Debug|Any CPU
		{2007FD40-8A1D-4F4C-833F-8CCCA851B891}.Debug|Mixed Platforms.Build.0 = Debug|Any CPU
		{2007FD40-8A1D-4F4C-833F-8CCCA851B891}.Debug|x64.ActiveCfg = Debug|Any CPU
		{2007FD40-8A1D-4F4C-833F-8CCCA851B891}.Debug|x86.ActiveCfg = Debug|Any CPU
		{2007FD40-8A1D-4F4C-833F-8CCCA851B891}.Debug|x86.Build.0 = Debug|Any CPU
		{2007FD40-8A1D-4F4C-833F-8CCCA851B891}.Release|Any CPU.ActiveCfg = Release|Any CPU
		{2007FD40-8A1D-4F4C-833F-8CCCA851B891}.Release|Any CPU.Build.0 = Release|Any CPU
		{2007FD40-8A1D-4F4C-833F-8CCCA851B891}.Release|Mixed Platforms.ActiveCfg = Release|Any CPU
		{2007FD40-8A1D-4F4C-833F-8CCCA851B891}.Release|Mixed Platforms.Build.0 = Release|Any CPU
		{2007FD40-8A1D-4F4C-833F-8CCCA851B891}.Release|x64.ActiveCfg = Release|Any CPU
		{2007FD40-8A1D-4F4C-833F-8CCCA851B891}.Release|x86.ActiveCfg = Release|Any CPU
		{2007FD40-8A1D-4F4C-833F-8CCCA851B891}.Release|x86.Build.0 = Release|Any CPU
		{76FF94DB-1AE8-436E-B38D-87BA3C0DE925}.Debug|Any CPU.ActiveCfg = Debug|x86
		{76FF94DB-1AE8-436E-B38D-87BA3C0DE925}.Debug|Any CPU.Build.0 = Debug|x86
		{76FF94DB-1AE8-436E-B38D-87BA3C0DE925}.Debug|Mixed Platforms.ActiveCfg = Debug|x86
		{76FF94DB-1AE8-436E-B38D-87BA3C0DE925}.Debug|Mixed Platforms.Build.0 = Debug|x86
		{76FF94DB-1AE8-436E-B38D-87BA3C0DE925}.Debug|x64.ActiveCfg = Debug|x86
		{76FF94DB-1AE8-436E-B38D-87BA3C0DE925}.Debug|x86.ActiveCfg = Debug|x86
		{76FF94DB-1AE8-436E-B38D-87BA3C0DE925}.Debug|x86.Build.0 = Debug|x86
		{76FF94DB-1AE8-436E-B38D-87BA3C0DE925}.Release|Any CPU.ActiveCfg = Release|x86
		{76FF94DB-1AE8-436E-B38D-87BA3C0DE925}.Release|Any CPU.Build.0 = Release|x86
		{76FF94DB-1AE8-436E-B38D-87BA3C0DE925}.Release|Mixed Platforms.ActiveCfg = Release|x86
		{76FF94DB-1AE8-436E-B38D-87BA3C0DE925}.Release|Mixed Platforms.Build.0 = Release|x86
		{76FF94DB-1AE8-436E-B38D-87BA3C0DE925}.Release|x64.ActiveCfg = Release|x86
		{76FF94DB-1AE8-436E-B38D-87BA3C0DE925}.Release|x86.ActiveCfg = Release|x86
		{76FF94DB-1AE8-436E-B38D-87BA3C0DE925}.Release|x86.Build.0 = Release|x86
		{0C4B6CCA-7686-4428-BC51-29C32680ED28}.Debug|Any CPU.ActiveCfg = Debug|Any CPU
		{0C4B6CCA-7686-4428-BC51-29C32680ED28}.Debug|Any CPU.Build.0 = Debug|Any CPU
		{0C4B6CCA-7686-4428-BC51-29C32680ED28}.Debug|Mixed Platforms.ActiveCfg = Debug|Any CPU
		{0C4B6CCA-7686-4428-BC51-29C32680ED28}.Debug|Mixed Platforms.Build.0 = Debug|Any CPU
		{0C4B6CCA-7686-4428-BC51-29C32680ED28}.Debug|x64.ActiveCfg = Debug|Any CPU
		{0C4B6CCA-7686-4428-BC51-29C32680ED28}.Debug|x86.ActiveCfg = Debug|Any CPU
		{0C4B6CCA-7686-4428-BC51-29C32680ED28}.Debug|x86.Build.0 = Debug|Any CPU
		{0C4B6CCA-7686-4428-BC51-29C32680ED28}.Release|Any CPU.ActiveCfg = Release|Any CPU
		{0C4B6CCA-7686-4428-BC51-29C32680ED28}.Release|Any CPU.Build.0 = Release|Any CPU
		{0C4B6CCA-7686-4428-BC51-29C32680ED28}.Release|Mixed Platforms.ActiveCfg = Release|Any CPU
		{0C4B6CCA-7686-4428-BC51-29C32680ED28}.Release|Mixed Platforms.Build.0 = Release|Any CPU
		{0C4B6CCA-7686-4428-BC51-29C32680ED28}.Release|x64.ActiveCfg = Release|Any CPU
		{0C4B6CCA-7686-4428-BC51-29C32680ED28}.Release|x86.ActiveCfg = Release|Any CPU
		{0C4B6CCA-7686-4428-BC51-29C32680ED28}.Release|x86.Build.0 = Release|Any CPU
		{6F80048B-E81F-4E06-9438-26C23487777C}.Debug|Any CPU.ActiveCfg = Debug|Any CPU
		{6F80048B-E81F-4E06-9438-26C23487777C}.Debug|Any CPU.Build.0 = Debug|Any CPU
		{6F80048B-E81F-4E06-9438-26C23487777C}.Debug|Mixed Platforms.ActiveCfg = Debug|Any CPU
		{6F80048B-E81F-4E06-9438-26C23487777C}.Debug|Mixed Platforms.Build.0 = Debug|Any CPU
		{6F80048B-E81F-4E06-9438-26C23487777C}.Debug|x64.ActiveCfg = Debug|Any CPU
		{6F80048B-E81F-4E06-9438-26C23487777C}.Debug|x86.ActiveCfg = Debug|Any CPU
		{6F80048B-E81F-4E06-9438-26C23487777C}.Debug|x86.Build.0 = Debug|Any CPU
		{6F80048B-E81F-4E06-9438-26C23487777C}.Release|Any CPU.ActiveCfg = Release|Any CPU
		{6F80048B-E81F-4E06-9438-26C23487777C}.Release|Any CPU.Build.0 = Release|Any CPU
		{6F80048B-E81F-4E06-9438-26C23487777C}.Release|Mixed Platforms.ActiveCfg = Release|Any CPU
		{6F80048B-E81F-4E06-9438-26C23487777C}.Release|Mixed Platforms.Build.0 = Release|Any CPU
		{6F80048B-E81F-4E06-9438-26C23487777C}.Release|x64.ActiveCfg = Release|Any CPU
		{6F80048B-E81F-4E06-9438-26C23487777C}.Release|x86.ActiveCfg = Release|Any CPU
		{6F80048B-E81F-4E06-9438-26C23487777C}.Release|x86.Build.0 = Release|Any CPU
		{243D9A80-052A-41AA-AB95-6950A8A24AE9}.Debug|Any CPU.ActiveCfg = Debug|Any CPU
		{243D9A80-052A-41AA-AB95-6950A8A24AE9}.Debug|Any CPU.Build.0 = Debug|Any CPU
		{243D9A80-052A-41AA-AB95-6950A8A24AE9}.Debug|Mixed Platforms.ActiveCfg = Debug|Any CPU
		{243D9A80-052A-41AA-AB95-6950A8A24AE9}.Debug|Mixed Platforms.Build.0 = Debug|Any CPU
		{243D9A80-052A-41AA-AB95-6950A8A24AE9}.Debug|x64.ActiveCfg = Debug|Any CPU
		{243D9A80-052A-41AA-AB95-6950A8A24AE9}.Debug|x86.ActiveCfg = Debug|Any CPU
		{243D9A80-052A-41AA-AB95-6950A8A24AE9}.Debug|x86.Build.0 = Debug|Any CPU
		{243D9A80-052A-41AA-AB95-6950A8A24AE9}.Release|Any CPU.ActiveCfg = Release|Any CPU
		{243D9A80-052A-41AA-AB95-6950A8A24AE9}.Release|Any CPU.Build.0 = Release|Any CPU
		{243D9A80-052A-41AA-AB95-6950A8A24AE9}.Release|Mixed Platforms.ActiveCfg = Release|Any CPU
		{243D9A80-052A-41AA-AB95-6950A8A24AE9}.Release|Mixed Platforms.Build.0 = Release|Any CPU
		{243D9A80-052A-41AA-AB95-6950A8A24AE9}.Release|x64.ActiveCfg = Release|Any CPU
		{243D9A80-052A-41AA-AB95-6950A8A24AE9}.Release|x86.ActiveCfg = Release|Any CPU
		{243D9A80-052A-41AA-AB95-6950A8A24AE9}.Release|x86.Build.0 = Release|Any CPU
		{07553179-5151-4429-B556-6730B2B131A2}.Debug|Any CPU.ActiveCfg = Debug|x86
		{07553179-5151-4429-B556-6730B2B131A2}.Debug|Any CPU.Build.0 = Debug|x86
		{07553179-5151-4429-B556-6730B2B131A2}.Debug|Mixed Platforms.ActiveCfg = Debug|x86
		{07553179-5151-4429-B556-6730B2B131A2}.Debug|Mixed Platforms.Build.0 = Debug|x86
		{07553179-5151-4429-B556-6730B2B131A2}.Debug|x64.ActiveCfg = Debug|x86
		{07553179-5151-4429-B556-6730B2B131A2}.Debug|x86.ActiveCfg = Debug|x86
		{07553179-5151-4429-B556-6730B2B131A2}.Debug|x86.Build.0 = Debug|x86
		{07553179-5151-4429-B556-6730B2B131A2}.Release|Any CPU.ActiveCfg = Release|x86
		{07553179-5151-4429-B556-6730B2B131A2}.Release|Any CPU.Build.0 = Release|x86
		{07553179-5151-4429-B556-6730B2B131A2}.Release|Mixed Platforms.ActiveCfg = Release|x86
		{07553179-5151-4429-B556-6730B2B131A2}.Release|Mixed Platforms.Build.0 = Release|x86
		{07553179-5151-4429-B556-6730B2B131A2}.Release|x64.ActiveCfg = Release|x86
		{07553179-5151-4429-B556-6730B2B131A2}.Release|x86.ActiveCfg = Release|x86
		{07553179-5151-4429-B556-6730B2B131A2}.Release|x86.Build.0 = Release|x86
		{F8881840-456E-4B66-AD85-C2C5F7ED118E}.Debug|Any CPU.ActiveCfg = Debug|Any CPU
		{F8881840-456E-4B66-AD85-C2C5F7ED118E}.Debug|Any CPU.Build.0 = Debug|Any CPU
		{F8881840-456E-4B66-AD85-C2C5F7ED118E}.Debug|Mixed Platforms.ActiveCfg = Debug|Any CPU
		{F8881840-456E-4B66-AD85-C2C5F7ED118E}.Debug|Mixed Platforms.Build.0 = Debug|Any CPU
		{F8881840-456E-4B66-AD85-C2C5F7ED118E}.Debug|x64.ActiveCfg = Debug|Any CPU
		{F8881840-456E-4B66-AD85-C2C5F7ED118E}.Debug|x86.ActiveCfg = Debug|Any CPU
		{F8881840-456E-4B66-AD85-C2C5F7ED118E}.Release|Any CPU.ActiveCfg = Release|Any CPU
		{F8881840-456E-4B66-AD85-C2C5F7ED118E}.Release|Any CPU.Build.0 = Release|Any CPU
		{F8881840-456E-4B66-AD85-C2C5F7ED118E}.Release|Mixed Platforms.ActiveCfg = Release|Any CPU
		{F8881840-456E-4B66-AD85-C2C5F7ED118E}.Release|Mixed Platforms.Build.0 = Release|Any CPU
		{F8881840-456E-4B66-AD85-C2C5F7ED118E}.Release|x64.ActiveCfg = Release|Any CPU
		{F8881840-456E-4B66-AD85-C2C5F7ED118E}.Release|x86.ActiveCfg = Release|Any CPU
		{AD8B5500-D8E2-4609-BECA-C405EA22B1AE}.Debug|Any CPU.ActiveCfg = Debug|x64
		{AD8B5500-D8E2-4609-BECA-C405EA22B1AE}.Debug|Mixed Platforms.ActiveCfg = Debug|x64
		{AD8B5500-D8E2-4609-BECA-C405EA22B1AE}.Debug|Mixed Platforms.Build.0 = Debug|x64
		{AD8B5500-D8E2-4609-BECA-C405EA22B1AE}.Debug|x64.ActiveCfg = Debug|x64
		{AD8B5500-D8E2-4609-BECA-C405EA22B1AE}.Debug|x64.Build.0 = Debug|x64
		{AD8B5500-D8E2-4609-BECA-C405EA22B1AE}.Debug|x86.ActiveCfg = Debug|x86
		{AD8B5500-D8E2-4609-BECA-C405EA22B1AE}.Debug|x86.Build.0 = Debug|x86
		{AD8B5500-D8E2-4609-BECA-C405EA22B1AE}.Release|Any CPU.ActiveCfg = Release|x64
		{AD8B5500-D8E2-4609-BECA-C405EA22B1AE}.Release|Mixed Platforms.ActiveCfg = Release|x64
		{AD8B5500-D8E2-4609-BECA-C405EA22B1AE}.Release|Mixed Platforms.Build.0 = Release|x64
		{AD8B5500-D8E2-4609-BECA-C405EA22B1AE}.Release|x64.ActiveCfg = Release|x64
		{AD8B5500-D8E2-4609-BECA-C405EA22B1AE}.Release|x64.Build.0 = Release|x64
		{AD8B5500-D8E2-4609-BECA-C405EA22B1AE}.Release|x86.ActiveCfg = Release|x86
		{AD8B5500-D8E2-4609-BECA-C405EA22B1AE}.Release|x86.Build.0 = Release|x86
	EndGlobalSection
	GlobalSection(SolutionProperties) = preSolution
		HideSolutionNode = FALSE
	EndGlobalSection
	GlobalSection(NestedProjects) = preSolution
		{A3F98805-75BF-42A0-8799-76A749098D4A} = {8A5780A7-80BC-4125-A1DB-0B40793917BD}
		{FE3CA2EA-2F56-49A5-AD02-E5DEC8694457} = {8A5780A7-80BC-4125-A1DB-0B40793917BD}
		{D1FA9A85-9359-4725-A50F-8A67A77D700C} = {C01EFFDE-1673-4ECC-A638-532710C4C509}
		{9D1835B6-D1C2-44BA-BAE1-05C6EC442D2F} = {C01EFFDE-1673-4ECC-A638-532710C4C509}
		{52D35323-1AA1-4205-A1B0-26C5E5E8D543} = {C01EFFDE-1673-4ECC-A638-532710C4C509}
		{4765C2A7-F989-40DB-BC12-FCD67025B93F} = {C01EFFDE-1673-4ECC-A638-532710C4C509}
		{7C36A258-9102-420D-B80A-5EB5717644B6} = {C01EFFDE-1673-4ECC-A638-532710C4C509}
		{050FC659-553F-4911-A609-5BA1BE4EDBF8} = {C01EFFDE-1673-4ECC-A638-532710C4C509}
		{7F794C24-7A8D-4D21-B443-F03509669F89} = {C01EFFDE-1673-4ECC-A638-532710C4C509}
		{C7A306E0-32AE-4053-8882-E1A1E702C139} = {C01EFFDE-1673-4ECC-A638-532710C4C509}
		{D1A78912-9AD2-4555-8560-B251A4D751DC} = {C01EFFDE-1673-4ECC-A638-532710C4C509}
		{6F80048B-E81F-4E06-9438-26C23487777C} = {C01EFFDE-1673-4ECC-A638-532710C4C509}
		{AD8B5500-D8E2-4609-BECA-C405EA22B1AE} = {C01EFFDE-1673-4ECC-A638-532710C4C509}
		{DFD34739-2D83-452A-8934-C6BE7CD2C56C} = {9A729DA4-7ADA-47DC-BAA0-4F75F5EE6952}
		{849C3E50-3B43-47CD-AB16-4A2AE8CA33C9} = {9A729DA4-7ADA-47DC-BAA0-4F75F5EE6952}
		{89845F63-BA9D-4E5F-B35A-A00A02F00D9C} = {9A729DA4-7ADA-47DC-BAA0-4F75F5EE6952}
		{9B4E81C1-BA7F-4A23-90FE-056E0FF3CF11} = {DFD34739-2D83-452A-8934-C6BE7CD2C56C}
		{913E3E5C-27A3-405C-8CB0-EE8148641E4F} = {DFD34739-2D83-452A-8934-C6BE7CD2C56C}
		{736939AD-F044-4F0C-B766-86190B50B6E2} = {DFD34739-2D83-452A-8934-C6BE7CD2C56C}
		{C706455C-79FA-4C8B-8E69-3B9063553153} = {DFD34739-2D83-452A-8934-C6BE7CD2C56C}
		{665EAA45-44C4-4648-9E6A-A906B95D33E7} = {DFD34739-2D83-452A-8934-C6BE7CD2C56C}
		{FC503289-7023-42C3-9750-7A70C0EFCC3A} = {DFD34739-2D83-452A-8934-C6BE7CD2C56C}
		{8B15517B-8D27-498E-9E65-DC0344683ED5} = {DFD34739-2D83-452A-8934-C6BE7CD2C56C}
		{C96F937E-CD24-4309-B499-0BF6280EA018} = {DFD34739-2D83-452A-8934-C6BE7CD2C56C}
		{77E3EAEE-C251-4649-9D02-5177339E6BAC} = {DFD34739-2D83-452A-8934-C6BE7CD2C56C}
		{3302DF97-A342-4107-8F8F-E5A1F545B0D1} = {849C3E50-3B43-47CD-AB16-4A2AE8CA33C9}
		{B2A28EF9-F1AE-44DD-8464-A44DDC26D966} = {849C3E50-3B43-47CD-AB16-4A2AE8CA33C9}
		{AA643968-39AB-44DA-A01C-6CD7E22845F0} = {849C3E50-3B43-47CD-AB16-4A2AE8CA33C9}
		{81CCA79C-F16D-490B-BC6D-9E138A4847E9} = {849C3E50-3B43-47CD-AB16-4A2AE8CA33C9}
		{BAF8F2D9-9A63-4AC3-8264-70C0ADB4983E} = {849C3E50-3B43-47CD-AB16-4A2AE8CA33C9}
		{15008814-8B71-4774-A4B6-02D7CE989513} = {849C3E50-3B43-47CD-AB16-4A2AE8CA33C9}
		{F047A532-FBD2-4BC8-ADFF-068CB0CBC99D} = {849C3E50-3B43-47CD-AB16-4A2AE8CA33C9}
		{E8930250-1908-4368-81B8-6E500652AFD5} = {89845F63-BA9D-4E5F-B35A-A00A02F00D9C}
		{B687934B-067F-42F1-8285-F658456E62AD} = {89845F63-BA9D-4E5F-B35A-A00A02F00D9C}
		{BDAB89E3-BC3C-4D41-B2C7-501DEBD262CC} = {89845F63-BA9D-4E5F-B35A-A00A02F00D9C}
		{F7BD99BA-3163-48AC-A3AA-A8B97D60938B} = {89845F63-BA9D-4E5F-B35A-A00A02F00D9C}
		{88F8F493-F563-449B-A7BE-94FD6AB05C07} = {89845F63-BA9D-4E5F-B35A-A00A02F00D9C}
		{C0DAC81F-49AA-4754-8B56-594BD076BA20} = {89845F63-BA9D-4E5F-B35A-A00A02F00D9C}
		{A94185E4-2D5F-45DA-B899-CA4CB9102005} = {89845F63-BA9D-4E5F-B35A-A00A02F00D9C}
		{4C9E6CAD-5D23-4A8E-8D86-AE839109AE9A} = {89845F63-BA9D-4E5F-B35A-A00A02F00D9C}
		{C6E323C8-2A52-4361-BC6C-3C6A6365F5A4} = {89845F63-BA9D-4E5F-B35A-A00A02F00D9C}
		{7A2AE92F-133C-4E36-8847-367E8083D2B7} = {89845F63-BA9D-4E5F-B35A-A00A02F00D9C}
		{D95180EE-ECD0-45F2-9185-77D17D6A588B} = {89845F63-BA9D-4E5F-B35A-A00A02F00D9C}
		{A5EE62FC-BF5B-49AF-8BF0-1436159B3E04} = {89845F63-BA9D-4E5F-B35A-A00A02F00D9C}
		{3B624D7E-6CC4-49B9-817A-15FD63DB60B3} = {89845F63-BA9D-4E5F-B35A-A00A02F00D9C}
		{2266B271-1F3C-4658-A2E8-5A7F34620663} = {89845F63-BA9D-4E5F-B35A-A00A02F00D9C}
		{6E77E96C-9E74-4E02-A04C-293FB6E1AB52} = {89845F63-BA9D-4E5F-B35A-A00A02F00D9C}
		{357ACD8B-7AB5-4B52-A3E6-6C50B74D3D41} = {9677326D-3B27-4FDC-88D8-79706C323652}
		{1D002C9F-0F1B-4D4C-9A83-B876895F7B30} = {9677326D-3B27-4FDC-88D8-79706C323652}
		{14988238-5F56-4D6D-83BE-41A2B0A24E2B} = {9677326D-3B27-4FDC-88D8-79706C323652}
		{91425A90-B0FD-4AE6-9B20-C83BB3E20FBF} = {9677326D-3B27-4FDC-88D8-79706C323652}
		{8E848B2F-8E69-4558-AB56-1B58881B302B} = {9677326D-3B27-4FDC-88D8-79706C323652}
		{2BAC39F7-E53F-488C-9F55-4BB35FAED8E2} = {9677326D-3B27-4FDC-88D8-79706C323652}
		{323C6B4C-DCF6-49EB-8A74-3A18BE0B0DE7} = {9677326D-3B27-4FDC-88D8-79706C323652}
		{A25D144E-AAA9-4F97-A854-F80939E0FF67} = {9677326D-3B27-4FDC-88D8-79706C323652}
		{F29D7B70-D0F1-4BDF-B44E-C17950642B77} = {9677326D-3B27-4FDC-88D8-79706C323652}
		{6A4A39F5-2015-47DB-A8E8-FF89F40DE2A0} = {9677326D-3B27-4FDC-88D8-79706C323652}
		{B11B678C-3BB9-4AC4-9C3D-EDEE20BDDE5E} = {9677326D-3B27-4FDC-88D8-79706C323652}
		{59720785-D71E-4362-B840-F7EAF3553C1A} = {9677326D-3B27-4FDC-88D8-79706C323652}
		{46496036-2A7D-4AE0-950F-B7A963518C5C} = {9677326D-3B27-4FDC-88D8-79706C323652}
		{D0038EDA-E81E-4592-9ED6-0D3C862133CD} = {9677326D-3B27-4FDC-88D8-79706C323652}
		{243D9A80-052A-41AA-AB95-6950A8A24AE9} = {9677326D-3B27-4FDC-88D8-79706C323652}
		{07553179-5151-4429-B556-6730B2B131A2} = {9677326D-3B27-4FDC-88D8-79706C323652}
		{F8881840-456E-4B66-AD85-C2C5F7ED118E} = {9677326D-3B27-4FDC-88D8-79706C323652}
		{CBF0F9BD-7F4D-4277-AE30-90AC4001EE87} = {D0038EDA-E81E-4592-9ED6-0D3C862133CD}
		{212D7DF2-B372-4F9F-AD8D-5E77A15DB41F} = {D0038EDA-E81E-4592-9ED6-0D3C862133CD}
		{2007FD40-8A1D-4F4C-833F-8CCCA851B891} = {D0038EDA-E81E-4592-9ED6-0D3C862133CD}
		{76FF94DB-1AE8-436E-B38D-87BA3C0DE925} = {F70FC269-7DC1-4BF7-B73D-A40C67AEF24C}
		{0C4B6CCA-7686-4428-BC51-29C32680ED28} = {F70FC269-7DC1-4BF7-B73D-A40C67AEF24C}
	EndGlobalSection
EndGlobal
