
Microsoft Visual Studio Solution File, Format Version 9.00
# Visual Studio 2005
Project("{FAE04EC0-301F-11D3-BF4B-00C04F79EFBC}") = "DomGen.vs2005", "DomGen.vs2005.csproj", "{FE3CA2EA-2F56-49A5-AD02-E5DEC8694457}"
EndProject
Global
	GlobalSection(SolutionConfigurationPlatforms) = preSolution
		Debug|Any CPU = Debug|Any CPU
		Release|Any CPU = Release|Any CPU
	EndGlobalSection
	GlobalSection(ProjectConfigurationPlatforms) = postSolution
		{FE3CA2EA-2F56-49A5-AD02-E5DEC8694457}.Debug|Any CPU.ActiveCfg = Debug|Any CPU
		{FE3CA2EA-2F56-49A5-AD02-E5DEC8694457}.Debug|Any CPU.Build.0 = Debug|Any CPU
		{FE3CA2EA-2F56-49A5-AD02-E5DEC8694457}.Release|Any CPU.ActiveCfg = Release|Any CPU
		{FE3CA2EA-2F56-49A5-AD02-E5DEC8694457}.Release|Any CPU.Build.0 = Release|Any CPU
	EndGlobalSection
	GlobalSection(SolutionProperties) = preSolution
		HideSolutionNode = FALSE
	EndGlobalSection
EndGlobal
