
Microsoft Visual Studio Solution File, Format Version 12.00
# Visual Studio 2013
VisualStudioVersion = 12.0.31101.0
MinimumVisualStudioVersion = 10.0.40219.1
Project("{FAE04EC0-301F-11D3-BF4B-00C04F79EFBC}") = "LocalizableStringExtractor", "LocalizableStringExtractor.csproj", "{DE007657-9550-426E-B276-3DE94D956EF9}"
EndProject
Project("{FAE04EC0-301F-11D3-BF4B-00C04F79EFBC}") = "UnitTests", "..\UnitTests\UnitTests.csproj", "{91552BDF-8404-48D5-87BE-B35D84ED47BD}"
EndProject
Global
	GlobalSection(SolutionConfigurationPlatforms) = preSolution
		Debug|Any CPU = Debug|Any CPU
		Release|Any CPU = Release|Any CPU
	EndGlobalSection
	GlobalSection(ProjectConfigurationPlatforms) = postSolution
		{DE007657-9550-426E-B276-3DE94D956EF9}.Debug|Any CPU.ActiveCfg = Debug|Any CPU
		{DE007657-9550-426E-B276-3DE94D956EF9}.Debug|Any CPU.Build.0 = Debug|Any CPU
		{DE007657-9550-426E-B276-3DE94D956EF9}.Release|Any CPU.ActiveCfg = Release|Any CPU
		{DE007657-9550-426E-B276-3DE94D956EF9}.Release|Any CPU.Build.0 = Release|Any CPU
		{91552BDF-8404-48D5-87BE-B35D84ED47BD}.Debug|Any CPU.ActiveCfg = Debug|Any CPU
		{91552BDF-8404-48D5-87BE-B35D84ED47BD}.Debug|Any CPU.Build.0 = Debug|Any CPU
		{91552BDF-8404-48D5-87BE-B35D84ED47BD}.Release|Any CPU.ActiveCfg = Release|Any CPU
		{91552BDF-8404-48D5-87BE-B35D84ED47BD}.Release|Any CPU.Build.0 = Release|Any CPU
	EndGlobalSection
	GlobalSection(SolutionProperties) = preSolution
		HideSolutionNode = FALSE
	EndGlobalSection
EndGlobal
