
Microsoft Visual Studio Solution File, Format Version 11.00
# Visual Studio 2010
Project("{FAE04EC0-301F-11D3-BF4B-00C04F79EFBC}") = "ProcessLauncher", "ProcessLauncher.csproj", "{64F09ABB-B3E4-4E25-BA77-DB53187E733A}"
EndProject
Global
	GlobalSection(SolutionConfigurationPlatforms) = preSolution
		Debug|x86 = Debug|x86
		Release|x86 = Release|x86
	EndGlobalSection
	GlobalSection(ProjectConfigurationPlatforms) = postSolution
		{64F09ABB-B3E4-4E25-BA77-DB53187E733A}.Debug|x86.ActiveCfg = Debug|x86
		{64F09ABB-B3E4-4E25-BA77-DB53187E733A}.Debug|x86.Build.0 = Debug|x86
		{64F09ABB-B3E4-4E25-BA77-DB53187E733A}.Release|x86.ActiveCfg = Release|x86
		{64F09ABB-B3E4-4E25-BA77-DB53187E733A}.Release|x86.Build.0 = Release|x86
	EndGlobalSection
	GlobalSection(SolutionProperties) = preSolution
		HideSolutionNode = FALSE
	EndGlobalSection
EndGlobal
